{
  "version": 4,
  "terraform_version": "1.9.8",
  "serial": 4,
  "lineage": "ffd5c507-1d93-b49a-dba6-424c198d266b",
  "outputs": {},
  "resources": [
    {
      "mode": "managed",
      "type": "docker_image",
      "name": "desafio-sre",
      "provider": "provider[\"registry.terraform.io/kreuzwerker/docker\"]",
      "instances": [
        {
          "schema_version": 0,
          "attributes": {
            "build": [
              {
                "auth_config": [],
                "build_arg": {
                  "foo": "app"
                },
                "build_args": null,
                "build_id": "",
                "cache_from": [],
                "cgroup_parent": "",
                "context": ".",
                "cpu_period": null,
                "cpu_quota": null,
                "cpu_set_cpus": "",
                "cpu_set_mems": "",
                "cpu_shares": null,
                "dockerfile": "Dockerfile",
                "extra_hosts": [],
                "force_remove": null,
                "isolation": "",
                "label": null,
                "labels": null,
                "memory": null,
                "memory_swap": null,
                "network_mode": "",
                "no_cache": null,
                "platform": "",
                "pull_parent": null,
                "remote_context": "",
                "remove": true,
                "security_opt": [],
                "session_id": "",
                "shm_size": null,
                "squash": null,
                "suppress_output": null,
                "tag": [
                  "app-desafio-sre:latest"
                ],
                "target": "",
                "ulimit": [],
                "version": ""
              }
            ],
            "force_remove": null,
            "id": "sha256:9d06f2b61bd0309788f0b66c2c6b5cb46ece31547eddd82ffd798787f6ba8d47app",
            "image_id": "sha256:9d06f2b61bd0309788f0b66c2c6b5cb46ece31547eddd82ffd798787f6ba8d47",
            "keep_locally": null,
            "name": "app",
            "platform": null,
            "pull_triggers": null,
            "repo_digest": "",
            "triggers": null
          },
          "sensitive_attributes": [],
          "private": "bnVsbA=="
        }
      ]
    },
    {
      "mode": "managed",
      "type": "docker_image",
      "name": "postgres",
      "provider": "provider[\"registry.terraform.io/kreuzwerker/docker\"]",
      "instances": [
        {
          "schema_version": 0,
          "attributes": {
            "build": [],
            "force_remove": null,
            "id": "sha256:56307138544844230b1956957e4700d0186b001c1d56028fec19ab2daf6770ebpostgres:latest",
            "image_id": "sha256:56307138544844230b1956957e4700d0186b001c1d56028fec19ab2daf6770eb",
            "keep_locally": null,
            "name": "postgres:latest",
            "platform": null,
            "pull_triggers": null,
            "repo_digest": "postgres@sha256:81f32a88ec561664634637dd446487efd5f9d90996304b96210078e90e5c8b21",
            "triggers": null
          },
          "sensitive_attributes": [],
          "private": "bnVsbA=="
        }
      ]
    },
    {
      "mode": "managed",
      "type": "docker_image",
      "name": "redis",
      "provider": "provider[\"registry.terraform.io/kreuzwerker/docker\"]",
      "instances": [
        {
          "schema_version": 0,
          "attributes": {
            "build": [],
            "force_remove": null,
            "id": "sha256:43724892d6db0fd681c7309bd458ce636c637a027f2d203a4932668ba8ffd97credis:latest",
            "image_id": "sha256:43724892d6db0fd681c7309bd458ce636c637a027f2d203a4932668ba8ffd97c",
            "keep_locally": null,
            "name": "redis:latest",
            "platform": null,
            "pull_triggers": null,
            "repo_digest": "redis@sha256:6aafb7f25fc93c4ff74e99cff8e85899f03901bc96e61ba12cd3c39e95503c73",
            "triggers": null
          },
          "sensitive_attributes": [],
          "private": "bnVsbA=="
        }
      ]
    }
  ],
  "check_results": null
}
