{
  "version": 4,
  "terraform_version": "1.9.8",
  "serial": 237,
  "lineage": "277fe68a-4abc-ca1d-c2c7-ffcc245b503e",
  "outputs": {},
  "resources": [
    {
      "mode": "data",
      "type": "http",
      "name": "myip",
      "provider": "provider[\"registry.terraform.io/hashicorp/http\"]",
      "instances": [
        {
          "schema_version": 0,
          "attributes": {
            "body": "181.223.215.39\n",
            "ca_cert_pem": null,
            "client_cert_pem": null,
            "client_key_pem": null,
            "id": "http://ipv4.icanhazip.com",
            "insecure": null,
            "method": null,
            "request_body": null,
            "request_headers": null,
            "request_timeout_ms": null,
            "response_body": "181.223.215.39\n",
            "response_body_base64": "MTgxLjIyMy4yMTUuMzkK",
            "response_headers": {
              "Access-Control-Allow-Methods": "GET",
              "Access-Control-Allow-Origin": "*",
              "Alt-Svc": "h3=\":443\"; ma=86400",
              "Cf-Ray": "95a0b79cded66463-GIG",
              "Connection": "keep-alive",
              "Content-Length": "15",
              "Content-Type": "text/plain",
              "Date": "Fri, 04 Jul 2025 18:34:31 GMT",
              "Server": "cloudflare",
              "Set-Cookie": "__cf_bm=seWn7nHFlCThbN7z_PITuxwaDG89quJ_qN1LmrbSmSw-1751654071-1.0.1.1-w4z6El4_ynmZQdu9Ti0VeeR3iNASwONTslrx_qmLr0r6FI6RYLKuq5jurEer7Z2VgeU12qGlVwdSaRIJ.axj3x5XU2bLW.yYkxLf63_Qq8s; path=/; expires=Fri, 04-Jul-25 19:04:31 GMT; domain=.icanhazip.com; HttpOnly",
              "Vary": "Accept-Encoding"
            },
            "retry": null,
            "status_code": 200,
            "url": "http://ipv4.icanhazip.com"
          },
          "sensitive_attributes": []
        }
      ]
    },
    {
      "mode": "managed",
      "type": "aws_db_instance",
      "name": "desafio-rds",
      "provider": "provider[\"registry.terraform.io/hashicorp/aws\"]",
      "instances": [
        {
          "schema_version": 2,
          "attributes": {
            "address": "terraform-database-desafio.ccp6xhbb8bo6.us-east-2.rds.amazonaws.com",
            "allocated_storage": 20,
            "allow_major_version_upgrade": null,
            "apply_immediately": false,
            "arn": "arn:aws:rds:us-east-2:870205216049:db:terraform-database-desafio",
            "auto_minor_version_upgrade": true,
            "availability_zone": "us-east-2a",
            "backup_retention_period": 0,
            "backup_target": "region",
            "backup_window": "04:55-05:25",
            "blue_green_update": [],
            "ca_cert_identifier": "rds-ca-rsa2048-g1",
            "character_set_name": "",
            "copy_tags_to_snapshot": false,
            "custom_iam_instance_profile": "",
            "customer_owned_ip_enabled": false,
            "database_insights_mode": "standard",
            "db_name": "DesafioRDSLucasMenezes",
            "db_subnet_group_name": "desafio-db-subnet-group-lucasmenezes",
            "dedicated_log_volume": false,
            "delete_automated_backups": true,
            "deletion_protection": false,
            "domain": "",
            "domain_auth_secret_arn": "",
            "domain_dns_ips": [],
            "domain_fqdn": "",
            "domain_iam_role_name": "",
            "domain_ou": "",
            "enabled_cloudwatch_logs_exports": [],
            "endpoint": "terraform-database-desafio.ccp6xhbb8bo6.us-east-2.rds.amazonaws.com:3306",
            "engine": "mysql",
            "engine_lifecycle_support": "open-source-rds-extended-support",
            "engine_version": "8.0.36",
            "engine_version_actual": "8.0.36",
            "final_snapshot_identifier": null,
            "hosted_zone_id": "Z2XHWR1WZ565X2",
            "iam_database_authentication_enabled": false,
            "id": "db-2SIOETNOYE4SLZJLL5EU3RJEY4",
            "identifier": "terraform-database-desafio",
            "identifier_prefix": "",
            "instance_class": "db.t3.medium",
            "iops": 3000,
            "kms_key_id": "",
            "latest_restorable_time": "",
            "license_model": "general-public-license",
            "listener_endpoint": [],
            "maintenance_window": "sat:08:52-sat:09:22",
            "manage_master_user_password": null,
            "master_user_secret": [],
            "master_user_secret_kms_key_id": null,
            "max_allocated_storage": 0,
            "monitoring_interval": 0,
            "monitoring_role_arn": "",
            "multi_az": false,
            "nchar_character_set_name": "",
            "network_type": "IPV4",
            "option_group_name": "default:mysql-8-0",
            "parameter_group_name": "default.mysql8.0",
            "password": "password",
            "password_wo": null,
            "password_wo_version": null,
            "performance_insights_enabled": false,
            "performance_insights_kms_key_id": "",
            "performance_insights_retention_period": 0,
            "port": 3306,
            "publicly_accessible": false,
            "replica_mode": "",
            "replicas": [],
            "replicate_source_db": "",
            "resource_id": "db-2SIOETNOYE4SLZJLL5EU3RJEY4",
            "restore_to_point_in_time": [],
            "s3_import": [],
            "skip_final_snapshot": true,
            "snapshot_identifier": null,
            "status": "available",
            "storage_encrypted": false,
            "storage_throughput": 125,
            "storage_type": "gp3",
            "tags": {},
            "tags_all": {},
            "timeouts": null,
            "timezone": "",
            "upgrade_storage_config": null,
            "username": "desafio",
            "vpc_security_group_ids": [
              "sg-0cb40b26db01793b8"
            ]
          },
          "sensitive_attributes": [
            [
              {
                "type": "get_attr",
                "value": "password"
              }
            ],
            [
              {
                "type": "get_attr",
                "value": "password_wo"
              }
            ]
          ],
          "private": "eyJlMmJmYjczMC1lY2FhLTExZTYtOGY4OC0zNDM2M2JjN2M0YzAiOnsiY3JlYXRlIjozMDAwMDAwMDAwMDAwLCJkZWxldGUiOjM2MDAwMDAwMDAwMDAsInVwZGF0ZSI6NDgwMDAwMDAwMDAwMH0sInNjaGVtYV92ZXJzaW9uIjoiMiJ9",
          "dependencies": [
            "aws_db_subnet_group.desafio-db-subnet-group",
            "aws_subnet.desafio-private-subnet-1",
            "aws_subnet.desafio-private-subnet-2",
            "aws_vpc.desafio-vpc"
          ]
        }
      ]
    },
    {
      "mode": "managed",
      "type": "aws_db_subnet_group",
      "name": "desafio-db-subnet-group",
      "provider": "provider[\"registry.terraform.io/hashicorp/aws\"]",
      "instances": [
        {
          "schema_version": 0,
          "attributes": {
            "arn": "arn:aws:rds:us-east-2:870205216049:subgrp:desafio-db-subnet-group-lucasmenezes",
            "description": "Managed by Terraform",
            "id": "desafio-db-subnet-group-lucasmenezes",
            "name": "desafio-db-subnet-group-lucasmenezes",
            "name_prefix": "",
            "subnet_ids": [
              "subnet-074ce0edf2df6edb1",
              "subnet-076b1027dc125af16"
            ],
            "supported_network_types": [
              "IPV4"
            ],
            "tags": {},
            "tags_all": {},
            "vpc_id": "vpc-0bd6ff4ed606ae8f0"
          },
          "sensitive_attributes": [],
          "private": "bnVsbA==",
          "dependencies": [
            "aws_subnet.desafio-private-subnet-1",
            "aws_subnet.desafio-private-subnet-2",
            "aws_vpc.desafio-vpc"
          ]
        }
      ]
    },
    {
      "mode": "managed",
      "type": "aws_eks_cluster",
      "name": "desafio-cluster-eks",
      "provider": "provider[\"registry.terraform.io/hashicorp/aws\"]",
      "instances": [
        {
          "schema_version": 1,
          "attributes": {
            "access_config": [
              {
                "authentication_mode": "CONFIG_MAP",
                "bootstrap_cluster_creator_admin_permissions": true
              }
            ],
            "arn": "arn:aws:eks:us-east-2:870205216049:cluster/Desafio-cluster-eks-LucasMenezes",
            "bootstrap_self_managed_addons": true,
            "certificate_authority": [
              {
                "data": "LS0tLS1CRUdJTiBDRVJUSUZJQ0FURS0tLS0tCk1JSURCVENDQWUyZ0F3SUJBZ0lJQ1pRdGZoR2ZZSXN3RFFZSktvWklodmNOQVFFTEJRQXdGVEVUTUJFR0ExVUUKQXhNS2EzVmlaWEp1WlhSbGN6QWVGdzB5TlRBM01EUXhOakl4TXpCYUZ3MHpOVEEzTURJeE5qSTJNekJhTUJVeApFekFSQmdOVkJBTVRDbXQxWW1WeWJtVjBaWE13Z2dFaU1BMEdDU3FHU0liM0RRRUJBUVVBQTRJQkR3QXdnZ0VLCkFvSUJBUURNcDVLM3h0akFocSt2dFdhaEFjV1pjc3V0aWVLYjFRempZY0NRdHpvMEVrOWF6THNYcndCTHViWkIKVzFmTTBJVWJJMW14cDY3TjdxaWxlYjg1TDlsNTBRcjNHNFh2L1VSVmRhOGVtRjdrcmdxdlNaemhmSkxkN09aSgpkUmNpeDZLTVRGNzZCeStpSkpHVnZtVnYxOTB2YmxjdEdmTG9hQVVwbDZWemk3MWhaZXdkSy9aNlJtbEJ2SVliClRvWHdDRWZ3UG9aTDVqeldnZUZkRERUMnFtSk5XeTdUN1ZCN3VhaHZPRG40ZnMyV2ZPZFJEMGFWaVdDWjlIakoKRXgwSDJDS3hSR2FCWE1yd3phTUpWL01NcDhXdi9QTzNVZmREV3dmNlZKRzNmMWFObWNFYTZmUDI1VWt2Yk11LwpadXlreUovV1J3Z25TNlF3WnRGMFd3MmgrSmd4QWdNQkFBR2pXVEJYTUE0R0ExVWREd0VCL3dRRUF3SUNwREFQCkJnTlZIUk1CQWY4RUJUQURBUUgvTUIwR0ExVWREZ1FXQkJTZCtLVjdHV212cFRjNFc2OWF3SWxkS3FUaHZUQVYKQmdOVkhSRUVEakFNZ2dwcmRXSmxjbTVsZEdWek1BMEdDU3FHU0liM0RRRUJDd1VBQTRJQkFRQkRudW1ES3ZnVgpucm9HOHN5MEpVSTl2YVk1SUNXRnVpNFZUZnhDT0pTWXQ5bE1IbURvR2JYRHZJdFM3ZXNyZzY4ZVZYSWlBWm1PClhuRlNPa1NmYmNlVWF4U0ZjTnowTVZyZHRRZUZnV2oxOVFQTDNDaldaZlRGUE5mdzVqQVIrQ1U5YVRtZkM0MmMKVk53U1RnTXdBK2p1YlBkU3E3SHpNSUx5WW9RUjFCWm15cjBUUXVTZzBOMnIxSXZ2akY2V09GMnJmRFE0WDZXWQpEaXpwSFBqNEdHZzZnZWJDdDB0REZsSGJPS2NoOFRmdGxac1RONW1KaUErQXl5eVNkcGZNRkVrWERkd1NLbDJ5ClcwcGtTRUFqRTdlT3pDRFVmVmdXKytIRitscW1QclZUaFVFVzNhcEEvMjEvVGxsMWw1VTlHQzk0RHIyRzVEcEIKdUxqN25QQlZzeERxCi0tLS0tRU5EIENFUlRJRklDQVRFLS0tLS0K"
              }
            ],
            "cluster_id": null,
            "compute_config": [],
            "created_at": "2025-07-04T16:22:20Z",
            "enabled_cluster_log_types": [],
            "encryption_config": [],
            "endpoint": "https://0AC1676B1EE57BBC7B2F92EEDF421E3A.gr7.us-east-2.eks.amazonaws.com",
            "force_update_version": null,
            "id": "Desafio-cluster-eks-LucasMenezes",
            "identity": [
              {
                "oidc": [
                  {
                    "issuer": "https://oidc.eks.us-east-2.amazonaws.com/id/0AC1676B1EE57BBC7B2F92EEDF421E3A"
                  }
                ]
              }
            ],
            "kubernetes_network_config": [
              {
                "elastic_load_balancing": [
                  {
                    "enabled": false
                  }
                ],
                "ip_family": "ipv4",
                "service_ipv4_cidr": "10.100.0.0/16",
                "service_ipv6_cidr": ""
              }
            ],
            "name": "Desafio-cluster-eks-LucasMenezes",
            "outpost_config": [],
            "platform_version": "eks.6",
            "remote_network_config": [],
            "role_arn": "arn:aws:iam::870205216049:role/Desafio-role-eks-cluster-LucasMenezes",
            "status": "ACTIVE",
            "storage_config": [],
            "tags": {
              "Name": "Desafio-EKS-LucasMenezes"
            },
            "tags_all": {
              "Name": "Desafio-EKS-LucasMenezes"
            },
            "timeouts": null,
            "upgrade_policy": [
              {
                "support_type": "EXTENDED"
              }
            ],
            "version": "1.33",
            "vpc_config": [
              {
                "cluster_security_group_id": "sg-0975b53d827398b89",
                "endpoint_private_access": false,
                "endpoint_public_access": true,
                "public_access_cidrs": [
                  "0.0.0.0/0"
                ],
                "security_group_ids": [
                  "sg-0b2bd3772b67fdb59"
                ],
                "subnet_ids": [
                  "subnet-027a39d07d15225be",
                  "subnet-0be2d9740d76c64d3"
                ],
                "vpc_id": "vpc-0bd6ff4ed606ae8f0"
              }
            ],
            "zonal_shift_config": []
          },
          "sensitive_attributes": [],
          "private": "eyJlMmJmYjczMC1lY2FhLTExZTYtOGY4OC0zNDM2M2JjN2M0YzAiOnsiY3JlYXRlIjoxODAwMDAwMDAwMDAwLCJkZWxldGUiOjkwMDAwMDAwMDAwMCwidXBkYXRlIjozNjAwMDAwMDAwMDAwfSwic2NoZW1hX3ZlcnNpb24iOiIxIn0=",
          "dependencies": [
            "aws_iam_role.desafio-role-eks-cluster",
            "aws_iam_role.desafio-role-nodes-eks-cluster",
            "aws_iam_role_policy_attachment.desafio-attach-eks-cluster-policy",
            "aws_iam_role_policy_attachment.desafio-attach-eks-service-policy",
            "aws_iam_role_policy_attachment.desafio-attach-nodes-EC2-container-registry-readonly-policy",
            "aws_iam_role_policy_attachment.desafio-attach-nodes-EKS-CNI-policy",
            "aws_iam_role_policy_attachment.desafio-attach-nodes-cluster-policy",
            "aws_iam_role_policy_attachment.desafio-attach-nodes-worknode-policy",
            "aws_security_group.desafio-sg-cluster-eks",
            "aws_subnet.desafio-public-subnet-1",
            "aws_subnet.desafio-public-subnet-2",
            "aws_vpc.desafio-vpc"
          ]
        }
      ]
    },
    {
      "mode": "managed",
      "type": "aws_eks_node_group",
      "name": "desafio-eks-nodes-ondemand",
      "provider": "provider[\"registry.terraform.io/hashicorp/aws\"]",
      "instances": [
        {
          "schema_version": 0,
          "attributes": {
            "ami_type": "AL2023_x86_64_STANDARD",
            "arn": "arn:aws:eks:us-east-2:870205216049:nodegroup/Desafio-cluster-eks-LucasMenezes/desafio-eks-nodes-on-demand/10cbeb5e-65b6-eee8-4829-8e0b50513ee0",
            "capacity_type": "ON_DEMAND",
            "cluster_name": "Desafio-cluster-eks-LucasMenezes",
            "disk_size": 20,
            "force_update_version": null,
            "id": "Desafio-cluster-eks-LucasMenezes:desafio-eks-nodes-on-demand",
            "instance_types": [
              "t3a.medium"
            ],
            "labels": null,
            "launch_template": [],
            "node_group_name": "desafio-eks-nodes-on-demand",
            "node_group_name_prefix": "",
            "node_repair_config": [],
            "node_role_arn": "arn:aws:iam::870205216049:role/Desafio-role-nodes-cluster-LucasMenezes",
            "release_version": "1.33.0-20250627",
            "remote_access": [],
            "resources": [
              {
                "autoscaling_groups": [
                  {
                    "name": "eks-desafio-eks-nodes-on-demand-10cbeb5e-65b6-eee8-4829-8e0b50513ee0"
                  }
                ],
                "remote_access_security_group_id": ""
              }
            ],
            "scaling_config": [
              {
                "desired_size": 1,
                "max_size": 1,
                "min_size": 1
              }
            ],
            "status": "ACTIVE",
            "subnet_ids": [
              "subnet-027a39d07d15225be",
              "subnet-0be2d9740d76c64d3"
            ],
            "tags": {
              "Name": "Desafio-EKS-node-group-LucasMenezes"
            },
            "tags_all": {
              "Name": "Desafio-EKS-node-group-LucasMenezes"
            },
            "taint": [],
            "timeouts": null,
            "update_config": [
              {
                "max_unavailable": 1,
                "max_unavailable_percentage": 0
              }
            ],
            "version": "1.33"
          },
          "sensitive_attributes": [],
          "private": "eyJlMmJmYjczMC1lY2FhLTExZTYtOGY4OC0zNDM2M2JjN2M0YzAiOnsiY3JlYXRlIjozNjAwMDAwMDAwMDAwLCJkZWxldGUiOjM2MDAwMDAwMDAwMDAsInVwZGF0ZSI6MzYwMDAwMDAwMDAwMH19",
          "dependencies": [
            "aws_eks_cluster.desafio-cluster-eks",
            "aws_iam_role.desafio-role-eks-cluster",
            "aws_iam_role.desafio-role-nodes-eks-cluster",
            "aws_iam_role_policy_attachment.desafio-attach-eks-cluster-policy",
            "aws_iam_role_policy_attachment.desafio-attach-eks-service-policy",
            "aws_iam_role_policy_attachment.desafio-attach-nodes-EC2-container-registry-readonly-policy",
            "aws_iam_role_policy_attachment.desafio-attach-nodes-EKS-CNI-policy",
            "aws_iam_role_policy_attachment.desafio-attach-nodes-cluster-policy",
            "aws_iam_role_policy_attachment.desafio-attach-nodes-worknode-policy",
            "aws_security_group.desafio-sg-cluster-eks",
            "aws_subnet.desafio-public-subnet-1",
            "aws_subnet.desafio-public-subnet-2",
            "aws_vpc.desafio-vpc"
          ]
        }
      ]
    },
    {
      "mode": "managed",
      "type": "aws_eks_node_group",
      "name": "desafio-eks-nodes-spot",
      "provider": "provider[\"registry.terraform.io/hashicorp/aws\"]",
      "instances": [
        {
          "schema_version": 0,
          "attributes": {
            "ami_type": "AL2023_x86_64_STANDARD",
            "arn": "arn:aws:eks:us-east-2:870205216049:nodegroup/Desafio-cluster-eks-LucasMenezes/desafio-eks-nodes-spot/aecbeb22-2017-8f02-3bd3-8f019e5b113e",
            "capacity_type": "SPOT",
            "cluster_name": "Desafio-cluster-eks-LucasMenezes",
            "disk_size": 20,
            "force_update_version": null,
            "id": "Desafio-cluster-eks-LucasMenezes:desafio-eks-nodes-spot",
            "instance_types": [
              "t3a.medium"
            ],
            "labels": {},
            "launch_template": [],
            "node_group_name": "desafio-eks-nodes-spot",
            "node_group_name_prefix": "",
            "node_repair_config": [],
            "node_role_arn": "arn:aws:iam::870205216049:role/Desafio-role-nodes-cluster-LucasMenezes",
            "release_version": "1.33.0-20250627",
            "remote_access": [],
            "resources": [
              {
                "autoscaling_groups": [
                  {
                    "name": "eks-desafio-eks-nodes-spot-aecbeb22-2017-8f02-3bd3-8f019e5b113e"
                  }
                ],
                "remote_access_security_group_id": ""
              }
            ],
            "scaling_config": [
              {
                "desired_size": 1,
                "max_size": 1,
                "min_size": 1
              }
            ],
            "status": "ACTIVE",
            "subnet_ids": [
              "subnet-027a39d07d15225be",
              "subnet-0be2d9740d76c64d3"
            ],
            "tags": {
              "Name": "Desafio-EKS-nodes-spot-LucasMenezes"
            },
            "tags_all": {
              "Name": "Desafio-EKS-nodes-spot-LucasMenezes"
            },
            "taint": [],
            "timeouts": null,
            "update_config": [
              {
                "max_unavailable": 1,
                "max_unavailable_percentage": 0
              }
            ],
            "version": "1.33"
          },
          "sensitive_attributes": [],
          "private": "eyJlMmJmYjczMC1lY2FhLTExZTYtOGY4OC0zNDM2M2JjN2M0YzAiOnsiY3JlYXRlIjozNjAwMDAwMDAwMDAwLCJkZWxldGUiOjM2MDAwMDAwMDAwMDAsInVwZGF0ZSI6MzYwMDAwMDAwMDAwMH19",
          "dependencies": [
            "aws_eks_cluster.desafio-cluster-eks",
            "aws_iam_role.desafio-role-eks-cluster",
            "aws_iam_role.desafio-role-nodes-eks-cluster",
            "aws_iam_role_policy_attachment.desafio-attach-eks-cluster-policy",
            "aws_iam_role_policy_attachment.desafio-attach-eks-service-policy",
            "aws_iam_role_policy_attachment.desafio-attach-nodes-EC2-container-registry-readonly-policy",
            "aws_iam_role_policy_attachment.desafio-attach-nodes-EKS-CNI-policy",
            "aws_iam_role_policy_attachment.desafio-attach-nodes-cluster-policy",
            "aws_iam_role_policy_attachment.desafio-attach-nodes-worknode-policy",
            "aws_security_group.desafio-sg-cluster-eks",
            "aws_subnet.desafio-public-subnet-1",
            "aws_subnet.desafio-public-subnet-2",
            "aws_vpc.desafio-vpc"
          ]
        }
      ]
    },
    {
      "mode": "managed",
      "type": "aws_eks_node_group",
      "name": "desafio-eks-nodes-spot-2",
      "provider": "provider[\"registry.terraform.io/hashicorp/aws\"]",
      "instances": [
        {
          "schema_version": 0,
          "attributes": {
            "ami_type": "AL2023_x86_64_STANDARD",
            "arn": "arn:aws:eks:us-east-2:870205216049:nodegroup/Desafio-cluster-eks-LucasMenezes/desafio-eks-nodes-spot-2/6ecbeb5e-65cd-720c-ffca-c2a25fb2c344",
            "capacity_type": "SPOT",
            "cluster_name": "Desafio-cluster-eks-LucasMenezes",
            "disk_size": 20,
            "force_update_version": null,
            "id": "Desafio-cluster-eks-LucasMenezes:desafio-eks-nodes-spot-2",
            "instance_types": [
              "t3a.medium"
            ],
            "labels": null,
            "launch_template": [],
            "node_group_name": "desafio-eks-nodes-spot-2",
            "node_group_name_prefix": "",
            "node_repair_config": [],
            "node_role_arn": "arn:aws:iam::870205216049:role/Desafio-role-nodes-cluster-LucasMenezes",
            "release_version": "1.33.0-20250627",
            "remote_access": [],
            "resources": [
              {
                "autoscaling_groups": [
                  {
                    "name": "eks-desafio-eks-nodes-spot-2-6ecbeb5e-65cd-720c-ffca-c2a25fb2c344"
                  }
                ],
                "remote_access_security_group_id": ""
              }
            ],
            "scaling_config": [
              {
                "desired_size": 1,
                "max_size": 1,
                "min_size": 1
              }
            ],
            "status": "ACTIVE",
            "subnet_ids": [
              "subnet-027a39d07d15225be",
              "subnet-0be2d9740d76c64d3"
            ],
            "tags": {
              "Name": "Desafio-EKS-nodes-spot2-LucasMenezes"
            },
            "tags_all": {
              "Name": "Desafio-EKS-nodes-spot2-LucasMenezes"
            },
            "taint": [],
            "timeouts": null,
            "update_config": [
              {
                "max_unavailable": 1,
                "max_unavailable_percentage": 0
              }
            ],
            "version": "1.33"
          },
          "sensitive_attributes": [],
          "private": "eyJlMmJmYjczMC1lY2FhLTExZTYtOGY4OC0zNDM2M2JjN2M0YzAiOnsiY3JlYXRlIjozNjAwMDAwMDAwMDAwLCJkZWxldGUiOjM2MDAwMDAwMDAwMDAsInVwZGF0ZSI6MzYwMDAwMDAwMDAwMH19",
          "dependencies": [
            "aws_eks_cluster.desafio-cluster-eks",
            "aws_iam_role.desafio-role-eks-cluster",
            "aws_iam_role.desafio-role-nodes-eks-cluster",
            "aws_iam_role_policy_attachment.desafio-attach-eks-cluster-policy",
            "aws_iam_role_policy_attachment.desafio-attach-eks-service-policy",
            "aws_iam_role_policy_attachment.desafio-attach-nodes-EC2-container-registry-readonly-policy",
            "aws_iam_role_policy_attachment.desafio-attach-nodes-EKS-CNI-policy",
            "aws_iam_role_policy_attachment.desafio-attach-nodes-cluster-policy",
            "aws_iam_role_policy_attachment.desafio-attach-nodes-worknode-policy",
            "aws_security_group.desafio-sg-cluster-eks",
            "aws_subnet.desafio-public-subnet-1",
            "aws_subnet.desafio-public-subnet-2",
            "aws_vpc.desafio-vpc"
          ]
        }
      ]
    },
    {
      "mode": "managed",
      "type": "aws_iam_role",
      "name": "desafio-role-eks-cluster",
      "provider": "provider[\"registry.terraform.io/hashicorp/aws\"]",
      "instances": [
        {
          "schema_version": 0,
          "attributes": {
            "arn": "arn:aws:iam::870205216049:role/Desafio-role-eks-cluster-LucasMenezes",
            "assume_role_policy": "{\"Statement\":[{\"Action\":\"sts:AssumeRole\",\"Effect\":\"Allow\",\"Principal\":{\"Service\":\"eks.amazonaws.com\"}}],\"Version\":\"2012-10-17\"}",
            "create_date": "2025-07-04T16:21:59Z",
            "description": "",
            "force_detach_policies": false,
            "id": "Desafio-role-eks-cluster-LucasMenezes",
            "inline_policy": [],
            "managed_policy_arns": [
              "arn:aws:iam::aws:policy/AmazonEKSClusterPolicy",
              "arn:aws:iam::aws:policy/AmazonEKSServicePolicy"
            ],
            "max_session_duration": 3600,
            "name": "Desafio-role-eks-cluster-LucasMenezes",
            "name_prefix": "",
            "path": "/",
            "permissions_boundary": "",
            "tags": {},
            "tags_all": {},
            "unique_id": "AROA4VHCF2UY3S2DFO66B"
          },
          "sensitive_attributes": [],
          "private": "bnVsbA=="
        }
      ]
    },
    {
      "mode": "managed",
      "type": "aws_iam_role",
      "name": "desafio-role-nodes-eks-cluster",
      "provider": "provider[\"registry.terraform.io/hashicorp/aws\"]",
      "instances": [
        {
          "schema_version": 0,
          "attributes": {
            "arn": "arn:aws:iam::870205216049:role/Desafio-role-nodes-cluster-LucasMenezes",
            "assume_role_policy": "{\"Statement\":[{\"Action\":\"sts:AssumeRole\",\"Effect\":\"Allow\",\"Principal\":{\"Service\":\"ec2.amazonaws.com\"}}],\"Version\":\"2012-10-17\"}",
            "create_date": "2025-07-04T16:21:59Z",
            "description": "",
            "force_detach_policies": false,
            "id": "Desafio-role-nodes-cluster-LucasMenezes",
            "inline_policy": [],
            "managed_policy_arns": [
              "arn:aws:iam::aws:policy/AmazonEC2ContainerRegistryReadOnly",
              "arn:aws:iam::aws:policy/AmazonEKSClusterPolicy",
              "arn:aws:iam::aws:policy/AmazonEKSWorkerNodePolicy",
              "arn:aws:iam::aws:policy/AmazonEKS_CNI_Policy"
            ],
            "max_session_duration": 3600,
            "name": "Desafio-role-nodes-cluster-LucasMenezes",
            "name_prefix": "",
            "path": "/",
            "permissions_boundary": "",
            "tags": {},
            "tags_all": {},
            "unique_id": "AROA4VHCF2UY7ZVDMNXZY"
          },
          "sensitive_attributes": [],
          "private": "bnVsbA=="
        }
      ]
    },
    {
      "mode": "managed",
      "type": "aws_iam_role_policy_attachment",
      "name": "desafio-attach-eks-cluster-policy",
      "provider": "provider[\"registry.terraform.io/hashicorp/aws\"]",
      "instances": [
        {
          "schema_version": 0,
          "attributes": {
            "id": "Desafio-role-eks-cluster-LucasMenezes-20250704162200704600000006",
            "policy_arn": "arn:aws:iam::aws:policy/AmazonEKSClusterPolicy",
            "role": "Desafio-role-eks-cluster-LucasMenezes"
          },
          "sensitive_attributes": [],
          "private": "bnVsbA==",
          "dependencies": [
            "aws_iam_role.desafio-role-eks-cluster"
          ]
        }
      ]
    },
    {
      "mode": "managed",
      "type": "aws_iam_role_policy_attachment",
      "name": "desafio-attach-eks-service-policy",
      "provider": "provider[\"registry.terraform.io/hashicorp/aws\"]",
      "instances": [
        {
          "schema_version": 0,
          "attributes": {
            "id": "Desafio-role-eks-cluster-LucasMenezes-20250704162200603200000005",
            "policy_arn": "arn:aws:iam::aws:policy/AmazonEKSServicePolicy",
            "role": "Desafio-role-eks-cluster-LucasMenezes"
          },
          "sensitive_attributes": [],
          "private": "bnVsbA==",
          "dependencies": [
            "aws_iam_role.desafio-role-eks-cluster"
          ]
        }
      ]
    },
    {
      "mode": "managed",
      "type": "aws_iam_role_policy_attachment",
      "name": "desafio-attach-nodes-EC2-container-registry-readonly-policy",
      "provider": "provider[\"registry.terraform.io/hashicorp/aws\"]",
      "instances": [
        {
          "schema_version": 0,
          "attributes": {
            "id": "Desafio-role-nodes-cluster-LucasMenezes-20250704162200157500000002",
            "policy_arn": "arn:aws:iam::aws:policy/AmazonEC2ContainerRegistryReadOnly",
            "role": "Desafio-role-nodes-cluster-LucasMenezes"
          },
          "sensitive_attributes": [],
          "private": "bnVsbA==",
          "dependencies": [
            "aws_iam_role.desafio-role-nodes-eks-cluster"
          ]
        }
      ]
    },
    {
      "mode": "managed",
      "type": "aws_iam_role_policy_attachment",
      "name": "desafio-attach-nodes-EKS-CNI-policy",
      "provider": "provider[\"registry.terraform.io/hashicorp/aws\"]",
      "instances": [
        {
          "schema_version": 0,
          "attributes": {
            "id": "Desafio-role-nodes-cluster-LucasMenezes-20250704162200134700000001",
            "policy_arn": "arn:aws:iam::aws:policy/AmazonEKS_CNI_Policy",
            "role": "Desafio-role-nodes-cluster-LucasMenezes"
          },
          "sensitive_attributes": [],
          "private": "bnVsbA==",
          "dependencies": [
            "aws_iam_role.desafio-role-nodes-eks-cluster"
          ]
        }
      ]
    },
    {
      "mode": "managed",
      "type": "aws_iam_role_policy_attachment",
      "name": "desafio-attach-nodes-cluster-policy",
      "provider": "provider[\"registry.terraform.io/hashicorp/aws\"]",
      "instances": [
        {
          "schema_version": 0,
          "attributes": {
            "id": "Desafio-role-nodes-cluster-LucasMenezes-20250704162200437100000004",
            "policy_arn": "arn:aws:iam::aws:policy/AmazonEKSClusterPolicy",
            "role": "Desafio-role-nodes-cluster-LucasMenezes"
          },
          "sensitive_attributes": [],
          "private": "bnVsbA==",
          "dependencies": [
            "aws_iam_role.desafio-role-nodes-eks-cluster"
          ]
        }
      ]
    },
    {
      "mode": "managed",
      "type": "aws_iam_role_policy_attachment",
      "name": "desafio-attach-nodes-worknode-policy",
      "provider": "provider[\"registry.terraform.io/hashicorp/aws\"]",
      "instances": [
        {
          "schema_version": 0,
          "attributes": {
            "id": "Desafio-role-nodes-cluster-LucasMenezes-20250704162200370400000003",
            "policy_arn": "arn:aws:iam::aws:policy/AmazonEKSWorkerNodePolicy",
            "role": "Desafio-role-nodes-cluster-LucasMenezes"
          },
          "sensitive_attributes": [],
          "private": "bnVsbA==",
          "dependencies": [
            "aws_iam_role.desafio-role-nodes-eks-cluster"
          ]
        }
      ]
    },
    {
      "mode": "managed",
      "type": "aws_internet_gateway",
      "name": "desafio-igw",
      "provider": "provider[\"registry.terraform.io/hashicorp/aws\"]",
      "instances": [
        {
          "schema_version": 0,
          "attributes": {
            "arn": "arn:aws:ec2:us-east-2:870205216049:internet-gateway/igw-09e784749855b777f",
            "id": "igw-09e784749855b777f",
            "owner_id": "870205216049",
            "tags": {
              "Name": "Desafio-Internet-Gateway-LucasMenezes"
            },
            "tags_all": {
              "Name": "Desafio-Internet-Gateway-LucasMenezes"
            },
            "timeouts": null,
            "vpc_id": "vpc-0bd6ff4ed606ae8f0"
          },
          "sensitive_attributes": [],
          "private": "eyJlMmJmYjczMC1lY2FhLTExZTYtOGY4OC0zNDM2M2JjN2M0YzAiOnsiY3JlYXRlIjoxMjAwMDAwMDAwMDAwLCJkZWxldGUiOjEyMDAwMDAwMDAwMDAsInVwZGF0ZSI6MTIwMDAwMDAwMDAwMH19",
          "dependencies": [
            "aws_vpc.desafio-vpc"
          ]
        }
      ]
    },
    {
      "mode": "managed",
      "type": "aws_msk_cluster",
      "name": "desafio-msk-cluster",
      "provider": "provider[\"registry.terraform.io/hashicorp/aws\"]",
      "instances": [
        {
          "schema_version": 0,
          "attributes": {
            "arn": "arn:aws:kafka:us-east-2:870205216049:cluster/Desafio-cluster-msk-LucasMenezes/db91689f-9af5-4c91-92fe-3a99f8fcdaae-7",
            "bootstrap_brokers": "",
            "bootstrap_brokers_public_sasl_iam": "",
            "bootstrap_brokers_public_sasl_scram": "",
            "bootstrap_brokers_public_tls": "",
            "bootstrap_brokers_sasl_iam": "",
            "bootstrap_brokers_sasl_scram": "",
            "bootstrap_brokers_tls": "b-1.desafioclustermsklucas.o70ilz.c7.kafka.us-east-2.amazonaws.com:9094,b-2.desafioclustermsklucas.o70ilz.c7.kafka.us-east-2.amazonaws.com:9094",
            "bootstrap_brokers_vpc_connectivity_sasl_iam": "",
            "bootstrap_brokers_vpc_connectivity_sasl_scram": "",
            "bootstrap_brokers_vpc_connectivity_tls": "",
            "broker_node_group_info": [
              {
                "az_distribution": "DEFAULT",
                "client_subnets": [
                  "subnet-074ce0edf2df6edb1",
                  "subnet-076b1027dc125af16"
                ],
                "connectivity_info": [
                  {
                    "public_access": [
                      {
                        "type": "DISABLED"
                      }
                    ],
                    "vpc_connectivity": [
                      {
                        "client_authentication": [
                          {
                            "sasl": [
                              {
                                "iam": false,
                                "scram": false
                              }
                            ],
                            "tls": false
                          }
                        ]
                      }
                    ]
                  }
                ],
                "instance_type": "kafka.t3.small",
                "security_groups": [
                  "sg-081a94dc77cdf017f"
                ],
                "storage_info": [
                  {
                    "ebs_storage_info": [
                      {
                        "provisioned_throughput": [],
                        "volume_size": 1000
                      }
                    ]
                  }
                ]
              }
            ],
            "client_authentication": [],
            "cluster_name": "Desafio-cluster-msk-LucasMenezes",
            "cluster_uuid": "db91689f-9af5-4c91-92fe-3a99f8fcdaae-7",
            "configuration_info": [],
            "current_version": "K3P5ROKL5A1OLE",
            "encryption_info": [
              {
                "encryption_at_rest_kms_key_arn": "arn:aws:kms:us-east-2:870205216049:key/af82d5c3-f220-4713-8dcd-2fb7e981823c",
                "encryption_in_transit": [
                  {
                    "client_broker": "TLS",
                    "in_cluster": true
                  }
                ]
              }
            ],
            "enhanced_monitoring": "DEFAULT",
            "id": "arn:aws:kafka:us-east-2:870205216049:cluster/Desafio-cluster-msk-LucasMenezes/db91689f-9af5-4c91-92fe-3a99f8fcdaae-7",
            "kafka_version": "3.7.x",
            "logging_info": [],
            "number_of_broker_nodes": 2,
            "open_monitoring": [
              {
                "prometheus": [
                  {
                    "jmx_exporter": [
                      {
                        "enabled_in_broker": false
                      }
                    ],
                    "node_exporter": [
                      {
                        "enabled_in_broker": false
                      }
                    ]
                  }
                ]
              }
            ],
            "storage_mode": "LOCAL",
            "tags": {},
            "tags_all": {},
            "timeouts": null,
            "zookeeper_connect_string": "z-1.desafioclustermsklucas.o70ilz.c7.kafka.us-east-2.amazonaws.com:2181,z-2.desafioclustermsklucas.o70ilz.c7.kafka.us-east-2.amazonaws.com:2181,z-3.desafioclustermsklucas.o70ilz.c7.kafka.us-east-2.amazonaws.com:2181",
            "zookeeper_connect_string_tls": "z-1.desafioclustermsklucas.o70ilz.c7.kafka.us-east-2.amazonaws.com:2182,z-2.desafioclustermsklucas.o70ilz.c7.kafka.us-east-2.amazonaws.com:2182,z-3.desafioclustermsklucas.o70ilz.c7.kafka.us-east-2.amazonaws.com:2182"
          },
          "sensitive_attributes": [],
          "private": "eyJlMmJmYjczMC1lY2FhLTExZTYtOGY4OC0zNDM2M2JjN2M0YzAiOnsiY3JlYXRlIjo3MjAwMDAwMDAwMDAwLCJkZWxldGUiOjcyMDAwMDAwMDAwMDAsInVwZGF0ZSI6NzIwMDAwMDAwMDAwMH19",
          "dependencies": [
            "aws_security_group.desafio-sg-msk",
            "aws_subnet.desafio-private-subnet-1",
            "aws_subnet.desafio-private-subnet-2",
            "aws_vpc.desafio-vpc"
          ]
        }
      ]
    },
    {
      "mode": "managed",
      "type": "aws_route_table",
      "name": "desafio-private-rt",
      "provider": "provider[\"registry.terraform.io/hashicorp/aws\"]",
      "instances": [
        {
          "schema_version": 0,
          "attributes": {
            "arn": "arn:aws:ec2:us-east-2:870205216049:route-table/rtb-0c528dbcc76aa3678",
            "id": "rtb-0c528dbcc76aa3678",
            "owner_id": "870205216049",
            "propagating_vgws": [],
            "route": [],
            "tags": {
              "Name": "Desafio-Private-rt-LucasMenezes"
            },
            "tags_all": {
              "Name": "Desafio-Private-rt-LucasMenezes"
            },
            "timeouts": null,
            "vpc_id": "vpc-0bd6ff4ed606ae8f0"
          },
          "sensitive_attributes": [],
          "private": "eyJlMmJmYjczMC1lY2FhLTExZTYtOGY4OC0zNDM2M2JjN2M0YzAiOnsiY3JlYXRlIjozMDAwMDAwMDAwMDAsImRlbGV0ZSI6MzAwMDAwMDAwMDAwLCJ1cGRhdGUiOjEyMDAwMDAwMDAwMH19",
          "dependencies": [
            "aws_vpc.desafio-vpc"
          ]
        }
      ]
    },
    {
      "mode": "managed",
      "type": "aws_route_table",
      "name": "desafio-public-rt",
      "provider": "provider[\"registry.terraform.io/hashicorp/aws\"]",
      "instances": [
        {
          "schema_version": 0,
          "attributes": {
            "arn": "arn:aws:ec2:us-east-2:870205216049:route-table/rtb-021d0da065c179707",
            "id": "rtb-021d0da065c179707",
            "owner_id": "870205216049",
            "propagating_vgws": [],
            "route": [
              {
                "carrier_gateway_id": "",
                "cidr_block": "0.0.0.0/0",
                "core_network_arn": "",
                "destination_prefix_list_id": "",
                "egress_only_gateway_id": "",
                "gateway_id": "igw-09e784749855b777f",
                "ipv6_cidr_block": "",
                "local_gateway_id": "",
                "nat_gateway_id": "",
                "network_interface_id": "",
                "transit_gateway_id": "",
                "vpc_endpoint_id": "",
                "vpc_peering_connection_id": ""
              }
            ],
            "tags": {
              "Name": "Desafio-Public-rt-LucasMenezes"
            },
            "tags_all": {
              "Name": "Desafio-Public-rt-LucasMenezes"
            },
            "timeouts": null,
            "vpc_id": "vpc-0bd6ff4ed606ae8f0"
          },
          "sensitive_attributes": [],
          "private": "eyJlMmJmYjczMC1lY2FhLTExZTYtOGY4OC0zNDM2M2JjN2M0YzAiOnsiY3JlYXRlIjozMDAwMDAwMDAwMDAsImRlbGV0ZSI6MzAwMDAwMDAwMDAwLCJ1cGRhdGUiOjEyMDAwMDAwMDAwMH19",
          "dependencies": [
            "aws_internet_gateway.desafio-igw",
            "aws_vpc.desafio-vpc"
          ]
        }
      ]
    },
    {
      "mode": "managed",
      "type": "aws_route_table_association",
      "name": "desafio-private-rt-assoc-1",
      "provider": "provider[\"registry.terraform.io/hashicorp/aws\"]",
      "instances": [
        {
          "schema_version": 0,
          "attributes": {
            "gateway_id": "",
            "id": "rtbassoc-0f44b09e2527fc651",
            "route_table_id": "rtb-0c528dbcc76aa3678",
            "subnet_id": "subnet-074ce0edf2df6edb1",
            "timeouts": null
          },
          "sensitive_attributes": [],
          "private": "eyJlMmJmYjczMC1lY2FhLTExZTYtOGY4OC0zNDM2M2JjN2M0YzAiOnsiY3JlYXRlIjozMDAwMDAwMDAwMDAsImRlbGV0ZSI6MzAwMDAwMDAwMDAwLCJ1cGRhdGUiOjEyMDAwMDAwMDAwMH19",
          "dependencies": [
            "aws_route_table.desafio-private-rt",
            "aws_subnet.desafio-private-subnet-1",
            "aws_vpc.desafio-vpc"
          ]
        }
      ]
    },
    {
      "mode": "managed",
      "type": "aws_route_table_association",
      "name": "desafio-private-rt-assoc-2",
      "provider": "provider[\"registry.terraform.io/hashicorp/aws\"]",
      "instances": [
        {
          "schema_version": 0,
          "attributes": {
            "gateway_id": "",
            "id": "rtbassoc-0fe2ada9e0ff8cebb",
            "route_table_id": "rtb-0c528dbcc76aa3678",
            "subnet_id": "subnet-076b1027dc125af16",
            "timeouts": null
          },
          "sensitive_attributes": [],
          "private": "eyJlMmJmYjczMC1lY2FhLTExZTYtOGY4OC0zNDM2M2JjN2M0YzAiOnsiY3JlYXRlIjozMDAwMDAwMDAwMDAsImRlbGV0ZSI6MzAwMDAwMDAwMDAwLCJ1cGRhdGUiOjEyMDAwMDAwMDAwMH19",
          "dependencies": [
            "aws_route_table.desafio-private-rt",
            "aws_subnet.desafio-private-subnet-2",
            "aws_vpc.desafio-vpc"
          ]
        }
      ]
    },
    {
      "mode": "managed",
      "type": "aws_route_table_association",
      "name": "desafio-public-rt-assoc-1",
      "provider": "provider[\"registry.terraform.io/hashicorp/aws\"]",
      "instances": [
        {
          "schema_version": 0,
          "attributes": {
            "gateway_id": "",
            "id": "rtbassoc-044a20fa9bc9c8a41",
            "route_table_id": "rtb-021d0da065c179707",
            "subnet_id": "subnet-027a39d07d15225be",
            "timeouts": null
          },
          "sensitive_attributes": [],
          "private": "eyJlMmJmYjczMC1lY2FhLTExZTYtOGY4OC0zNDM2M2JjN2M0YzAiOnsiY3JlYXRlIjozMDAwMDAwMDAwMDAsImRlbGV0ZSI6MzAwMDAwMDAwMDAwLCJ1cGRhdGUiOjEyMDAwMDAwMDAwMH19",
          "dependencies": [
            "aws_internet_gateway.desafio-igw",
            "aws_route_table.desafio-public-rt",
            "aws_subnet.desafio-public-subnet-1",
            "aws_vpc.desafio-vpc"
          ]
        }
      ]
    },
    {
      "mode": "managed",
      "type": "aws_route_table_association",
      "name": "desafio-public-rt-assoc-2",
      "provider": "provider[\"registry.terraform.io/hashicorp/aws\"]",
      "instances": [
        {
          "schema_version": 0,
          "attributes": {
            "gateway_id": "",
            "id": "rtbassoc-05f7429ab2cc8257b",
            "route_table_id": "rtb-021d0da065c179707",
            "subnet_id": "subnet-0be2d9740d76c64d3",
            "timeouts": null
          },
          "sensitive_attributes": [],
          "private": "eyJlMmJmYjczMC1lY2FhLTExZTYtOGY4OC0zNDM2M2JjN2M0YzAiOnsiY3JlYXRlIjozMDAwMDAwMDAwMDAsImRlbGV0ZSI6MzAwMDAwMDAwMDAwLCJ1cGRhdGUiOjEyMDAwMDAwMDAwMH19",
          "dependencies": [
            "aws_internet_gateway.desafio-igw",
            "aws_route_table.desafio-public-rt",
            "aws_subnet.desafio-public-subnet-2",
            "aws_vpc.desafio-vpc"
          ]
        }
      ]
    },
    {
      "mode": "managed",
      "type": "aws_security_group",
      "name": "desafio-sg-cluster-eks",
      "provider": "provider[\"registry.terraform.io/hashicorp/aws\"]",
      "instances": [
        {
          "schema_version": 1,
          "attributes": {
            "arn": "arn:aws:ec2:us-east-2:870205216049:security-group/sg-0b2bd3772b67fdb59",
            "description": "AWS sg for terraform",
            "egress": [
              {
                "cidr_blocks": [
                  "0.0.0.0/0"
                ],
                "description": "",
                "from_port": 0,
                "ipv6_cidr_blocks": [],
                "prefix_list_ids": [],
                "protocol": "-1",
                "security_groups": [],
                "self": false,
                "to_port": 0
              }
            ],
            "id": "sg-0b2bd3772b67fdb59",
            "ingress": [
              {
                "cidr_blocks": [
                  "128.0.1.0/24",
                  "128.0.2.0/24",
                  "128.0.0.0/16"
                ],
                "description": "",
                "from_port": 1,
                "ipv6_cidr_blocks": [],
                "prefix_list_ids": [],
                "protocol": "tcp",
                "security_groups": [],
                "self": false,
                "to_port": 65365
              }
            ],
            "name": "desafio-sg-cluster-LucasMenezes",
            "name_prefix": "",
            "owner_id": "870205216049",
            "revoke_rules_on_delete": false,
            "tags": {},
            "tags_all": {},
            "timeouts": null,
            "vpc_id": "vpc-0bd6ff4ed606ae8f0"
          },
          "sensitive_attributes": [],
          "private": "eyJlMmJmYjczMC1lY2FhLTExZTYtOGY4OC0zNDM2M2JjN2M0YzAiOnsiY3JlYXRlIjo2MDAwMDAwMDAwMDAsImRlbGV0ZSI6OTAwMDAwMDAwMDAwfSwic2NoZW1hX3ZlcnNpb24iOiIxIn0=",
          "dependencies": [
            "aws_subnet.desafio-public-subnet-1",
            "aws_subnet.desafio-public-subnet-2",
            "aws_vpc.desafio-vpc"
          ]
        }
      ]
    },
    {
      "mode": "managed",
      "type": "aws_security_group",
      "name": "desafio-sg-msk",
      "provider": "provider[\"registry.terraform.io/hashicorp/aws\"]",
      "instances": [
        {
          "schema_version": 1,
          "attributes": {
            "arn": "arn:aws:ec2:us-east-2:870205216049:security-group/sg-081a94dc77cdf017f",
            "description": "Managed by Terraform",
            "egress": [],
            "id": "sg-081a94dc77cdf017f",
            "ingress": [],
            "name": "terraform-20250704162201653500000008",
            "name_prefix": "terraform-",
            "owner_id": "870205216049",
            "revoke_rules_on_delete": false,
            "tags": {},
            "tags_all": {},
            "timeouts": null,
            "vpc_id": "vpc-0bd6ff4ed606ae8f0"
          },
          "sensitive_attributes": [],
          "private": "eyJlMmJmYjczMC1lY2FhLTExZTYtOGY4OC0zNDM2M2JjN2M0YzAiOnsiY3JlYXRlIjo2MDAwMDAwMDAwMDAsImRlbGV0ZSI6OTAwMDAwMDAwMDAwfSwic2NoZW1hX3ZlcnNpb24iOiIxIn0=",
          "dependencies": [
            "aws_vpc.desafio-vpc"
          ]
        }
      ]
    },
    {
      "mode": "managed",
      "type": "aws_security_group",
      "name": "desafio-sg-rds",
      "provider": "provider[\"registry.terraform.io/hashicorp/aws\"]",
      "instances": [
        {
          "schema_version": 1,
          "attributes": {
            "arn": "arn:aws:ec2:us-east-2:870205216049:security-group/sg-011923578ea84c775",
            "description": "Allow ssh inbound traffic",
            "egress": [
              {
                "cidr_blocks": [
                  "0.0.0.0/0"
                ],
                "description": "",
                "from_port": 0,
                "ipv6_cidr_blocks": [
                  "::/0"
                ],
                "prefix_list_ids": [],
                "protocol": "-1",
                "security_groups": [],
                "self": false,
                "to_port": 0
              }
            ],
            "id": "sg-011923578ea84c775",
            "ingress": [
              {
                "cidr_blocks": [
                  "0.0.0.0/0"
                ],
                "description": "HTTP",
                "from_port": 80,
                "ipv6_cidr_blocks": [],
                "prefix_list_ids": [],
                "protocol": "tcp",
                "security_groups": [],
                "self": false,
                "to_port": 80
              },
              {
                "cidr_blocks": [
                  "181.223.215.39/32"
                ],
                "description": "SSH",
                "from_port": 22,
                "ipv6_cidr_blocks": [],
                "prefix_list_ids": [],
                "protocol": "tcp",
                "security_groups": [],
                "self": false,
                "to_port": 22
              },
              {
                "cidr_blocks": [],
                "description": "MySQL Port",
                "from_port": 3306,
                "ipv6_cidr_blocks": [],
                "prefix_list_ids": [],
                "protocol": "tcp",
                "security_groups": [
                  "sg-0b2bd3772b67fdb59"
                ],
                "self": false,
                "to_port": 3306
              }
            ],
            "name": "Desafio-sg-rds-LucasMenezes",
            "name_prefix": "",
            "owner_id": "870205216049",
            "revoke_rules_on_delete": false,
            "tags": {
              "Name": "Desafio-sg-rds"
            },
            "tags_all": {
              "Name": "Desafio-sg-rds"
            },
            "timeouts": null,
            "vpc_id": "vpc-0bd6ff4ed606ae8f0"
          },
          "sensitive_attributes": [],
          "private": "eyJlMmJmYjczMC1lY2FhLTExZTYtOGY4OC0zNDM2M2JjN2M0YzAiOnsiY3JlYXRlIjo2MDAwMDAwMDAwMDAsImRlbGV0ZSI6OTAwMDAwMDAwMDAwfSwic2NoZW1hX3ZlcnNpb24iOiIxIn0=",
          "dependencies": [
            "aws_security_group.desafio-sg-cluster-eks",
            "aws_subnet.desafio-public-subnet-1",
            "aws_subnet.desafio-public-subnet-2",
            "aws_vpc.desafio-vpc",
            "data.http.myip"
          ]
        }
      ]
    },
    {
      "mode": "managed",
      "type": "aws_subnet",
      "name": "desafio-private-subnet-1",
      "provider": "provider[\"registry.terraform.io/hashicorp/aws\"]",
      "instances": [
        {
          "schema_version": 1,
          "attributes": {
            "arn": "arn:aws:ec2:us-east-2:870205216049:subnet/subnet-074ce0edf2df6edb1",
            "assign_ipv6_address_on_creation": false,
            "availability_zone": "us-east-2a",
            "availability_zone_id": "use2-az1",
            "cidr_block": "128.0.3.0/24",
            "customer_owned_ipv4_pool": "",
            "enable_dns64": false,
            "enable_lni_at_device_index": 0,
            "enable_resource_name_dns_a_record_on_launch": false,
            "enable_resource_name_dns_aaaa_record_on_launch": false,
            "id": "subnet-074ce0edf2df6edb1",
            "ipv6_cidr_block": "",
            "ipv6_cidr_block_association_id": "",
            "ipv6_native": false,
            "map_customer_owned_ip_on_launch": false,
            "map_public_ip_on_launch": false,
            "outpost_arn": "",
            "owner_id": "870205216049",
            "private_dns_hostname_type_on_launch": "ip-name",
            "tags": {
              "Name": "Desafio-Private-Subnet-1-LucasMenezes"
            },
            "tags_all": {
              "Name": "Desafio-Private-Subnet-1-LucasMenezes"
            },
            "timeouts": null,
            "vpc_id": "vpc-0bd6ff4ed606ae8f0"
          },
          "sensitive_attributes": [],
          "private": "eyJlMmJmYjczMC1lY2FhLTExZTYtOGY4OC0zNDM2M2JjN2M0YzAiOnsiY3JlYXRlIjo2MDAwMDAwMDAwMDAsImRlbGV0ZSI6MTIwMDAwMDAwMDAwMH0sInNjaGVtYV92ZXJzaW9uIjoiMSJ9",
          "dependencies": [
            "aws_vpc.desafio-vpc"
          ]
        }
      ]
    },
    {
      "mode": "managed",
      "type": "aws_subnet",
      "name": "desafio-private-subnet-2",
      "provider": "provider[\"registry.terraform.io/hashicorp/aws\"]",
      "instances": [
        {
          "schema_version": 1,
          "attributes": {
            "arn": "arn:aws:ec2:us-east-2:870205216049:subnet/subnet-076b1027dc125af16",
            "assign_ipv6_address_on_creation": false,
            "availability_zone": "us-east-2b",
            "availability_zone_id": "use2-az2",
            "cidr_block": "128.0.4.0/24",
            "customer_owned_ipv4_pool": "",
            "enable_dns64": false,
            "enable_lni_at_device_index": 0,
            "enable_resource_name_dns_a_record_on_launch": false,
            "enable_resource_name_dns_aaaa_record_on_launch": false,
            "id": "subnet-076b1027dc125af16",
            "ipv6_cidr_block": "",
            "ipv6_cidr_block_association_id": "",
            "ipv6_native": false,
            "map_customer_owned_ip_on_launch": false,
            "map_public_ip_on_launch": false,
            "outpost_arn": "",
            "owner_id": "870205216049",
            "private_dns_hostname_type_on_launch": "ip-name",
            "tags": {
              "Name": "Desafio-Private-Subnet-2-LucasMenezes"
            },
            "tags_all": {
              "Name": "Desafio-Private-Subnet-2-LucasMenezes"
            },
            "timeouts": null,
            "vpc_id": "vpc-0bd6ff4ed606ae8f0"
          },
          "sensitive_attributes": [],
          "private": "eyJlMmJmYjczMC1lY2FhLTExZTYtOGY4OC0zNDM2M2JjN2M0YzAiOnsiY3JlYXRlIjo2MDAwMDAwMDAwMDAsImRlbGV0ZSI6MTIwMDAwMDAwMDAwMH0sInNjaGVtYV92ZXJzaW9uIjoiMSJ9",
          "dependencies": [
            "aws_vpc.desafio-vpc"
          ]
        }
      ]
    },
    {
      "mode": "managed",
      "type": "aws_subnet",
      "name": "desafio-public-subnet-1",
      "provider": "provider[\"registry.terraform.io/hashicorp/aws\"]",
      "instances": [
        {
          "schema_version": 1,
          "attributes": {
            "arn": "arn:aws:ec2:us-east-2:870205216049:subnet/subnet-027a39d07d15225be",
            "assign_ipv6_address_on_creation": false,
            "availability_zone": "us-east-2a",
            "availability_zone_id": "use2-az1",
            "cidr_block": "128.0.1.0/24",
            "customer_owned_ipv4_pool": "",
            "enable_dns64": false,
            "enable_lni_at_device_index": 0,
            "enable_resource_name_dns_a_record_on_launch": false,
            "enable_resource_name_dns_aaaa_record_on_launch": false,
            "id": "subnet-027a39d07d15225be",
            "ipv6_cidr_block": "",
            "ipv6_cidr_block_association_id": "",
            "ipv6_native": false,
            "map_customer_owned_ip_on_launch": false,
            "map_public_ip_on_launch": true,
            "outpost_arn": "",
            "owner_id": "870205216049",
            "private_dns_hostname_type_on_launch": "ip-name",
            "tags": {
              "Name": "Desafio-Public-Subnet-1-LucasMenezes"
            },
            "tags_all": {
              "Name": "Desafio-Public-Subnet-1-LucasMenezes"
            },
            "timeouts": null,
            "vpc_id": "vpc-0bd6ff4ed606ae8f0"
          },
          "sensitive_attributes": [],
          "private": "eyJlMmJmYjczMC1lY2FhLTExZTYtOGY4OC0zNDM2M2JjN2M0YzAiOnsiY3JlYXRlIjo2MDAwMDAwMDAwMDAsImRlbGV0ZSI6MTIwMDAwMDAwMDAwMH0sInNjaGVtYV92ZXJzaW9uIjoiMSJ9",
          "dependencies": [
            "aws_vpc.desafio-vpc"
          ]
        }
      ]
    },
    {
      "mode": "managed",
      "type": "aws_subnet",
      "name": "desafio-public-subnet-2",
      "provider": "provider[\"registry.terraform.io/hashicorp/aws\"]",
      "instances": [
        {
          "schema_version": 1,
          "attributes": {
            "arn": "arn:aws:ec2:us-east-2:870205216049:subnet/subnet-0be2d9740d76c64d3",
            "assign_ipv6_address_on_creation": false,
            "availability_zone": "us-east-2b",
            "availability_zone_id": "use2-az2",
            "cidr_block": "128.0.2.0/24",
            "customer_owned_ipv4_pool": "",
            "enable_dns64": false,
            "enable_lni_at_device_index": 0,
            "enable_resource_name_dns_a_record_on_launch": false,
            "enable_resource_name_dns_aaaa_record_on_launch": false,
            "id": "subnet-0be2d9740d76c64d3",
            "ipv6_cidr_block": "",
            "ipv6_cidr_block_association_id": "",
            "ipv6_native": false,
            "map_customer_owned_ip_on_launch": false,
            "map_public_ip_on_launch": true,
            "outpost_arn": "",
            "owner_id": "870205216049",
            "private_dns_hostname_type_on_launch": "ip-name",
            "tags": {
              "Name": "Desafio-Public-Subnet-2-LucasMenezes"
            },
            "tags_all": {
              "Name": "Desafio-Public-Subnet-2-LucasMenezes"
            },
            "timeouts": null,
            "vpc_id": "vpc-0bd6ff4ed606ae8f0"
          },
          "sensitive_attributes": [],
          "private": "eyJlMmJmYjczMC1lY2FhLTExZTYtOGY4OC0zNDM2M2JjN2M0YzAiOnsiY3JlYXRlIjo2MDAwMDAwMDAwMDAsImRlbGV0ZSI6MTIwMDAwMDAwMDAwMH0sInNjaGVtYV92ZXJzaW9uIjoiMSJ9",
          "dependencies": [
            "aws_vpc.desafio-vpc"
          ]
        }
      ]
    },
    {
      "mode": "managed",
      "type": "aws_vpc",
      "name": "desafio-vpc",
      "provider": "provider[\"registry.terraform.io/hashicorp/aws\"]",
      "instances": [
        {
          "schema_version": 1,
          "attributes": {
            "arn": "arn:aws:ec2:us-east-2:870205216049:vpc/vpc-0bd6ff4ed606ae8f0",
            "assign_generated_ipv6_cidr_block": false,
            "cidr_block": "128.0.0.0/16",
            "default_network_acl_id": "acl-0041abdeec592d92b",
            "default_route_table_id": "rtb-0fa4b743a7b55e43c",
            "default_security_group_id": "sg-0cb40b26db01793b8",
            "dhcp_options_id": "dopt-088cabec39e54a047",
            "enable_dns_hostnames": false,
            "enable_dns_support": true,
            "enable_network_address_usage_metrics": false,
            "id": "vpc-0bd6ff4ed606ae8f0",
            "instance_tenancy": "default",
            "ipv4_ipam_pool_id": null,
            "ipv4_netmask_length": null,
            "ipv6_association_id": "",
            "ipv6_cidr_block": "",
            "ipv6_cidr_block_network_border_group": "",
            "ipv6_ipam_pool_id": "",
            "ipv6_netmask_length": 0,
            "main_route_table_id": "rtb-0fa4b743a7b55e43c",
            "owner_id": "870205216049",
            "tags": {
              "Name": "Desafio-VPC-LucaMenezes"
            },
            "tags_all": {
              "Name": "Desafio-VPC-LucaMenezes"
            }
          },
          "sensitive_attributes": [],
          "private": "eyJzY2hlbWFfdmVyc2lvbiI6IjEifQ=="
        }
      ]
    }
  ],
  "check_results": null
}
