{
  "version": 4,
  "terraform_version": "1.9.8",
  "serial": 303,
  "lineage": "277fe68a-4abc-ca1d-c2c7-ffcc245b503e",
  "outputs": {},
  "resources": [
    {
      "mode": "data",
      "type": "http",
      "name": "myip",
      "provider": "provider[\"registry.terraform.io/hashicorp/http\"]",
      "instances": [
        {
          "schema_version": 0,
          "attributes": {
            "body": "181.223.215.39\n",
            "ca_cert_pem": null,
            "client_cert_pem": null,
            "client_key_pem": null,
            "id": "http://ipv4.icanhazip.com",
            "insecure": null,
            "method": null,
            "request_body": null,
            "request_headers": null,
            "request_timeout_ms": null,
            "response_body": "181.223.215.39\n",
            "response_body_base64": "MTgxLjIyMy4yMTUuMzkK",
            "response_headers": {
              "Access-Control-Allow-Methods": "GET",
              "Access-Control-Allow-Origin": "*",
              "Alt-Svc": "h3=\":443\"; ma=86400",
              "Cf-Ray": "95d9f65808f5cb17-GIG",
              "Connection": "keep-alive",
              "Content-Length": "15",
              "Content-Type": "text/plain",
              "Date": "Fri, 11 Jul 2025 17:18:49 GMT",
              "Server": "cloudflare",
              "Set-Cookie": "__cf_bm=1XOghL4zWymhhO49a4qhzqoAc3cfqWWUCoalB9s_TEc-1752254329-1.0.1.1-uJkmfNsBfjrdIRcyJ6kKyACsKtypuacYJHGIIpSHKN.9so9OnUvTX2lKvv1xVkyhVyBXGB_quRVWogElxGyqeWEcRQ7D1YMJQXAeKuygS4g; path=/; expires=Fri, 11-Jul-25 17:48:49 GMT; domain=.icanhazip.com; HttpOnly",
              "Vary": "Accept-Encoding"
            },
            "retry": null,
            "status_code": 200,
            "url": "http://ipv4.icanhazip.com"
          },
          "sensitive_attributes": []
        }
      ]
    },
    {
      "mode": "managed",
      "type": "aws_db_instance",
      "name": "desafio-rds",
      "provider": "provider[\"registry.terraform.io/hashicorp/aws\"]",
      "instances": [
        {
          "schema_version": 2,
          "attributes": {
            "address": "terraform-database-desafio.ccp6xhbb8bo6.us-east-2.rds.amazonaws.com",
            "allocated_storage": 20,
            "allow_major_version_upgrade": null,
            "apply_immediately": false,
            "arn": "arn:aws:rds:us-east-2:870205216049:db:terraform-database-desafio",
            "auto_minor_version_upgrade": true,
            "availability_zone": "us-east-2a",
            "backup_retention_period": 0,
            "backup_target": "region",
            "backup_window": "05:41-06:11",
            "blue_green_update": [],
            "ca_cert_identifier": "rds-ca-rsa2048-g1",
            "character_set_name": "",
            "copy_tags_to_snapshot": false,
            "custom_iam_instance_profile": "",
            "customer_owned_ip_enabled": false,
            "database_insights_mode": "standard",
            "db_name": "DesafioRDSLucasMenezes",
            "db_subnet_group_name": "desafio-db-subnet-group-lucasmenezes",
            "dedicated_log_volume": false,
            "delete_automated_backups": true,
            "deletion_protection": false,
            "domain": "",
            "domain_auth_secret_arn": "",
            "domain_dns_ips": [],
            "domain_fqdn": "",
            "domain_iam_role_name": "",
            "domain_ou": "",
            "enabled_cloudwatch_logs_exports": [],
            "endpoint": "terraform-database-desafio.ccp6xhbb8bo6.us-east-2.rds.amazonaws.com:3306",
            "engine": "mysql",
            "engine_lifecycle_support": "open-source-rds-extended-support",
            "engine_version": "8.0.36",
            "engine_version_actual": "8.0.36",
            "final_snapshot_identifier": null,
            "hosted_zone_id": "Z2XHWR1WZ565X2",
            "iam_database_authentication_enabled": false,
            "id": "db-LWVFBX2LU555TL3P2C3SKI5USY",
            "identifier": "terraform-database-desafio",
            "identifier_prefix": "",
            "instance_class": "db.t3.medium",
            "iops": 3000,
            "kms_key_id": "",
            "latest_restorable_time": "",
            "license_model": "general-public-license",
            "listener_endpoint": [],
            "maintenance_window": "wed:03:55-wed:04:25",
            "manage_master_user_password": null,
            "master_user_secret": [],
            "master_user_secret_kms_key_id": null,
            "max_allocated_storage": 0,
            "monitoring_interval": 0,
            "monitoring_role_arn": "",
            "multi_az": false,
            "nchar_character_set_name": "",
            "network_type": "IPV4",
            "option_group_name": "default:mysql-8-0",
            "parameter_group_name": "default.mysql8.0",
            "password": "password",
            "password_wo": null,
            "password_wo_version": null,
            "performance_insights_enabled": false,
            "performance_insights_kms_key_id": "",
            "performance_insights_retention_period": 0,
            "port": 3306,
            "publicly_accessible": false,
            "replica_mode": "",
            "replicas": [],
            "replicate_source_db": "",
            "resource_id": "db-LWVFBX2LU555TL3P2C3SKI5USY",
            "restore_to_point_in_time": [],
            "s3_import": [],
            "skip_final_snapshot": true,
            "snapshot_identifier": null,
            "status": "available",
            "storage_encrypted": false,
            "storage_throughput": 125,
            "storage_type": "gp3",
            "tags": {},
            "tags_all": {},
            "timeouts": null,
            "timezone": "",
            "upgrade_storage_config": null,
            "username": "desafio",
            "vpc_security_group_ids": [
              "sg-0ba698c6968ee140c"
            ]
          },
          "sensitive_attributes": [
            [
              {
                "type": "get_attr",
                "value": "password"
              }
            ],
            [
              {
                "type": "get_attr",
                "value": "password_wo"
              }
            ]
          ],
          "private": "eyJlMmJmYjczMC1lY2FhLTExZTYtOGY4OC0zNDM2M2JjN2M0YzAiOnsiY3JlYXRlIjozMDAwMDAwMDAwMDAwLCJkZWxldGUiOjM2MDAwMDAwMDAwMDAsInVwZGF0ZSI6NDgwMDAwMDAwMDAwMH0sInNjaGVtYV92ZXJzaW9uIjoiMiJ9",
          "dependencies": [
            "aws_db_subnet_group.desafio-db-subnet-group",
            "aws_subnet.desafio-private-subnet-1",
            "aws_subnet.desafio-private-subnet-2",
            "aws_vpc.desafio-vpc"
          ]
        }
      ]
    },
    {
      "mode": "managed",
      "type": "aws_db_subnet_group",
      "name": "desafio-db-subnet-group",
      "provider": "provider[\"registry.terraform.io/hashicorp/aws\"]",
      "instances": [
        {
          "schema_version": 0,
          "attributes": {
            "arn": "arn:aws:rds:us-east-2:870205216049:subgrp:desafio-db-subnet-group-lucasmenezes",
            "description": "Managed by Terraform",
            "id": "desafio-db-subnet-group-lucasmenezes",
            "name": "desafio-db-subnet-group-lucasmenezes",
            "name_prefix": "",
            "subnet_ids": [
              "subnet-00350794706ba2709",
              "subnet-04e8adb92991d80fe"
            ],
            "supported_network_types": [
              "IPV4"
            ],
            "tags": {},
            "tags_all": {},
            "vpc_id": "vpc-0ff3ebbb89b83a0e7"
          },
          "sensitive_attributes": [],
          "private": "bnVsbA==",
          "dependencies": [
            "aws_subnet.desafio-private-subnet-1",
            "aws_subnet.desafio-private-subnet-2",
            "aws_vpc.desafio-vpc"
          ]
        }
      ]
    },
    {
      "mode": "managed",
      "type": "aws_ecr_repository",
      "name": "desafio-ecr-repo",
      "provider": "provider[\"registry.terraform.io/hashicorp/aws\"]",
      "instances": [
        {
          "schema_version": 0,
          "attributes": {
            "arn": "arn:aws:ecr:us-east-2:870205216049:repository/desafio-ecr-repo-lucas-menezes",
            "encryption_configuration": [
              {
                "encryption_type": "AES256",
                "kms_key": ""
              }
            ],
            "force_delete": null,
            "id": "desafio-ecr-repo-lucas-menezes",
            "image_scanning_configuration": [
              {
                "scan_on_push": true
              }
            ],
            "image_tag_mutability": "MUTABLE",
            "name": "desafio-ecr-repo-lucas-menezes",
            "registry_id": "870205216049",
            "repository_url": "870205216049.dkr.ecr.us-east-2.amazonaws.com/desafio-ecr-repo-lucas-menezes",
            "tags": null,
            "tags_all": {},
            "timeouts": null
          },
          "sensitive_attributes": [],
          "private": "eyJlMmJmYjczMC1lY2FhLTExZTYtOGY4OC0zNDM2M2JjN2M0YzAiOnsiZGVsZXRlIjoxMjAwMDAwMDAwMDAwfX0="
        }
      ]
    },
    {
      "mode": "managed",
      "type": "aws_eks_cluster",
      "name": "desafio-cluster-eks",
      "provider": "provider[\"registry.terraform.io/hashicorp/aws\"]",
      "instances": [
        {
          "schema_version": 1,
          "attributes": {
            "access_config": [
              {
                "authentication_mode": "CONFIG_MAP",
                "bootstrap_cluster_creator_admin_permissions": true
              }
            ],
            "arn": "arn:aws:eks:us-east-2:870205216049:cluster/Desafio-cluster-eks-LucasMenezes",
            "bootstrap_self_managed_addons": true,
            "certificate_authority": [
              {
                "data": "LS0tLS1CRUdJTiBDRVJUSUZJQ0FURS0tLS0tCk1JSURCVENDQWUyZ0F3SUJBZ0lJSHhqUGpNNWhTaWd3RFFZSktvWklodmNOQVFFTEJRQXdGVEVUTUJFR0ExVUUKQXhNS2EzVmlaWEp1WlhSbGN6QWVGdzB5TlRBM01URXhOVFUwTlRkYUZ3MHpOVEEzTURreE5UVTVOVGRhTUJVeApFekFSQmdOVkJBTVRDbXQxWW1WeWJtVjBaWE13Z2dFaU1BMEdDU3FHU0liM0RRRUJBUVVBQTRJQkR3QXdnZ0VLCkFvSUJBUUM3NW5VTU91QUw3YllQRGpxUmNHUEFTRStiUmpSRFJ2QS9rUy9VRUFWNHQ5VjJSOUxHSkZrYTEzMmUKQ1FUYzhCNVpSS3hKKy9nWU0xWTVSSXRqcTV0NS9uWTBodGNXbjJPMHVEZ3FOUEREZTFtd0o2b0dVTDU2ZWExagpES0I2ckhaT2tDZzJmYVJWMVcwUmNQTzJmTzVIdmx2aFlKVWQ0aVhLV0x0V2R3cDRSN1ZoTHRWRklCOVlWaDltCldoZFEwemdSRGNEWlpTN0lZa1N5MldTd2wrWFJtdjZHWmthaENSSmZSMEtpa2E5djNMNnA5eXVnd3dPQkpIcVAKOG5XV0tKanM3SzJBNUJqMmxJZzltQ05DMWg5cUtOTUIrNUFrUUxzRWIwTDJhbHJVZWVWVmxtbks5ZE0weHRoVQpxNElqV09WbFpJMXI5dE1tdVBjRlhsUWRBNVloQWdNQkFBR2pXVEJYTUE0R0ExVWREd0VCL3dRRUF3SUNwREFQCkJnTlZIUk1CQWY4RUJUQURBUUgvTUIwR0ExVWREZ1FXQkJRMm1wVVVIVmNpOEN5MFBUbW5MeUFvekc2SkJqQVYKQmdOVkhSRUVEakFNZ2dwcmRXSmxjbTVsZEdWek1BMEdDU3FHU0liM0RRRUJDd1VBQTRJQkFRQjVzS0FvVDM4Uwp0SFZ3dS9zK1JydGtwUjh3MEJ4SW1MNEZYTk1SUE9HNzc2dlo3WXpYY2lYZTVCZi9UZVNnSkhwU2dGbFhqaHhqCkMyTXF6dGxCVm5ZY0EwOWtTK3Q4RngwUVl4amtxNnpid3dvM2lvVnpDTzZwUnFQMURCbUlJV05Mc0h6TzY1angKMTNrODNwZ0NscEJkNEFRbEs0RDh4Nm5Kb29NU2M0U2pLcjQ4a2NzRG5Dd1NFNStOR2pRYzdpZXFnV1gyQkJCNApQampncTdnN0FhZThrOStEV3lGY014R1crQVpHZXFWd0N5MnRZSEgrQXJ2NHRNblQvZGY1Y001WXlobUR3aC9CCnBsWk9sVi9FMFB4dVN3NHgxclhsK3A1dWJ6ZWRsOE84RWtBUkZ6d2VTeGxuaE85VVlxNThHQjNVN2ZQRUt1ZXkKYi9zL2FoSmNGZExMCi0tLS0tRU5EIENFUlRJRklDQVRFLS0tLS0K"
              }
            ],
            "cluster_id": null,
            "compute_config": [],
            "created_at": "2025-07-11T15:55:31Z",
            "enabled_cluster_log_types": [],
            "encryption_config": [],
            "endpoint": "https://2916E0EB4536F53DEBF85ACFABE8E60E.gr7.us-east-2.eks.amazonaws.com",
            "force_update_version": null,
            "id": "Desafio-cluster-eks-LucasMenezes",
            "identity": [
              {
                "oidc": [
                  {
                    "issuer": "https://oidc.eks.us-east-2.amazonaws.com/id/2916E0EB4536F53DEBF85ACFABE8E60E"
                  }
                ]
              }
            ],
            "kubernetes_network_config": [
              {
                "elastic_load_balancing": [
                  {
                    "enabled": false
                  }
                ],
                "ip_family": "ipv4",
                "service_ipv4_cidr": "10.100.0.0/16",
                "service_ipv6_cidr": ""
              }
            ],
            "name": "Desafio-cluster-eks-LucasMenezes",
            "outpost_config": [],
            "platform_version": "eks.6",
            "remote_network_config": [],
            "role_arn": "arn:aws:iam::870205216049:role/Desafio-role-eks-cluster-LucasMenezes",
            "status": "ACTIVE",
            "storage_config": [],
            "tags": {
              "Name": "Desafio-EKS-LucasMenezes"
            },
            "tags_all": {
              "Name": "Desafio-EKS-LucasMenezes"
            },
            "timeouts": null,
            "upgrade_policy": [
              {
                "support_type": "EXTENDED"
              }
            ],
            "version": "1.33",
            "vpc_config": [
              {
                "cluster_security_group_id": "sg-0758b767955edd570",
                "endpoint_private_access": false,
                "endpoint_public_access": true,
                "public_access_cidrs": [
                  "0.0.0.0/0"
                ],
                "security_group_ids": [
                  "sg-0a6b6114d91d3f281"
                ],
                "subnet_ids": [
                  "subnet-015361efe340169f3",
                  "subnet-07b74b76939f90596"
                ],
                "vpc_id": "vpc-0ff3ebbb89b83a0e7"
              }
            ],
            "zonal_shift_config": []
          },
          "sensitive_attributes": [],
          "private": "eyJlMmJmYjczMC1lY2FhLTExZTYtOGY4OC0zNDM2M2JjN2M0YzAiOnsiY3JlYXRlIjoxODAwMDAwMDAwMDAwLCJkZWxldGUiOjkwMDAwMDAwMDAwMCwidXBkYXRlIjozNjAwMDAwMDAwMDAwfSwic2NoZW1hX3ZlcnNpb24iOiIxIn0=",
          "dependencies": [
            "aws_iam_role.desafio-role-eks-cluster",
            "aws_iam_role.desafio-role-nodes-eks-cluster",
            "aws_iam_role_policy_attachment.desafio-attach-eks-cluster-policy",
            "aws_iam_role_policy_attachment.desafio-attach-eks-service-policy",
            "aws_iam_role_policy_attachment.desafio-attach-nodes-EC2-container-registry-readonly-policy",
            "aws_iam_role_policy_attachment.desafio-attach-nodes-EKS-CNI-policy",
            "aws_iam_role_policy_attachment.desafio-attach-nodes-cluster-policy",
            "aws_iam_role_policy_attachment.desafio-attach-nodes-worknode-policy",
            "aws_security_group.desafio-sg-cluster-eks",
            "aws_subnet.desafio-public-subnet-1",
            "aws_subnet.desafio-public-subnet-2",
            "aws_vpc.desafio-vpc"
          ]
        }
      ]
    },
    {
      "mode": "managed",
      "type": "aws_eks_node_group",
      "name": "desafio-eks-nodes-ondemand",
      "provider": "provider[\"registry.terraform.io/hashicorp/aws\"]",
      "instances": [
        {
          "schema_version": 0,
          "attributes": {
            "ami_type": "AL2023_x86_64_STANDARD",
            "arn": "arn:aws:eks:us-east-2:870205216049:nodegroup/Desafio-cluster-eks-LucasMenezes/desafio-eks-nodes-on-demand/86cbfd1c-5821-a19d-32d4-bfd91da90d7f",
            "capacity_type": "ON_DEMAND",
            "cluster_name": "Desafio-cluster-eks-LucasMenezes",
            "disk_size": 20,
            "force_update_version": null,
            "id": "Desafio-cluster-eks-LucasMenezes:desafio-eks-nodes-on-demand",
            "instance_types": [
              "t3a.medium"
            ],
            "labels": {},
            "launch_template": [],
            "node_group_name": "desafio-eks-nodes-on-demand",
            "node_group_name_prefix": "",
            "node_repair_config": [],
            "node_role_arn": "arn:aws:iam::870205216049:role/Desafio-role-nodes-cluster-LucasMenezes",
            "release_version": "1.33.0-20250704",
            "remote_access": [],
            "resources": [
              {
                "autoscaling_groups": [
                  {
                    "name": "eks-desafio-eks-nodes-on-demand-86cbfd1c-5821-a19d-32d4-bfd91da90d7f"
                  }
                ],
                "remote_access_security_group_id": ""
              }
            ],
            "scaling_config": [
              {
                "desired_size": 1,
                "max_size": 1,
                "min_size": 1
              }
            ],
            "status": "ACTIVE",
            "subnet_ids": [
              "subnet-015361efe340169f3",
              "subnet-07b74b76939f90596"
            ],
            "tags": {
              "Name": "Desafio-EKS-node-group-LucasMenezes"
            },
            "tags_all": {
              "Name": "Desafio-EKS-node-group-LucasMenezes"
            },
            "taint": [],
            "timeouts": null,
            "update_config": [
              {
                "max_unavailable": 1,
                "max_unavailable_percentage": 0
              }
            ],
            "version": "1.33"
          },
          "sensitive_attributes": [],
          "private": "eyJlMmJmYjczMC1lY2FhLTExZTYtOGY4OC0zNDM2M2JjN2M0YzAiOnsiY3JlYXRlIjozNjAwMDAwMDAwMDAwLCJkZWxldGUiOjM2MDAwMDAwMDAwMDAsInVwZGF0ZSI6MzYwMDAwMDAwMDAwMH19",
          "dependencies": [
            "aws_eks_cluster.desafio-cluster-eks",
            "aws_iam_role.desafio-role-eks-cluster",
            "aws_iam_role.desafio-role-nodes-eks-cluster",
            "aws_iam_role_policy_attachment.desafio-attach-eks-cluster-policy",
            "aws_iam_role_policy_attachment.desafio-attach-eks-service-policy",
            "aws_iam_role_policy_attachment.desafio-attach-nodes-EC2-container-registry-readonly-policy",
            "aws_iam_role_policy_attachment.desafio-attach-nodes-EKS-CNI-policy",
            "aws_iam_role_policy_attachment.desafio-attach-nodes-cluster-policy",
            "aws_iam_role_policy_attachment.desafio-attach-nodes-worknode-policy",
            "aws_security_group.desafio-sg-cluster-eks",
            "aws_subnet.desafio-public-subnet-1",
            "aws_subnet.desafio-public-subnet-2",
            "aws_vpc.desafio-vpc"
          ]
        }
      ]
    },
    {
      "mode": "managed",
      "type": "aws_eks_node_group",
      "name": "desafio-eks-nodes-spot",
      "provider": "provider[\"registry.terraform.io/hashicorp/aws\"]",
      "instances": [
        {
          "schema_version": 0,
          "attributes": {
            "ami_type": "AL2023_x86_64_STANDARD",
            "arn": "arn:aws:eks:us-east-2:870205216049:nodegroup/Desafio-cluster-eks-LucasMenezes/desafio-eks-nodes-spot/4ccbfd1c-5822-c800-7ba0-be1445e3d5cc",
            "capacity_type": "SPOT",
            "cluster_name": "Desafio-cluster-eks-LucasMenezes",
            "disk_size": 20,
            "force_update_version": null,
            "id": "Desafio-cluster-eks-LucasMenezes:desafio-eks-nodes-spot",
            "instance_types": [
              "t3a.medium"
            ],
            "labels": {},
            "launch_template": [],
            "node_group_name": "desafio-eks-nodes-spot",
            "node_group_name_prefix": "",
            "node_repair_config": [],
            "node_role_arn": "arn:aws:iam::870205216049:role/Desafio-role-nodes-cluster-LucasMenezes",
            "release_version": "1.33.0-20250704",
            "remote_access": [],
            "resources": [
              {
                "autoscaling_groups": [
                  {
                    "name": "eks-desafio-eks-nodes-spot-4ccbfd1c-5822-c800-7ba0-be1445e3d5cc"
                  }
                ],
                "remote_access_security_group_id": ""
              }
            ],
            "scaling_config": [
              {
                "desired_size": 1,
                "max_size": 1,
                "min_size": 1
              }
            ],
            "status": "ACTIVE",
            "subnet_ids": [
              "subnet-015361efe340169f3",
              "subnet-07b74b76939f90596"
            ],
            "tags": {
              "Name": "Desafio-EKS-nodes-spot-LucasMenezes"
            },
            "tags_all": {
              "Name": "Desafio-EKS-nodes-spot-LucasMenezes"
            },
            "taint": [],
            "timeouts": null,
            "update_config": [
              {
                "max_unavailable": 1,
                "max_unavailable_percentage": 0
              }
            ],
            "version": "1.33"
          },
          "sensitive_attributes": [],
          "private": "eyJlMmJmYjczMC1lY2FhLTExZTYtOGY4OC0zNDM2M2JjN2M0YzAiOnsiY3JlYXRlIjozNjAwMDAwMDAwMDAwLCJkZWxldGUiOjM2MDAwMDAwMDAwMDAsInVwZGF0ZSI6MzYwMDAwMDAwMDAwMH19",
          "dependencies": [
            "aws_eks_cluster.desafio-cluster-eks",
            "aws_iam_role.desafio-role-eks-cluster",
            "aws_iam_role.desafio-role-nodes-eks-cluster",
            "aws_iam_role_policy_attachment.desafio-attach-eks-cluster-policy",
            "aws_iam_role_policy_attachment.desafio-attach-eks-service-policy",
            "aws_iam_role_policy_attachment.desafio-attach-nodes-EC2-container-registry-readonly-policy",
            "aws_iam_role_policy_attachment.desafio-attach-nodes-EKS-CNI-policy",
            "aws_iam_role_policy_attachment.desafio-attach-nodes-cluster-policy",
            "aws_iam_role_policy_attachment.desafio-attach-nodes-worknode-policy",
            "aws_security_group.desafio-sg-cluster-eks",
            "aws_subnet.desafio-public-subnet-1",
            "aws_subnet.desafio-public-subnet-2",
            "aws_vpc.desafio-vpc"
          ]
        }
      ]
    },
    {
      "mode": "managed",
      "type": "aws_eks_node_group",
      "name": "desafio-eks-nodes-spot-2",
      "provider": "provider[\"registry.terraform.io/hashicorp/aws\"]",
      "instances": [
        {
          "schema_version": 0,
          "attributes": {
            "ami_type": "AL2023_x86_64_STANDARD",
            "arn": "arn:aws:eks:us-east-2:870205216049:nodegroup/Desafio-cluster-eks-LucasMenezes/desafio-eks-nodes-spot-2/bccbfd1c-581f-494f-129d-7dc8b9338688",
            "capacity_type": "SPOT",
            "cluster_name": "Desafio-cluster-eks-LucasMenezes",
            "disk_size": 20,
            "force_update_version": null,
            "id": "Desafio-cluster-eks-LucasMenezes:desafio-eks-nodes-spot-2",
            "instance_types": [
              "t3a.medium"
            ],
            "labels": {},
            "launch_template": [],
            "node_group_name": "desafio-eks-nodes-spot-2",
            "node_group_name_prefix": "",
            "node_repair_config": [],
            "node_role_arn": "arn:aws:iam::870205216049:role/Desafio-role-nodes-cluster-LucasMenezes",
            "release_version": "1.33.0-20250704",
            "remote_access": [],
            "resources": [
              {
                "autoscaling_groups": [
                  {
                    "name": "eks-desafio-eks-nodes-spot-2-bccbfd1c-581f-494f-129d-7dc8b9338688"
                  }
                ],
                "remote_access_security_group_id": ""
              }
            ],
            "scaling_config": [
              {
                "desired_size": 1,
                "max_size": 1,
                "min_size": 1
              }
            ],
            "status": "ACTIVE",
            "subnet_ids": [
              "subnet-015361efe340169f3",
              "subnet-07b74b76939f90596"
            ],
            "tags": {
              "Name": "Desafio-EKS-nodes-spot2-LucasMenezes"
            },
            "tags_all": {
              "Name": "Desafio-EKS-nodes-spot2-LucasMenezes"
            },
            "taint": [],
            "timeouts": null,
            "update_config": [
              {
                "max_unavailable": 1,
                "max_unavailable_percentage": 0
              }
            ],
            "version": "1.33"
          },
          "sensitive_attributes": [],
          "private": "eyJlMmJmYjczMC1lY2FhLTExZTYtOGY4OC0zNDM2M2JjN2M0YzAiOnsiY3JlYXRlIjozNjAwMDAwMDAwMDAwLCJkZWxldGUiOjM2MDAwMDAwMDAwMDAsInVwZGF0ZSI6MzYwMDAwMDAwMDAwMH19",
          "dependencies": [
            "aws_eks_cluster.desafio-cluster-eks",
            "aws_iam_role.desafio-role-eks-cluster",
            "aws_iam_role.desafio-role-nodes-eks-cluster",
            "aws_iam_role_policy_attachment.desafio-attach-eks-cluster-policy",
            "aws_iam_role_policy_attachment.desafio-attach-eks-service-policy",
            "aws_iam_role_policy_attachment.desafio-attach-nodes-EC2-container-registry-readonly-policy",
            "aws_iam_role_policy_attachment.desafio-attach-nodes-EKS-CNI-policy",
            "aws_iam_role_policy_attachment.desafio-attach-nodes-cluster-policy",
            "aws_iam_role_policy_attachment.desafio-attach-nodes-worknode-policy",
            "aws_security_group.desafio-sg-cluster-eks",
            "aws_subnet.desafio-public-subnet-1",
            "aws_subnet.desafio-public-subnet-2",
            "aws_vpc.desafio-vpc"
          ]
        }
      ]
    },
    {
      "mode": "managed",
      "type": "aws_iam_role",
      "name": "desafio-role-eks-cluster",
      "provider": "provider[\"registry.terraform.io/hashicorp/aws\"]",
      "instances": [
        {
          "schema_version": 0,
          "attributes": {
            "arn": "arn:aws:iam::870205216049:role/Desafio-role-eks-cluster-LucasMenezes",
            "assume_role_policy": "{\"Statement\":[{\"Action\":\"sts:AssumeRole\",\"Effect\":\"Allow\",\"Principal\":{\"Service\":\"eks.amazonaws.com\"}}],\"Version\":\"2012-10-17\"}",
            "create_date": "2025-07-11T15:55:08Z",
            "description": "",
            "force_detach_policies": false,
            "id": "Desafio-role-eks-cluster-LucasMenezes",
            "inline_policy": [],
            "managed_policy_arns": [
              "arn:aws:iam::aws:policy/AmazonEKSClusterPolicy",
              "arn:aws:iam::aws:policy/AmazonEKSServicePolicy"
            ],
            "max_session_duration": 3600,
            "name": "Desafio-role-eks-cluster-LucasMenezes",
            "name_prefix": "",
            "path": "/",
            "permissions_boundary": "",
            "tags": {},
            "tags_all": {},
            "unique_id": "AROA4VHCF2UYUKU3XTF4T"
          },
          "sensitive_attributes": [],
          "private": "bnVsbA=="
        }
      ]
    },
    {
      "mode": "managed",
      "type": "aws_iam_role",
      "name": "desafio-role-nodes-eks-cluster",
      "provider": "provider[\"registry.terraform.io/hashicorp/aws\"]",
      "instances": [
        {
          "schema_version": 0,
          "attributes": {
            "arn": "arn:aws:iam::870205216049:role/Desafio-role-nodes-cluster-LucasMenezes",
            "assume_role_policy": "{\"Statement\":[{\"Action\":\"sts:AssumeRole\",\"Effect\":\"Allow\",\"Principal\":{\"Service\":\"ec2.amazonaws.com\"}}],\"Version\":\"2012-10-17\"}",
            "create_date": "2025-07-11T15:55:08Z",
            "description": "",
            "force_detach_policies": false,
            "id": "Desafio-role-nodes-cluster-LucasMenezes",
            "inline_policy": [],
            "managed_policy_arns": [
              "arn:aws:iam::aws:policy/AmazonEC2ContainerRegistryReadOnly",
              "arn:aws:iam::aws:policy/AmazonEKSClusterPolicy",
              "arn:aws:iam::aws:policy/AmazonEKSWorkerNodePolicy",
              "arn:aws:iam::aws:policy/AmazonEKS_CNI_Policy"
            ],
            "max_session_duration": 3600,
            "name": "Desafio-role-nodes-cluster-LucasMenezes",
            "name_prefix": "",
            "path": "/",
            "permissions_boundary": "",
            "tags": {},
            "tags_all": {},
            "unique_id": "AROA4VHCF2UYS2JFEJEY5"
          },
          "sensitive_attributes": [],
          "private": "bnVsbA=="
        }
      ]
    },
    {
      "mode": "managed",
      "type": "aws_iam_role_policy_attachment",
      "name": "desafio-attach-eks-cluster-policy",
      "provider": "provider[\"registry.terraform.io/hashicorp/aws\"]",
      "instances": [
        {
          "schema_version": 0,
          "attributes": {
            "id": "Desafio-role-eks-cluster-LucasMenezes-20250711155509591800000001",
            "policy_arn": "arn:aws:iam::aws:policy/AmazonEKSClusterPolicy",
            "role": "Desafio-role-eks-cluster-LucasMenezes"
          },
          "sensitive_attributes": [],
          "private": "bnVsbA==",
          "dependencies": [
            "aws_iam_role.desafio-role-eks-cluster"
          ]
        }
      ]
    },
    {
      "mode": "managed",
      "type": "aws_iam_role_policy_attachment",
      "name": "desafio-attach-eks-service-policy",
      "provider": "provider[\"registry.terraform.io/hashicorp/aws\"]",
      "instances": [
        {
          "schema_version": 0,
          "attributes": {
            "id": "Desafio-role-eks-cluster-LucasMenezes-20250711155509829200000003",
            "policy_arn": "arn:aws:iam::aws:policy/AmazonEKSServicePolicy",
            "role": "Desafio-role-eks-cluster-LucasMenezes"
          },
          "sensitive_attributes": [],
          "private": "bnVsbA==",
          "dependencies": [
            "aws_iam_role.desafio-role-eks-cluster"
          ]
        }
      ]
    },
    {
      "mode": "managed",
      "type": "aws_iam_role_policy_attachment",
      "name": "desafio-attach-nodes-EC2-container-registry-readonly-policy",
      "provider": "provider[\"registry.terraform.io/hashicorp/aws\"]",
      "instances": [
        {
          "schema_version": 0,
          "attributes": {
            "id": "Desafio-role-nodes-cluster-LucasMenezes-20250711155509829300000004",
            "policy_arn": "arn:aws:iam::aws:policy/AmazonEC2ContainerRegistryReadOnly",
            "role": "Desafio-role-nodes-cluster-LucasMenezes"
          },
          "sensitive_attributes": [],
          "private": "bnVsbA==",
          "dependencies": [
            "aws_iam_role.desafio-role-nodes-eks-cluster"
          ]
        }
      ]
    },
    {
      "mode": "managed",
      "type": "aws_iam_role_policy_attachment",
      "name": "desafio-attach-nodes-EKS-CNI-policy",
      "provider": "provider[\"registry.terraform.io/hashicorp/aws\"]",
      "instances": [
        {
          "schema_version": 0,
          "attributes": {
            "id": "Desafio-role-nodes-cluster-LucasMenezes-20250711155510067400000006",
            "policy_arn": "arn:aws:iam::aws:policy/AmazonEKS_CNI_Policy",
            "role": "Desafio-role-nodes-cluster-LucasMenezes"
          },
          "sensitive_attributes": [],
          "private": "bnVsbA==",
          "dependencies": [
            "aws_iam_role.desafio-role-nodes-eks-cluster"
          ]
        }
      ]
    },
    {
      "mode": "managed",
      "type": "aws_iam_role_policy_attachment",
      "name": "desafio-attach-nodes-cluster-policy",
      "provider": "provider[\"registry.terraform.io/hashicorp/aws\"]",
      "instances": [
        {
          "schema_version": 0,
          "attributes": {
            "id": "Desafio-role-nodes-cluster-LucasMenezes-20250711155510060900000005",
            "policy_arn": "arn:aws:iam::aws:policy/AmazonEKSClusterPolicy",
            "role": "Desafio-role-nodes-cluster-LucasMenezes"
          },
          "sensitive_attributes": [],
          "private": "bnVsbA==",
          "dependencies": [
            "aws_iam_role.desafio-role-nodes-eks-cluster"
          ]
        }
      ]
    },
    {
      "mode": "managed",
      "type": "aws_iam_role_policy_attachment",
      "name": "desafio-attach-nodes-worknode-policy",
      "provider": "provider[\"registry.terraform.io/hashicorp/aws\"]",
      "instances": [
        {
          "schema_version": 0,
          "attributes": {
            "id": "Desafio-role-nodes-cluster-LucasMenezes-20250711155509592100000002",
            "policy_arn": "arn:aws:iam::aws:policy/AmazonEKSWorkerNodePolicy",
            "role": "Desafio-role-nodes-cluster-LucasMenezes"
          },
          "sensitive_attributes": [],
          "private": "bnVsbA==",
          "dependencies": [
            "aws_iam_role.desafio-role-nodes-eks-cluster"
          ]
        }
      ]
    },
    {
      "mode": "managed",
      "type": "aws_internet_gateway",
      "name": "desafio-igw",
      "provider": "provider[\"registry.terraform.io/hashicorp/aws\"]",
      "instances": [
        {
          "schema_version": 0,
          "attributes": {
            "arn": "arn:aws:ec2:us-east-2:870205216049:internet-gateway/igw-05440a2178e6c2a23",
            "id": "igw-05440a2178e6c2a23",
            "owner_id": "870205216049",
            "tags": {
              "Name": "Desafio-Internet-Gateway-LucasMenezes"
            },
            "tags_all": {
              "Name": "Desafio-Internet-Gateway-LucasMenezes"
            },
            "timeouts": null,
            "vpc_id": "vpc-0ff3ebbb89b83a0e7"
          },
          "sensitive_attributes": [],
          "private": "eyJlMmJmYjczMC1lY2FhLTExZTYtOGY4OC0zNDM2M2JjN2M0YzAiOnsiY3JlYXRlIjoxMjAwMDAwMDAwMDAwLCJkZWxldGUiOjEyMDAwMDAwMDAwMDAsInVwZGF0ZSI6MTIwMDAwMDAwMDAwMH19",
          "dependencies": [
            "aws_vpc.desafio-vpc"
          ]
        }
      ]
    },
    {
      "mode": "managed",
      "type": "aws_msk_cluster",
      "name": "desafio-msk-cluster",
      "provider": "provider[\"registry.terraform.io/hashicorp/aws\"]",
      "instances": [
        {
          "schema_version": 0,
          "attributes": {
            "arn": "arn:aws:kafka:us-east-2:870205216049:cluster/Desafio-cluster-msk-LucasMenezes/92c3cf89-f5c0-4b22-97dc-e1670c2a49a1-7",
            "bootstrap_brokers": "",
            "bootstrap_brokers_public_sasl_iam": "",
            "bootstrap_brokers_public_sasl_scram": "",
            "bootstrap_brokers_public_tls": "",
            "bootstrap_brokers_sasl_iam": "",
            "bootstrap_brokers_sasl_scram": "",
            "bootstrap_brokers_tls": "b-1.desafioclustermsklucas.63f904.c7.kafka.us-east-2.amazonaws.com:9094,b-2.desafioclustermsklucas.63f904.c7.kafka.us-east-2.amazonaws.com:9094",
            "bootstrap_brokers_vpc_connectivity_sasl_iam": "",
            "bootstrap_brokers_vpc_connectivity_sasl_scram": "",
            "bootstrap_brokers_vpc_connectivity_tls": "",
            "broker_node_group_info": [
              {
                "az_distribution": "DEFAULT",
                "client_subnets": [
                  "subnet-00350794706ba2709",
                  "subnet-04e8adb92991d80fe"
                ],
                "connectivity_info": [
                  {
                    "public_access": [
                      {
                        "type": "DISABLED"
                      }
                    ],
                    "vpc_connectivity": [
                      {
                        "client_authentication": [
                          {
                            "sasl": [
                              {
                                "iam": false,
                                "scram": false
                              }
                            ],
                            "tls": false
                          }
                        ]
                      }
                    ]
                  }
                ],
                "instance_type": "kafka.t3.small",
                "security_groups": [
                  "sg-02752de23f5cda2b8"
                ],
                "storage_info": [
                  {
                    "ebs_storage_info": [
                      {
                        "provisioned_throughput": [],
                        "volume_size": 1000
                      }
                    ]
                  }
                ]
              }
            ],
            "client_authentication": [],
            "cluster_name": "Desafio-cluster-msk-LucasMenezes",
            "cluster_uuid": "92c3cf89-f5c0-4b22-97dc-e1670c2a49a1-7",
            "configuration_info": [],
            "current_version": "K3P5ROKL5A1OLE",
            "encryption_info": [
              {
                "encryption_at_rest_kms_key_arn": "arn:aws:kms:us-east-2:870205216049:key/af82d5c3-f220-4713-8dcd-2fb7e981823c",
                "encryption_in_transit": [
                  {
                    "client_broker": "TLS",
                    "in_cluster": true
                  }
                ]
              }
            ],
            "enhanced_monitoring": "DEFAULT",
            "id": "arn:aws:kafka:us-east-2:870205216049:cluster/Desafio-cluster-msk-LucasMenezes/92c3cf89-f5c0-4b22-97dc-e1670c2a49a1-7",
            "kafka_version": "3.7.x",
            "logging_info": [],
            "number_of_broker_nodes": 2,
            "open_monitoring": [
              {
                "prometheus": [
                  {
                    "jmx_exporter": [
                      {
                        "enabled_in_broker": false
                      }
                    ],
                    "node_exporter": [
                      {
                        "enabled_in_broker": false
                      }
                    ]
                  }
                ]
              }
            ],
            "storage_mode": "LOCAL",
            "tags": {},
            "tags_all": {},
            "timeouts": null,
            "zookeeper_connect_string": "z-1.desafioclustermsklucas.63f904.c7.kafka.us-east-2.amazonaws.com:2181,z-2.desafioclustermsklucas.63f904.c7.kafka.us-east-2.amazonaws.com:2181,z-3.desafioclustermsklucas.63f904.c7.kafka.us-east-2.amazonaws.com:2181",
            "zookeeper_connect_string_tls": "z-1.desafioclustermsklucas.63f904.c7.kafka.us-east-2.amazonaws.com:2182,z-2.desafioclustermsklucas.63f904.c7.kafka.us-east-2.amazonaws.com:2182,z-3.desafioclustermsklucas.63f904.c7.kafka.us-east-2.amazonaws.com:2182"
          },
          "sensitive_attributes": [],
          "private": "eyJlMmJmYjczMC1lY2FhLTExZTYtOGY4OC0zNDM2M2JjN2M0YzAiOnsiY3JlYXRlIjo3MjAwMDAwMDAwMDAwLCJkZWxldGUiOjcyMDAwMDAwMDAwMDAsInVwZGF0ZSI6NzIwMDAwMDAwMDAwMH19",
          "dependencies": [
            "aws_security_group.desafio-sg-msk",
            "aws_subnet.desafio-private-subnet-1",
            "aws_subnet.desafio-private-subnet-2",
            "aws_vpc.desafio-vpc"
          ]
        }
      ]
    },
    {
      "mode": "managed",
      "type": "aws_route_table",
      "name": "desafio-private-rt",
      "provider": "provider[\"registry.terraform.io/hashicorp/aws\"]",
      "instances": [
        {
          "schema_version": 0,
          "attributes": {
            "arn": "arn:aws:ec2:us-east-2:870205216049:route-table/rtb-0b6259ab4f001387f",
            "id": "rtb-0b6259ab4f001387f",
            "owner_id": "870205216049",
            "propagating_vgws": [],
            "route": [],
            "tags": {
              "Name": "Desafio-Private-rt-LucasMenezes"
            },
            "tags_all": {
              "Name": "Desafio-Private-rt-LucasMenezes"
            },
            "timeouts": null,
            "vpc_id": "vpc-0ff3ebbb89b83a0e7"
          },
          "sensitive_attributes": [],
          "private": "eyJlMmJmYjczMC1lY2FhLTExZTYtOGY4OC0zNDM2M2JjN2M0YzAiOnsiY3JlYXRlIjozMDAwMDAwMDAwMDAsImRlbGV0ZSI6MzAwMDAwMDAwMDAwLCJ1cGRhdGUiOjEyMDAwMDAwMDAwMH19",
          "dependencies": [
            "aws_vpc.desafio-vpc"
          ]
        }
      ]
    },
    {
      "mode": "managed",
      "type": "aws_route_table",
      "name": "desafio-public-rt",
      "provider": "provider[\"registry.terraform.io/hashicorp/aws\"]",
      "instances": [
        {
          "schema_version": 0,
          "attributes": {
            "arn": "arn:aws:ec2:us-east-2:870205216049:route-table/rtb-055a6289db67b4d77",
            "id": "rtb-055a6289db67b4d77",
            "owner_id": "870205216049",
            "propagating_vgws": [],
            "route": [
              {
                "carrier_gateway_id": "",
                "cidr_block": "0.0.0.0/0",
                "core_network_arn": "",
                "destination_prefix_list_id": "",
                "egress_only_gateway_id": "",
                "gateway_id": "igw-05440a2178e6c2a23",
                "ipv6_cidr_block": "",
                "local_gateway_id": "",
                "nat_gateway_id": "",
                "network_interface_id": "",
                "transit_gateway_id": "",
                "vpc_endpoint_id": "",
                "vpc_peering_connection_id": ""
              }
            ],
            "tags": {
              "Name": "Desafio-Public-rt-LucasMenezes"
            },
            "tags_all": {
              "Name": "Desafio-Public-rt-LucasMenezes"
            },
            "timeouts": null,
            "vpc_id": "vpc-0ff3ebbb89b83a0e7"
          },
          "sensitive_attributes": [],
          "private": "eyJlMmJmYjczMC1lY2FhLTExZTYtOGY4OC0zNDM2M2JjN2M0YzAiOnsiY3JlYXRlIjozMDAwMDAwMDAwMDAsImRlbGV0ZSI6MzAwMDAwMDAwMDAwLCJ1cGRhdGUiOjEyMDAwMDAwMDAwMH19",
          "dependencies": [
            "aws_internet_gateway.desafio-igw",
            "aws_vpc.desafio-vpc"
          ]
        }
      ]
    },
    {
      "mode": "managed",
      "type": "aws_route_table_association",
      "name": "desafio-private-rt-assoc-1",
      "provider": "provider[\"registry.terraform.io/hashicorp/aws\"]",
      "instances": [
        {
          "schema_version": 0,
          "attributes": {
            "gateway_id": "",
            "id": "rtbassoc-0e59b6db9c6b4c73b",
            "route_table_id": "rtb-0b6259ab4f001387f",
            "subnet_id": "subnet-00350794706ba2709",
            "timeouts": null
          },
          "sensitive_attributes": [],
          "private": "eyJlMmJmYjczMC1lY2FhLTExZTYtOGY4OC0zNDM2M2JjN2M0YzAiOnsiY3JlYXRlIjozMDAwMDAwMDAwMDAsImRlbGV0ZSI6MzAwMDAwMDAwMDAwLCJ1cGRhdGUiOjEyMDAwMDAwMDAwMH19",
          "dependencies": [
            "aws_route_table.desafio-private-rt",
            "aws_subnet.desafio-private-subnet-1",
            "aws_vpc.desafio-vpc"
          ]
        }
      ]
    },
    {
      "mode": "managed",
      "type": "aws_route_table_association",
      "name": "desafio-private-rt-assoc-2",
      "provider": "provider[\"registry.terraform.io/hashicorp/aws\"]",
      "instances": [
        {
          "schema_version": 0,
          "attributes": {
            "gateway_id": "",
            "id": "rtbassoc-093589d64a6583e06",
            "route_table_id": "rtb-0b6259ab4f001387f",
            "subnet_id": "subnet-04e8adb92991d80fe",
            "timeouts": null
          },
          "sensitive_attributes": [],
          "private": "eyJlMmJmYjczMC1lY2FhLTExZTYtOGY4OC0zNDM2M2JjN2M0YzAiOnsiY3JlYXRlIjozMDAwMDAwMDAwMDAsImRlbGV0ZSI6MzAwMDAwMDAwMDAwLCJ1cGRhdGUiOjEyMDAwMDAwMDAwMH19",
          "dependencies": [
            "aws_route_table.desafio-private-rt",
            "aws_subnet.desafio-private-subnet-2",
            "aws_vpc.desafio-vpc"
          ]
        }
      ]
    },
    {
      "mode": "managed",
      "type": "aws_route_table_association",
      "name": "desafio-public-rt-assoc-1",
      "provider": "provider[\"registry.terraform.io/hashicorp/aws\"]",
      "instances": [
        {
          "schema_version": 0,
          "attributes": {
            "gateway_id": "",
            "id": "rtbassoc-00424e937104737b0",
            "route_table_id": "rtb-055a6289db67b4d77",
            "subnet_id": "subnet-015361efe340169f3",
            "timeouts": null
          },
          "sensitive_attributes": [],
          "private": "eyJlMmJmYjczMC1lY2FhLTExZTYtOGY4OC0zNDM2M2JjN2M0YzAiOnsiY3JlYXRlIjozMDAwMDAwMDAwMDAsImRlbGV0ZSI6MzAwMDAwMDAwMDAwLCJ1cGRhdGUiOjEyMDAwMDAwMDAwMH19",
          "dependencies": [
            "aws_internet_gateway.desafio-igw",
            "aws_route_table.desafio-public-rt",
            "aws_subnet.desafio-public-subnet-1",
            "aws_vpc.desafio-vpc"
          ]
        }
      ]
    },
    {
      "mode": "managed",
      "type": "aws_route_table_association",
      "name": "desafio-public-rt-assoc-2",
      "provider": "provider[\"registry.terraform.io/hashicorp/aws\"]",
      "instances": [
        {
          "schema_version": 0,
          "attributes": {
            "gateway_id": "",
            "id": "rtbassoc-0a8a4234d7d498af8",
            "route_table_id": "rtb-055a6289db67b4d77",
            "subnet_id": "subnet-07b74b76939f90596",
            "timeouts": null
          },
          "sensitive_attributes": [],
          "private": "eyJlMmJmYjczMC1lY2FhLTExZTYtOGY4OC0zNDM2M2JjN2M0YzAiOnsiY3JlYXRlIjozMDAwMDAwMDAwMDAsImRlbGV0ZSI6MzAwMDAwMDAwMDAwLCJ1cGRhdGUiOjEyMDAwMDAwMDAwMH19",
          "dependencies": [
            "aws_internet_gateway.desafio-igw",
            "aws_route_table.desafio-public-rt",
            "aws_subnet.desafio-public-subnet-2",
            "aws_vpc.desafio-vpc"
          ]
        }
      ]
    },
    {
      "mode": "managed",
      "type": "aws_security_group",
      "name": "desafio-sg-cluster-eks",
      "provider": "provider[\"registry.terraform.io/hashicorp/aws\"]",
      "instances": [
        {
          "schema_version": 1,
          "attributes": {
            "arn": "arn:aws:ec2:us-east-2:870205216049:security-group/sg-0a6b6114d91d3f281",
            "description": "AWS sg for terraform",
            "egress": [
              {
                "cidr_blocks": [
                  "0.0.0.0/0"
                ],
                "description": "",
                "from_port": 0,
                "ipv6_cidr_blocks": [],
                "prefix_list_ids": [],
                "protocol": "-1",
                "security_groups": [],
                "self": false,
                "to_port": 0
              }
            ],
            "id": "sg-0a6b6114d91d3f281",
            "ingress": [
              {
                "cidr_blocks": [
                  "128.0.1.0/24",
                  "128.0.2.0/24",
                  "128.0.0.0/16"
                ],
                "description": "",
                "from_port": 1,
                "ipv6_cidr_blocks": [],
                "prefix_list_ids": [],
                "protocol": "tcp",
                "security_groups": [],
                "self": false,
                "to_port": 65365
              }
            ],
            "name": "desafio-sg-cluster-LucasMenezes",
            "name_prefix": "",
            "owner_id": "870205216049",
            "revoke_rules_on_delete": false,
            "tags": {},
            "tags_all": {},
            "timeouts": null,
            "vpc_id": "vpc-0ff3ebbb89b83a0e7"
          },
          "sensitive_attributes": [],
          "private": "eyJlMmJmYjczMC1lY2FhLTExZTYtOGY4OC0zNDM2M2JjN2M0YzAiOnsiY3JlYXRlIjo2MDAwMDAwMDAwMDAsImRlbGV0ZSI6OTAwMDAwMDAwMDAwfSwic2NoZW1hX3ZlcnNpb24iOiIxIn0=",
          "dependencies": [
            "aws_subnet.desafio-public-subnet-1",
            "aws_subnet.desafio-public-subnet-2",
            "aws_vpc.desafio-vpc"
          ]
        }
      ]
    },
    {
      "mode": "managed",
      "type": "aws_security_group",
      "name": "desafio-sg-msk",
      "provider": "provider[\"registry.terraform.io/hashicorp/aws\"]",
      "instances": [
        {
          "schema_version": 1,
          "attributes": {
            "arn": "arn:aws:ec2:us-east-2:870205216049:security-group/sg-02752de23f5cda2b8",
            "description": "Managed by Terraform",
            "egress": [],
            "id": "sg-02752de23f5cda2b8",
            "ingress": [],
            "name": "terraform-20250711155511411500000008",
            "name_prefix": "terraform-",
            "owner_id": "870205216049",
            "revoke_rules_on_delete": false,
            "tags": {},
            "tags_all": {},
            "timeouts": null,
            "vpc_id": "vpc-0ff3ebbb89b83a0e7"
          },
          "sensitive_attributes": [],
          "private": "eyJlMmJmYjczMC1lY2FhLTExZTYtOGY4OC0zNDM2M2JjN2M0YzAiOnsiY3JlYXRlIjo2MDAwMDAwMDAwMDAsImRlbGV0ZSI6OTAwMDAwMDAwMDAwfSwic2NoZW1hX3ZlcnNpb24iOiIxIn0=",
          "dependencies": [
            "aws_vpc.desafio-vpc"
          ]
        }
      ]
    },
    {
      "mode": "managed",
      "type": "aws_security_group",
      "name": "desafio-sg-rds",
      "provider": "provider[\"registry.terraform.io/hashicorp/aws\"]",
      "instances": [
        {
          "schema_version": 1,
          "attributes": {
            "arn": "arn:aws:ec2:us-east-2:870205216049:security-group/sg-06fc97807d2f5a188",
            "description": "Allow ssh inbound traffic",
            "egress": [
              {
                "cidr_blocks": [
                  "0.0.0.0/0"
                ],
                "description": "",
                "from_port": 0,
                "ipv6_cidr_blocks": [
                  "::/0"
                ],
                "prefix_list_ids": [],
                "protocol": "-1",
                "security_groups": [],
                "self": false,
                "to_port": 0
              }
            ],
            "id": "sg-06fc97807d2f5a188",
            "ingress": [
              {
                "cidr_blocks": [
                  "0.0.0.0/0"
                ],
                "description": "HTTP",
                "from_port": 80,
                "ipv6_cidr_blocks": [],
                "prefix_list_ids": [],
                "protocol": "tcp",
                "security_groups": [],
                "self": false,
                "to_port": 80
              },
              {
                "cidr_blocks": [
                  "181.223.215.39/32"
                ],
                "description": "SSH",
                "from_port": 22,
                "ipv6_cidr_blocks": [],
                "prefix_list_ids": [],
                "protocol": "tcp",
                "security_groups": [],
                "self": false,
                "to_port": 22
              },
              {
                "cidr_blocks": [],
                "description": "MySQL Port",
                "from_port": 3306,
                "ipv6_cidr_blocks": [],
                "prefix_list_ids": [],
                "protocol": "tcp",
                "security_groups": [
                  "sg-0a6b6114d91d3f281"
                ],
                "self": false,
                "to_port": 3306
              }
            ],
            "name": "Desafio-sg-rds-LucasMenezes",
            "name_prefix": "",
            "owner_id": "870205216049",
            "revoke_rules_on_delete": false,
            "tags": {
              "Name": "Desafio-sg-rds"
            },
            "tags_all": {
              "Name": "Desafio-sg-rds"
            },
            "timeouts": null,
            "vpc_id": "vpc-0ff3ebbb89b83a0e7"
          },
          "sensitive_attributes": [],
          "private": "eyJlMmJmYjczMC1lY2FhLTExZTYtOGY4OC0zNDM2M2JjN2M0YzAiOnsiY3JlYXRlIjo2MDAwMDAwMDAwMDAsImRlbGV0ZSI6OTAwMDAwMDAwMDAwfSwic2NoZW1hX3ZlcnNpb24iOiIxIn0=",
          "dependencies": [
            "aws_security_group.desafio-sg-cluster-eks",
            "aws_subnet.desafio-public-subnet-1",
            "aws_subnet.desafio-public-subnet-2",
            "aws_vpc.desafio-vpc",
            "data.http.myip"
          ]
        }
      ]
    },
    {
      "mode": "managed",
      "type": "aws_subnet",
      "name": "desafio-private-subnet-1",
      "provider": "provider[\"registry.terraform.io/hashicorp/aws\"]",
      "instances": [
        {
          "schema_version": 1,
          "attributes": {
            "arn": "arn:aws:ec2:us-east-2:870205216049:subnet/subnet-00350794706ba2709",
            "assign_ipv6_address_on_creation": false,
            "availability_zone": "us-east-2a",
            "availability_zone_id": "use2-az1",
            "cidr_block": "128.0.3.0/24",
            "customer_owned_ipv4_pool": "",
            "enable_dns64": false,
            "enable_lni_at_device_index": 0,
            "enable_resource_name_dns_a_record_on_launch": false,
            "enable_resource_name_dns_aaaa_record_on_launch": false,
            "id": "subnet-00350794706ba2709",
            "ipv6_cidr_block": "",
            "ipv6_cidr_block_association_id": "",
            "ipv6_native": false,
            "map_customer_owned_ip_on_launch": false,
            "map_public_ip_on_launch": false,
            "outpost_arn": "",
            "owner_id": "870205216049",
            "private_dns_hostname_type_on_launch": "ip-name",
            "tags": {
              "Name": "Desafio-Private-Subnet-1-LucasMenezes"
            },
            "tags_all": {
              "Name": "Desafio-Private-Subnet-1-LucasMenezes"
            },
            "timeouts": null,
            "vpc_id": "vpc-0ff3ebbb89b83a0e7"
          },
          "sensitive_attributes": [],
          "private": "eyJlMmJmYjczMC1lY2FhLTExZTYtOGY4OC0zNDM2M2JjN2M0YzAiOnsiY3JlYXRlIjo2MDAwMDAwMDAwMDAsImRlbGV0ZSI6MTIwMDAwMDAwMDAwMH0sInNjaGVtYV92ZXJzaW9uIjoiMSJ9",
          "dependencies": [
            "aws_vpc.desafio-vpc"
          ]
        }
      ]
    },
    {
      "mode": "managed",
      "type": "aws_subnet",
      "name": "desafio-private-subnet-2",
      "provider": "provider[\"registry.terraform.io/hashicorp/aws\"]",
      "instances": [
        {
          "schema_version": 1,
          "attributes": {
            "arn": "arn:aws:ec2:us-east-2:870205216049:subnet/subnet-04e8adb92991d80fe",
            "assign_ipv6_address_on_creation": false,
            "availability_zone": "us-east-2b",
            "availability_zone_id": "use2-az2",
            "cidr_block": "128.0.4.0/24",
            "customer_owned_ipv4_pool": "",
            "enable_dns64": false,
            "enable_lni_at_device_index": 0,
            "enable_resource_name_dns_a_record_on_launch": false,
            "enable_resource_name_dns_aaaa_record_on_launch": false,
            "id": "subnet-04e8adb92991d80fe",
            "ipv6_cidr_block": "",
            "ipv6_cidr_block_association_id": "",
            "ipv6_native": false,
            "map_customer_owned_ip_on_launch": false,
            "map_public_ip_on_launch": false,
            "outpost_arn": "",
            "owner_id": "870205216049",
            "private_dns_hostname_type_on_launch": "ip-name",
            "tags": {
              "Name": "Desafio-Private-Subnet-2-LucasMenezes"
            },
            "tags_all": {
              "Name": "Desafio-Private-Subnet-2-LucasMenezes"
            },
            "timeouts": null,
            "vpc_id": "vpc-0ff3ebbb89b83a0e7"
          },
          "sensitive_attributes": [],
          "private": "eyJlMmJmYjczMC1lY2FhLTExZTYtOGY4OC0zNDM2M2JjN2M0YzAiOnsiY3JlYXRlIjo2MDAwMDAwMDAwMDAsImRlbGV0ZSI6MTIwMDAwMDAwMDAwMH0sInNjaGVtYV92ZXJzaW9uIjoiMSJ9",
          "dependencies": [
            "aws_vpc.desafio-vpc"
          ]
        }
      ]
    },
    {
      "mode": "managed",
      "type": "aws_subnet",
      "name": "desafio-public-subnet-1",
      "provider": "provider[\"registry.terraform.io/hashicorp/aws\"]",
      "instances": [
        {
          "schema_version": 1,
          "attributes": {
            "arn": "arn:aws:ec2:us-east-2:870205216049:subnet/subnet-015361efe340169f3",
            "assign_ipv6_address_on_creation": false,
            "availability_zone": "us-east-2a",
            "availability_zone_id": "use2-az1",
            "cidr_block": "128.0.1.0/24",
            "customer_owned_ipv4_pool": "",
            "enable_dns64": false,
            "enable_lni_at_device_index": 0,
            "enable_resource_name_dns_a_record_on_launch": false,
            "enable_resource_name_dns_aaaa_record_on_launch": false,
            "id": "subnet-015361efe340169f3",
            "ipv6_cidr_block": "",
            "ipv6_cidr_block_association_id": "",
            "ipv6_native": false,
            "map_customer_owned_ip_on_launch": false,
            "map_public_ip_on_launch": true,
            "outpost_arn": "",
            "owner_id": "870205216049",
            "private_dns_hostname_type_on_launch": "ip-name",
            "tags": {
              "Name": "Desafio-Public-Subnet-1-LucasMenezes"
            },
            "tags_all": {
              "Name": "Desafio-Public-Subnet-1-LucasMenezes"
            },
            "timeouts": null,
            "vpc_id": "vpc-0ff3ebbb89b83a0e7"
          },
          "sensitive_attributes": [],
          "private": "eyJlMmJmYjczMC1lY2FhLTExZTYtOGY4OC0zNDM2M2JjN2M0YzAiOnsiY3JlYXRlIjo2MDAwMDAwMDAwMDAsImRlbGV0ZSI6MTIwMDAwMDAwMDAwMH0sInNjaGVtYV92ZXJzaW9uIjoiMSJ9",
          "dependencies": [
            "aws_vpc.desafio-vpc"
          ]
        }
      ]
    },
    {
      "mode": "managed",
      "type": "aws_subnet",
      "name": "desafio-public-subnet-2",
      "provider": "provider[\"registry.terraform.io/hashicorp/aws\"]",
      "instances": [
        {
          "schema_version": 1,
          "attributes": {
            "arn": "arn:aws:ec2:us-east-2:870205216049:subnet/subnet-07b74b76939f90596",
            "assign_ipv6_address_on_creation": false,
            "availability_zone": "us-east-2b",
            "availability_zone_id": "use2-az2",
            "cidr_block": "128.0.2.0/24",
            "customer_owned_ipv4_pool": "",
            "enable_dns64": false,
            "enable_lni_at_device_index": 0,
            "enable_resource_name_dns_a_record_on_launch": false,
            "enable_resource_name_dns_aaaa_record_on_launch": false,
            "id": "subnet-07b74b76939f90596",
            "ipv6_cidr_block": "",
            "ipv6_cidr_block_association_id": "",
            "ipv6_native": false,
            "map_customer_owned_ip_on_launch": false,
            "map_public_ip_on_launch": true,
            "outpost_arn": "",
            "owner_id": "870205216049",
            "private_dns_hostname_type_on_launch": "ip-name",
            "tags": {
              "Name": "Desafio-Public-Subnet-2-LucasMenezes"
            },
            "tags_all": {
              "Name": "Desafio-Public-Subnet-2-LucasMenezes"
            },
            "timeouts": null,
            "vpc_id": "vpc-0ff3ebbb89b83a0e7"
          },
          "sensitive_attributes": [],
          "private": "eyJlMmJmYjczMC1lY2FhLTExZTYtOGY4OC0zNDM2M2JjN2M0YzAiOnsiY3JlYXRlIjo2MDAwMDAwMDAwMDAsImRlbGV0ZSI6MTIwMDAwMDAwMDAwMH0sInNjaGVtYV92ZXJzaW9uIjoiMSJ9",
          "dependencies": [
            "aws_vpc.desafio-vpc"
          ]
        }
      ]
    },
    {
      "mode": "managed",
      "type": "aws_vpc",
      "name": "desafio-vpc",
      "provider": "provider[\"registry.terraform.io/hashicorp/aws\"]",
      "instances": [
        {
          "schema_version": 1,
          "attributes": {
            "arn": "arn:aws:ec2:us-east-2:870205216049:vpc/vpc-0ff3ebbb89b83a0e7",
            "assign_generated_ipv6_cidr_block": false,
            "cidr_block": "128.0.0.0/16",
            "default_network_acl_id": "acl-094cf5c168bd2b7d0",
            "default_route_table_id": "rtb-0adffa524510e1e9e",
            "default_security_group_id": "sg-0ba698c6968ee140c",
            "dhcp_options_id": "dopt-088cabec39e54a047",
            "enable_dns_hostnames": false,
            "enable_dns_support": true,
            "enable_network_address_usage_metrics": false,
            "id": "vpc-0ff3ebbb89b83a0e7",
            "instance_tenancy": "default",
            "ipv4_ipam_pool_id": null,
            "ipv4_netmask_length": null,
            "ipv6_association_id": "",
            "ipv6_cidr_block": "",
            "ipv6_cidr_block_network_border_group": "",
            "ipv6_ipam_pool_id": "",
            "ipv6_netmask_length": 0,
            "main_route_table_id": "rtb-0adffa524510e1e9e",
            "owner_id": "870205216049",
            "tags": {
              "Name": "Desafio-VPC-LucaMenezes"
            },
            "tags_all": {
              "Name": "Desafio-VPC-LucaMenezes"
            }
          },
          "sensitive_attributes": [],
          "private": "eyJzY2hlbWFfdmVyc2lvbiI6IjEifQ=="
        }
      ]
    }
  ],
  "check_results": null
}
