{
  "version": 4,
  "terraform_version": "1.9.8",
  "serial": 560,
  "lineage": "c1a41389-5e96-4ef8-423b-2457089dce09",
  "outputs": {},
  "resources": [
    {
      "mode": "data",
      "type": "aws_eks_cluster",
      "name": "Desafio-cluster-eks-LucasMenezes",
      "provider": "provider[\"registry.terraform.io/hashicorp/aws\"]",
      "instances": [
        {
          "schema_version": 0,
          "attributes": {
            "access_config": [
              {
                "authentication_mode": "CONFIG_MAP",
                "bootstrap_cluster_creator_admin_permissions": true
              }
            ],
            "arn": "arn:aws:eks:us-east-2:118102577698:cluster/Desafio-cluster-eks-LucasMenezes",
            "certificate_authority": [
              {
                "data": "LS0tLS1CRUdJTiBDRVJUSUZJQ0FURS0tLS0tCk1JSURCVENDQWUyZ0F3SUJBZ0lJTE1vcDhVT2ZBcHd3RFFZSktvWklodmNOQVFFTEJRQXdGVEVUTUJFR0ExVUUKQXhNS2EzVmlaWEp1WlhSbGN6QWVGdzB5TlRBNU1ESXlNakkxTkRKYUZ3MHpOVEE0TXpFeU1qTXdOREphTUJVeApFekFSQmdOVkJBTVRDbXQxWW1WeWJtVjBaWE13Z2dFaU1BMEdDU3FHU0liM0RRRUJBUVVBQTRJQkR3QXdnZ0VLCkFvSUJBUURCRkdBZUxHWDErdWZ6ODJWK0NIVzdSZjNNUFY5MGZ3NkJGYSthKzRpUVU4QzhZRWs3b210b1c3RUkKTlNOUExnNXV4VmdWb1RxeHFXWGpIUmRiRnVoMGMySllhbERNZllycExQM1J2OGpqWXNJN0lFV1c5cFRhRVpGQQpoN0ljc3c3M2VmTVNKY0hXV1NUeFpaSmhkSHA3cW1xamtaZEIxSHZDUCtoTWpvbFI2eDI2dGFLWHZocElEMXJKCnhtS005VWUxT21aUXhMaUVQbG9KT1Z6YmRWZG5STWhEZlpWcG5tZk9pWFJIa3FXczVOMW1KZTVCNVJ3VFVTQkwKN1VOWWU0MngySi83dUR2Ny9jSVhHVjdDYTJPWDVaeXJqSTJ3elRKMHltNGU5NVBBZVMvOEd3QURsbzFBZXZETgprYkF5QmpleGhqeHViYWMwcFNhVStJb294RGozQWdNQkFBR2pXVEJYTUE0R0ExVWREd0VCL3dRRUF3SUNwREFQCkJnTlZIUk1CQWY4RUJUQURBUUgvTUIwR0ExVWREZ1FXQkJSU3dWOW1oWnlpOXBEQ3BCc1lqNVJkb1dlV2ZEQVYKQmdOVkhSRUVEakFNZ2dwcmRXSmxjbTVsZEdWek1BMEdDU3FHU0liM0RRRUJDd1VBQTRJQkFRQmtxdHZaZlJUZQovNEo3Ly9vVFE4Slp6R3FzbjlnMm9BeEQzVmhFNXJDa08yQ1ZpUHdhZEMxZFg4SkZXV2NsT0E5bzNDZ1Z0ZWY2CjNSeWVUTUhWOG9lMVRkMzFWVDBzYjFPcDJBclM4Qjk1ZkF3N2tFUDVYN3AvWmVDSGZFU1BjL21jN3dZTktIaUEKM1BORWFuMXpCVDVsL1Nma0RBem0yR1FJckFuc2xFOFpLVXR2NUJ0MGxGcnZqcENoZVFWWFAwUVJMTFJod0pFTQpud1kxbVJrVmpkTEVpTCtoN0FEdFk2VTFmNHRESk5XUkNQMkcxRlRyM3hsV1lyLzI2NkZNdEk4UmdYTlNIOFFZClY0SkZORkhUZWlpUGlxRlZ6dTJSZkExL1dOZG51RnBST0RrYlhzOE90M1FEWFh5amF6Tm0wUWdQVnhmcVliUjUKT1FrL09mVC9CY0NNCi0tLS0tRU5EIENFUlRJRklDQVRFLS0tLS0K"
              }
            ],
            "cluster_id": null,
            "compute_config": [],
            "created_at": "2025-09-02T22:25:46Z",
            "enabled_cluster_log_types": [],
            "endpoint": "https://12F777FBA733B8C57A02BE79C28F1F04.gr7.us-east-2.eks.amazonaws.com",
            "id": "Desafio-cluster-eks-LucasMenezes",
            "identity": [
              {
                "oidc": [
                  {
                    "issuer": "https://oidc.eks.us-east-2.amazonaws.com/id/12F777FBA733B8C57A02BE79C28F1F04"
                  }
                ]
              }
            ],
            "kubernetes_network_config": [
              {
                "elastic_load_balancing": [
                  {
                    "enabled": false
                  }
                ],
                "ip_family": "ipv4",
                "service_ipv4_cidr": "10.100.0.0/16",
                "service_ipv6_cidr": ""
              }
            ],
            "name": "Desafio-cluster-eks-LucasMenezes",
            "outpost_config": [],
            "platform_version": "eks.11",
            "remote_network_config": [],
            "role_arn": "arn:aws:iam::118102577698:role/Desafio-role-eks-cluster-LucasMenezes",
            "status": "ACTIVE",
            "storage_config": [],
            "tags": {
              "Name": "Desafio-EKS-LucasMenezes"
            },
            "upgrade_policy": [
              {
                "support_type": "EXTENDED"
              }
            ],
            "version": "1.33",
            "vpc_config": [
              {
                "cluster_security_group_id": "sg-0dc217bd6122fcaff",
                "endpoint_private_access": false,
                "endpoint_public_access": true,
                "public_access_cidrs": [
                  "0.0.0.0/0"
                ],
                "security_group_ids": [
                  "sg-09bb2f5cb266d5258"
                ],
                "subnet_ids": [
                  "subnet-07c0f9cef37f0b6e2",
                  "subnet-0b97bbac52aa1b924"
                ],
                "vpc_id": "vpc-086bc0961c2992e85"
              }
            ],
            "zonal_shift_config": []
          },
          "sensitive_attributes": []
        }
      ]
    },
    {
      "mode": "data",
      "type": "aws_eks_cluster_auth",
      "name": "Desafio-cluster-eks-LucasMenezes-auth",
      "provider": "provider[\"registry.terraform.io/hashicorp/aws\"]",
      "instances": [
        {
          "schema_version": 0,
          "attributes": {
            "id": "Desafio-cluster-eks-LucasMenezes",
            "name": "Desafio-cluster-eks-LucasMenezes",
            "token": "k8s-aws-v1.aHR0cHM6Ly9zdHMudXMtZWFzdC0yLmFtYXpvbmF3cy5jb20vP0FjdGlvbj1HZXRDYWxsZXJJZGVudGl0eSZWZXJzaW9uPTIwMTEtMDYtMTUmWC1BbXotQWxnb3JpdGhtPUFXUzQtSE1BQy1TSEEyNTYmWC1BbXotQ3JlZGVudGlhbD1BS0lBUlc3M1dLSVJBREM3RTZOTSUyRjIwMjUwOTAyJTJGdXMtZWFzdC0yJTJGc3RzJTJGYXdzNF9yZXF1ZXN0JlgtQW16LURhdGU9MjAyNTA5MDJUMjI1MDI0WiZYLUFtei1FeHBpcmVzPTAmWC1BbXotU2lnbmVkSGVhZGVycz1ob3N0JTNCeC1rOHMtYXdzLWlkJlgtQW16LVNpZ25hdHVyZT0xOGE5OTM2YmVlZDU2MzY3NWI3NGU3Y2ExYWRlYWEwMmEyMTk4ZTJjN2QwYzMwOWJkYTllZDZkNWZjYWI1ODBi"
          },
          "sensitive_attributes": [
            [
              {
                "type": "get_attr",
                "value": "token"
              }
            ]
          ]
        }
      ]
    },
    {
      "mode": "data",
      "type": "aws_iam_openid_connect_provider",
      "name": "eks",
      "provider": "provider[\"registry.terraform.io/hashicorp/aws\"]",
      "instances": [
        {
          "schema_version": 0,
          "attributes": {
            "arn": "arn:aws:iam::118102577698:oidc-provider/oidc.eks.us-east-2.amazonaws.com/id/12F777FBA733B8C57A02BE79C28F1F04",
            "client_id_list": [
              "sts.amazonaws.com"
            ],
            "id": "arn:aws:iam::118102577698:oidc-provider/oidc.eks.us-east-2.amazonaws.com/id/12F777FBA733B8C57A02BE79C28F1F04",
            "tags": {},
            "thumbprint_list": [
              "06b25927c42a721631c1efd9431e648fa62e1e39"
            ],
            "url": "oidc.eks.us-east-2.amazonaws.com/id/12F777FBA733B8C57A02BE79C28F1F04"
          },
          "sensitive_attributes": []
        }
      ]
    },
    {
      "mode": "data",
      "type": "aws_iam_policy_document",
      "name": "aws_load_balancer_controller_assume_role_policy",
      "provider": "provider[\"registry.terraform.io/hashicorp/aws\"]",
      "instances": [
        {
          "schema_version": 0,
          "attributes": {
            "id": "2218800648",
            "json": "{\n  \"Version\": \"2012-10-17\",\n  \"Statement\": [\n    {\n      \"Effect\": \"Allow\",\n      \"Action\": \"sts:AssumeRoleWithWebIdentity\",\n      \"Principal\": {\n        \"Federated\": \"arn:aws:iam::118102577698:oidc-provider/oidc.eks.us-east-2.amazonaws.com/id/12F777FBA733B8C57A02BE79C28F1F04\"\n      },\n      \"Condition\": {\n        \"StringEquals\": {\n          \"oidc.eks.us-east-2.amazonaws.com/id/12F777FBA733B8C57A02BE79C28F1F04:sub\": \"system:serviceaccount:kube-system:aws-load-balancer-controller\"\n        }\n      }\n    }\n  ]\n}",
            "minified_json": "{\"Version\":\"2012-10-17\",\"Statement\":[{\"Effect\":\"Allow\",\"Action\":\"sts:AssumeRoleWithWebIdentity\",\"Principal\":{\"Federated\":\"arn:aws:iam::118102577698:oidc-provider/oidc.eks.us-east-2.amazonaws.com/id/12F777FBA733B8C57A02BE79C28F1F04\"},\"Condition\":{\"StringEquals\":{\"oidc.eks.us-east-2.amazonaws.com/id/12F777FBA733B8C57A02BE79C28F1F04:sub\":\"system:serviceaccount:kube-system:aws-load-balancer-controller\"}}}]}",
            "override_json": null,
            "override_policy_documents": null,
            "policy_id": null,
            "source_json": null,
            "source_policy_documents": null,
            "statement": [
              {
                "actions": [
                  "sts:AssumeRoleWithWebIdentity"
                ],
                "condition": [
                  {
                    "test": "StringEquals",
                    "values": [
                      "system:serviceaccount:kube-system:aws-load-balancer-controller"
                    ],
                    "variable": "oidc.eks.us-east-2.amazonaws.com/id/12F777FBA733B8C57A02BE79C28F1F04:sub"
                  }
                ],
                "effect": "Allow",
                "not_actions": [],
                "not_principals": [],
                "not_resources": [],
                "principals": [
                  {
                    "identifiers": [
                      "arn:aws:iam::118102577698:oidc-provider/oidc.eks.us-east-2.amazonaws.com/id/12F777FBA733B8C57A02BE79C28F1F04"
                    ],
                    "type": "Federated"
                  }
                ],
                "resources": [],
                "sid": ""
              }
            ],
            "version": "2012-10-17"
          },
          "sensitive_attributes": []
        }
      ]
    },
    {
      "mode": "data",
      "type": "kubernetes_namespace",
      "name": "default",
      "provider": "provider[\"registry.terraform.io/hashicorp/kubernetes\"]",
      "instances": [
        {
          "schema_version": 0,
          "attributes": {
            "id": "default",
            "metadata": [
              {
                "annotations": {},
                "generation": 0,
                "labels": {
                  "kubernetes.io/metadata.name": "default"
                },
                "name": "default",
                "resource_version": "30",
                "uid": "e9b0fda3-7220-49d8-bd01-849ac7659667"
              }
            ],
            "spec": [
              {
                "finalizers": [
                  "kubernetes"
                ]
              }
            ]
          },
          "sensitive_attributes": []
        }
      ]
    },
    {
      "mode": "data",
      "type": "tls_certificate",
      "name": "cluster",
      "provider": "provider[\"registry.terraform.io/hashicorp/tls\"]",
      "instances": [
        {
          "schema_version": 0,
          "attributes": {
            "certificates": [
              {
                "cert_pem": "-----BEGIN CERTIFICATE-----\nMIIEkjCCA3qgAwIBAgITBn+USionzfP6wq4rAfkI7rnExjANBgkqhkiG9w0BAQsF\nADCBmDELMAkGA1UEBhMCVVMxEDAOBgNVBAgTB0FyaXpvbmExEzARBgNVBAcTClNj\nb3R0c2RhbGUxJTAjBgNVBAoTHFN0YXJmaWVsZCBUZWNobm9sb2dpZXMsIEluYy4x\nOzA5BgNVBAMTMlN0YXJmaWVsZCBTZXJ2aWNlcyBSb290IENlcnRpZmljYXRlIEF1\ndGhvcml0eSAtIEcyMB4XDTE1MDUyNTEyMDAwMFoXDTM3MTIzMTAxMDAwMFowOTEL\nMAkGA1UEBhMCVVMxDzANBgNVBAoTBkFtYXpvbjEZMBcGA1UEAxMQQW1hem9uIFJv\nb3QgQ0EgMTCCASIwDQYJKoZIhvcNAQEBBQADggEPADCCAQoCggEBALJ4gHHKeNXj\nca9HgFB0fW7Y14h29Jlo91ghYPl0hAEvrAIthtOgQ3pOsqTQNroBvo3bSMgHFzZM\n9O6II8c+6zf1tRn4SWiw3te5djgdYZ6k/oI2peVKVuRF4fn9tBb6dNqcmzU5L/qw\nIFAGbHrQgLKm+a/sRxmPUDgH3KKHOVj4utWp+UhnMJbulHheb4mjUcAwhmahRWa6\nVOujw5H5SNz/0egwLX0tdHA114gk957EWW67c4cX8jJGKLhD+rcdqsq08p8kDi1L\n93FcXmn/6pUCyziKrlA4b9v7LWIbxcceVOF34GfID5yHI9Y/QCB/IIDEgEw+OyQm\njgSubJrIqg0CAwEAAaOCATEwggEtMA8GA1UdEwEB/wQFMAMBAf8wDgYDVR0PAQH/\nBAQDAgGGMB0GA1UdDgQWBBSEGMyFNOy8DJSULghZnMeyEE4KCDAfBgNVHSMEGDAW\ngBScXwDfqgHXMCs4iKK4bUqc8hGRgzB4BggrBgEFBQcBAQRsMGowLgYIKwYBBQUH\nMAGGImh0dHA6Ly9vY3NwLnJvb3RnMi5hbWF6b250cnVzdC5jb20wOAYIKwYBBQUH\nMAKGLGh0dHA6Ly9jcnQucm9vdGcyLmFtYXpvbnRydXN0LmNvbS9yb290ZzIuY2Vy\nMD0GA1UdHwQ2MDQwMqAwoC6GLGh0dHA6Ly9jcmwucm9vdGcyLmFtYXpvbnRydXN0\nLmNvbS9yb290ZzIuY3JsMBEGA1UdIAQKMAgwBgYEVR0gADANBgkqhkiG9w0BAQsF\nAAOCAQEAYjdCXLwQtT6LLOkMm2xF4gcAevnFWAu5CIw+7bMlPLVvUOTNNWqnkzSW\nMiGpSESrnO09tKpzbeR/FoCJbM8oAxiDR3mjEH4wW6w7sGDgd9QIpuEdfF7Au/ma\neyKdpwAJfqxGF4PcnCZXmTA5YpaP7dreqsXMGz7KQ2hsVxa81Q4gLv7/wmpdLqBK\nbRRYh5TmOTFffHPLkIhqhBGWJ6bt2YFGpn6jcgAKUj6DiAdjd4lpFw85hdKrCEVN\n0FE6/V1dN2RMfjCyVSRCnTawXZwXgWHxyvkQAiSr6w10kY17RSlQOYiypok1JR4U\nakcjMS9cmvqtmg5iUaQqqcT5NJ0hGA==\n-----END CERTIFICATE-----\n",
                "is_ca": true,
                "issuer": "CN=Starfield Services Root Certificate Authority - G2,O=Starfield Technologies\\, Inc.,L=Scottsdale,ST=Arizona,C=US",
                "not_after": "2037-12-31T01:00:00Z",
                "not_before": "2015-05-25T12:00:00Z",
                "public_key_algorithm": "RSA",
                "serial_number": "144918191876577076464031512351042010504348870",
                "sha1_fingerprint": "06b25927c42a721631c1efd9431e648fa62e1e39",
                "signature_algorithm": "SHA256-RSA",
                "subject": "CN=Amazon Root CA 1,O=Amazon,C=US",
                "version": 3
              },
              {
                "cert_pem": "-----BEGIN CERTIFICATE-----\nMIIEXjCCA0agAwIBAgITB3MSTNQG0mfAmRzdKZqfODF5hTANBgkqhkiG9w0BAQsF\nADA5MQswCQYDVQQGEwJVUzEPMA0GA1UEChMGQW1hem9uMRkwFwYDVQQDExBBbWF6\nb24gUm9vdCBDQSAxMB4XDTIyMDgyMzIyMjYwNFoXDTMwMDgyMzIyMjYwNFowPDEL\nMAkGA1UEBhMCVVMxDzANBgNVBAoTBkFtYXpvbjEcMBoGA1UEAxMTQW1hem9uIFJT\nQSAyMDQ4IE0wMzCCASIwDQYJKoZIhvcNAQEBBQADggEPADCCAQoCggEBALd/pVko\n8vuM475Tf45HV3BbCl/B9Jy89G1CRkFjcPY06WA9lS+7dWbUA7GtWUKoksr69hKM\nwcMsNpxlw7b3jeXFgxB09/nmalcAWtnLzF+LaDKEA5DQmvKzuh1nfIfqEiKCQSmX\nXh09Xs+dO7cm5qbaL2hhNJCSAejciwcvOFgFNgEMR42wm6KIFHsQW28jhA+1u/M0\np6fVwReuEgZfLfdx82Px0LJck3lST3EB/JfbdsdOzzzg5YkY1dfuqf8y5fUeZ7Cz\nWXbTjujwX/TovmeWKA36VLCz75azW6tDNuDn66FOpADZZ9omVaF6BqNJiLMVl6P3\n/c0OiUMC6Z5OfKcCAwEAAaOCAVowggFWMBIGA1UdEwEB/wQIMAYBAf8CAQAwDgYD\nVR0PAQH/BAQDAgGGMB0GA1UdJQQWMBQGCCsGAQUFBwMBBggrBgEFBQcDAjAdBgNV\nHQ4EFgQUVdkYX9IczAHhWLS+q9lVQgHXLgIwHwYDVR0jBBgwFoAUhBjMhTTsvAyU\nlC4IWZzHshBOCggwewYIKwYBBQUHAQEEbzBtMC8GCCsGAQUFBzABhiNodHRwOi8v\nb2NzcC5yb290Y2ExLmFtYXpvbnRydXN0LmNvbTA6BggrBgEFBQcwAoYuaHR0cDov\nL2NydC5yb290Y2ExLmFtYXpvbnRydXN0LmNvbS9yb290Y2ExLmNlcjA/BgNVHR8E\nODA2MDSgMqAwhi5odHRwOi8vY3JsLnJvb3RjYTEuYW1hem9udHJ1c3QuY29tL3Jv\nb3RjYTEuY3JsMBMGA1UdIAQMMAowCAYGZ4EMAQIBMA0GCSqGSIb3DQEBCwUAA4IB\nAQAGjeWm2cC+3z2MzSCnte46/7JZvj3iQZDY7EvODNdZF41n71Lrk9kbfNwerK0d\nVNzW36Wefr7j7ZSwBVg50W5ay65jNSN74TTQV1yt4WnSbVvN6KlMs1hiyOZdoHKs\nKDV2UGNxbdoBYCQNa2GYF8FQIWLugNp35aSOpMy6cFlymFQomIrnOQHwK1nvVY4q\nxDSJMU/gNJz17D8ArPN3ngnyZ2TwepJ0uBINz3G5te2rdFUF4i4Y3Bb7FUlHDYm4\nu8aIRGpk2ZpfXmxaoxnbIBZRvGLPSUuPwnwoUOMsJ8jirI5vs2dvchPb7MtI1rle\ni02f2ivH2vxkjDLltSpe2fiC\n-----END CERTIFICATE-----\n",
                "is_ca": true,
                "issuer": "CN=Amazon Root CA 1,O=Amazon,C=US",
                "not_after": "2030-08-23T22:26:04Z",
                "not_before": "2022-08-23T22:26:04Z",
                "public_key_algorithm": "RSA",
                "serial_number": "166129356476704345391986644047206454194698629",
                "sha1_fingerprint": "d9fe0a65fa00cabf61f5120d373a8135e1461f15",
                "signature_algorithm": "SHA256-RSA",
                "subject": "CN=Amazon RSA 2048 M03,O=Amazon,C=US",
                "version": 3
              },
              {
                "cert_pem": "-----BEGIN CERTIFICATE-----\nMIIF5jCCBM6gAwIBAgIQBFGdzGqhzzLZMIktyZwfhzANBgkqhkiG9w0BAQsFADA8\nMQswCQYDVQQGEwJVUzEPMA0GA1UEChMGQW1hem9uMRwwGgYDVQQDExNBbWF6b24g\nUlNBIDIwNDggTTAzMB4XDTI1MDQxNjAwMDAwMFoXDTI2MDMyNzIzNTk1OVowKDEm\nMCQGA1UEAwwdKi5la3MudXMtZWFzdC0yLmFtYXpvbmF3cy5jb20wggEiMA0GCSqG\nSIb3DQEBAQUAA4IBDwAwggEKAoIBAQDiK878v16r5sF0jK+9klRCYgysM8RMc5ZK\nU34t0gzOp2ZOINE1aqGrfpveTlYsiRiM3Qumk+HUyVCpJwkHVXIBx0MjXo46Fv7h\nc1g7RGzOhJhrZxaGirNJbcz25nuXhUBeHFZeV3LGy9LLjSAPA6mm8qq3CZTJfyuh\nd4rqBxqhXuhcdmUa30EQedolkthVvZ2ihEpPAt9qnrHs3TmQpHM6pWzLgwn7YXU2\nT8jlrD5pXujEFQ08uztpLfHPPpO8OalRmH+wiKs9YPSDTRYHSu8QgIyYFyTdQ0Fm\nXhFOHtw0elw58jkjTy/874LyOceAtgzNXJkAte+rPbiW/JnCSv71AgMBAAGjggL2\nMIIC8jAfBgNVHSMEGDAWgBRV2Rhf0hzMAeFYtL6r2VVCAdcuAjAdBgNVHQ4EFgQU\nUzhsKdS2Cz7B4PR2xgKiwwnNTG8wKAYDVR0RBCEwH4IdKi5la3MudXMtZWFzdC0y\nLmFtYXpvbmF3cy5jb20wEwYDVR0gBAwwCjAIBgZngQwBAgEwDgYDVR0PAQH/BAQD\nAgWgMB0GA1UdJQQWMBQGCCsGAQUFBwMBBggrBgEFBQcDAjA7BgNVHR8ENDAyMDCg\nLqAshipodHRwOi8vY3JsLnIybTAzLmFtYXpvbnRydXN0LmNvbS9yMm0wMy5jcmww\ndQYIKwYBBQUHAQEEaTBnMC0GCCsGAQUFBzABhiFodHRwOi8vb2NzcC5yMm0wMy5h\nbWF6b250cnVzdC5jb20wNgYIKwYBBQUHMAKGKmh0dHA6Ly9jcnQucjJtMDMuYW1h\nem9udHJ1c3QuY29tL3IybTAzLmNlcjAMBgNVHRMBAf8EAjAAMIIBfgYKKwYBBAHW\neQIEAgSCAW4EggFqAWgAdgAOV5S8866pPjMbLJkHs/eQ35vCPXEyJd0hqSWsYcVO\nIQAAAZZArIJpAAAEAwBHMEUCIQCGAAwzTw0nzrZkcjMBSiZnA6Lsp/wV4tcGADSp\ncdFTrwIgaig4ajZ26WJ2Hym/nJmoXQkB3CChY2skXvRH3cyW6jcAdgBJnJtp3h18\n7Pw23s2HZKa4W68Kh4AZ0VVS++nrKd34wwAAAZZArIK6AAAEAwBHMEUCIQC2w6cL\nSexBxqo1c+HfidFouaCcAtmUZlFWYsPeLEKHEgIgXIu7S+YFMj+3LKA7C7tvo7Uq\nmFAuPyyu4UUWFzwZrQgAdgDLOPcViXyEoURfW8Hd+8lu8ppZzUcKaQWFsMsUwxRY\n5wAAAZZArIMFAAAEAwBHMEUCIQCxE6lVv8XfOs/CJwzKm+g4JCSpBaRPLSpKsDkJ\nMRFWlQIgTV6GQHtTBYCvOMVPD3w6cWvxxxxEiQHX0tLh8HzFQ24wDQYJKoZIhvcN\nAQELBQADggEBADbRs9ZVQx9ngBpJuEwxDqohv0j2v82dLVX8Hc5NVwSzsrOZ0+Sq\nw37Zdw3inSXrUpfV8ZDfS4A2azNJIknHnZZVokbOXcgxxCSqhw+LM7opcwddWmyL\nXP9ten8UzxCMzbj1eNPtgPnUy2//7UpxL8YZgdp/dbjsawIkXk+HeVDAvH9W9lAf\ny+WNf63XjkeNUwup9+m9AaV3uxL0W/AzTcaRg/2/Y6SHH4pgQbvU6g0CJg+HFKZw\nXe4Um0iYVELSSKx0FOnlx0uqZzyCJLn6qEaaYxqGSx8OaF4c02RMy4p/qVtra8Ec\nAsMTMUlh1Gw0RVymBNJ5Tq9SLKg2Y6iuWQM=\n-----END CERTIFICATE-----\n",
                "is_ca": false,
                "issuer": "CN=Amazon RSA 2048 M03,O=Amazon,C=US",
                "not_after": "2026-03-27T23:59:59Z",
                "not_before": "2025-04-16T00:00:00Z",
                "public_key_algorithm": "RSA",
                "serial_number": "5740688562534937317577477064058740615",
                "sha1_fingerprint": "316dd0c7a80824fac8213934f35ec793806393f2",
                "signature_algorithm": "SHA256-RSA",
                "subject": "CN=*.eks.us-east-2.amazonaws.com",
                "version": 3
              }
            ],
            "content": null,
            "id": "0a759b1370f2328d0bd5dd3ac81215f4c3398ef8",
            "url": "https://oidc.eks.us-east-2.amazonaws.com/id/12F777FBA733B8C57A02BE79C28F1F04",
            "verify_chain": true
          },
          "sensitive_attributes": []
        }
      ]
    },
    {
      "mode": "managed",
      "type": "aws_eks_cluster",
      "name": "desafio-cluster-eks",
      "provider": "provider[\"registry.terraform.io/hashicorp/aws\"]",
      "instances": [
        {
          "schema_version": 1,
          "attributes": {
            "access_config": [
              {
                "authentication_mode": "CONFIG_MAP",
                "bootstrap_cluster_creator_admin_permissions": true
              }
            ],
            "arn": "arn:aws:eks:us-east-2:118102577698:cluster/Desafio-cluster-eks-LucasMenezes",
            "bootstrap_self_managed_addons": true,
            "certificate_authority": [
              {
                "data": "LS0tLS1CRUdJTiBDRVJUSUZJQ0FURS0tLS0tCk1JSURCVENDQWUyZ0F3SUJBZ0lJTE1vcDhVT2ZBcHd3RFFZSktvWklodmNOQVFFTEJRQXdGVEVUTUJFR0ExVUUKQXhNS2EzVmlaWEp1WlhSbGN6QWVGdzB5TlRBNU1ESXlNakkxTkRKYUZ3MHpOVEE0TXpFeU1qTXdOREphTUJVeApFekFSQmdOVkJBTVRDbXQxWW1WeWJtVjBaWE13Z2dFaU1BMEdDU3FHU0liM0RRRUJBUVVBQTRJQkR3QXdnZ0VLCkFvSUJBUURCRkdBZUxHWDErdWZ6ODJWK0NIVzdSZjNNUFY5MGZ3NkJGYSthKzRpUVU4QzhZRWs3b210b1c3RUkKTlNOUExnNXV4VmdWb1RxeHFXWGpIUmRiRnVoMGMySllhbERNZllycExQM1J2OGpqWXNJN0lFV1c5cFRhRVpGQQpoN0ljc3c3M2VmTVNKY0hXV1NUeFpaSmhkSHA3cW1xamtaZEIxSHZDUCtoTWpvbFI2eDI2dGFLWHZocElEMXJKCnhtS005VWUxT21aUXhMaUVQbG9KT1Z6YmRWZG5STWhEZlpWcG5tZk9pWFJIa3FXczVOMW1KZTVCNVJ3VFVTQkwKN1VOWWU0MngySi83dUR2Ny9jSVhHVjdDYTJPWDVaeXJqSTJ3elRKMHltNGU5NVBBZVMvOEd3QURsbzFBZXZETgprYkF5QmpleGhqeHViYWMwcFNhVStJb294RGozQWdNQkFBR2pXVEJYTUE0R0ExVWREd0VCL3dRRUF3SUNwREFQCkJnTlZIUk1CQWY4RUJUQURBUUgvTUIwR0ExVWREZ1FXQkJSU3dWOW1oWnlpOXBEQ3BCc1lqNVJkb1dlV2ZEQVYKQmdOVkhSRUVEakFNZ2dwcmRXSmxjbTVsZEdWek1BMEdDU3FHU0liM0RRRUJDd1VBQTRJQkFRQmtxdHZaZlJUZQovNEo3Ly9vVFE4Slp6R3FzbjlnMm9BeEQzVmhFNXJDa08yQ1ZpUHdhZEMxZFg4SkZXV2NsT0E5bzNDZ1Z0ZWY2CjNSeWVUTUhWOG9lMVRkMzFWVDBzYjFPcDJBclM4Qjk1ZkF3N2tFUDVYN3AvWmVDSGZFU1BjL21jN3dZTktIaUEKM1BORWFuMXpCVDVsL1Nma0RBem0yR1FJckFuc2xFOFpLVXR2NUJ0MGxGcnZqcENoZVFWWFAwUVJMTFJod0pFTQpud1kxbVJrVmpkTEVpTCtoN0FEdFk2VTFmNHRESk5XUkNQMkcxRlRyM3hsV1lyLzI2NkZNdEk4UmdYTlNIOFFZClY0SkZORkhUZWlpUGlxRlZ6dTJSZkExL1dOZG51RnBST0RrYlhzOE90M1FEWFh5amF6Tm0wUWdQVnhmcVliUjUKT1FrL09mVC9CY0NNCi0tLS0tRU5EIENFUlRJRklDQVRFLS0tLS0K"
              }
            ],
            "cluster_id": null,
            "compute_config": [],
            "created_at": "2025-09-02T22:25:46Z",
            "enabled_cluster_log_types": [],
            "encryption_config": [],
            "endpoint": "https://12F777FBA733B8C57A02BE79C28F1F04.gr7.us-east-2.eks.amazonaws.com",
            "force_update_version": null,
            "id": "Desafio-cluster-eks-LucasMenezes",
            "identity": [
              {
                "oidc": [
                  {
                    "issuer": "https://oidc.eks.us-east-2.amazonaws.com/id/12F777FBA733B8C57A02BE79C28F1F04"
                  }
                ]
              }
            ],
            "kubernetes_network_config": [
              {
                "elastic_load_balancing": [
                  {
                    "enabled": false
                  }
                ],
                "ip_family": "ipv4",
                "service_ipv4_cidr": "10.100.0.0/16",
                "service_ipv6_cidr": ""
              }
            ],
            "name": "Desafio-cluster-eks-LucasMenezes",
            "outpost_config": [],
            "platform_version": "eks.11",
            "remote_network_config": [],
            "role_arn": "arn:aws:iam::118102577698:role/Desafio-role-eks-cluster-LucasMenezes",
            "status": "ACTIVE",
            "storage_config": [],
            "tags": {
              "Name": "Desafio-EKS-LucasMenezes"
            },
            "tags_all": {
              "Name": "Desafio-EKS-LucasMenezes"
            },
            "timeouts": null,
            "upgrade_policy": [
              {
                "support_type": "EXTENDED"
              }
            ],
            "version": "1.33",
            "vpc_config": [
              {
                "cluster_security_group_id": "sg-0dc217bd6122fcaff",
                "endpoint_private_access": false,
                "endpoint_public_access": true,
                "public_access_cidrs": [
                  "0.0.0.0/0"
                ],
                "security_group_ids": [
                  "sg-09bb2f5cb266d5258"
                ],
                "subnet_ids": [
                  "subnet-07c0f9cef37f0b6e2",
                  "subnet-0b97bbac52aa1b924"
                ],
                "vpc_id": "vpc-086bc0961c2992e85"
              }
            ],
            "zonal_shift_config": []
          },
          "sensitive_attributes": [],
          "private": "eyJlMmJmYjczMC1lY2FhLTExZTYtOGY4OC0zNDM2M2JjN2M0YzAiOnsiY3JlYXRlIjoxODAwMDAwMDAwMDAwLCJkZWxldGUiOjkwMDAwMDAwMDAwMCwidXBkYXRlIjozNjAwMDAwMDAwMDAwfSwic2NoZW1hX3ZlcnNpb24iOiIxIn0=",
          "dependencies": [
            "aws_iam_role.desafio-role-eks-cluster",
            "aws_iam_role.desafio-role-nodes-eks-cluster",
            "aws_iam_role_policy_attachment.desafio-attach-eks-cluster-policy",
            "aws_iam_role_policy_attachment.desafio-attach-eks-service-policy",
            "aws_iam_role_policy_attachment.desafio-attach-nodes-EC2-container-registry-readonly-policy",
            "aws_iam_role_policy_attachment.desafio-attach-nodes-EKS-CNI-policy",
            "aws_iam_role_policy_attachment.desafio-attach-nodes-cluster-policy",
            "aws_iam_role_policy_attachment.desafio-attach-nodes-worknode-policy",
            "aws_security_group.desafio-sg-cluster-eks",
            "aws_subnet.desafio-public-subnet-1",
            "aws_subnet.desafio-public-subnet-2",
            "aws_vpc.desafio-vpc"
          ]
        }
      ]
    },
    {
      "mode": "managed",
      "type": "aws_eks_node_group",
      "name": "desafio-eks-nodes-ondemand",
      "provider": "provider[\"registry.terraform.io/hashicorp/aws\"]",
      "instances": [
        {
          "schema_version": 0,
          "attributes": {
            "ami_type": "AL2023_x86_64_STANDARD",
            "arn": "arn:aws:eks:us-east-2:118102577698:nodegroup/Desafio-cluster-eks-LucasMenezes/desafio-eks-nodes-on-demand/a0cc8647-d1a2-b20c-279e-8dea7f6b7382",
            "capacity_type": "ON_DEMAND",
            "cluster_name": "Desafio-cluster-eks-LucasMenezes",
            "disk_size": 20,
            "force_update_version": null,
            "id": "Desafio-cluster-eks-LucasMenezes:desafio-eks-nodes-on-demand",
            "instance_types": [
              "t3a.medium"
            ],
            "labels": {},
            "launch_template": [],
            "node_group_name": "desafio-eks-nodes-on-demand",
            "node_group_name_prefix": "",
            "node_repair_config": [],
            "node_role_arn": "arn:aws:iam::118102577698:role/Desafio-role-nodes-cluster-LucasMenezes",
            "release_version": "1.33.3-20250829",
            "remote_access": [],
            "resources": [
              {
                "autoscaling_groups": [
                  {
                    "name": "eks-desafio-eks-nodes-on-demand-a0cc8647-d1a2-b20c-279e-8dea7f6b7382"
                  }
                ],
                "remote_access_security_group_id": ""
              }
            ],
            "scaling_config": [
              {
                "desired_size": 1,
                "max_size": 1,
                "min_size": 1
              }
            ],
            "status": "ACTIVE",
            "subnet_ids": [
              "subnet-07c0f9cef37f0b6e2",
              "subnet-0b97bbac52aa1b924"
            ],
            "tags": {
              "Name": "Desafio-EKS-node-group-LucasMenezes"
            },
            "tags_all": {
              "Name": "Desafio-EKS-node-group-LucasMenezes"
            },
            "taint": [],
            "timeouts": null,
            "update_config": [
              {
                "max_unavailable": 1,
                "max_unavailable_percentage": 0
              }
            ],
            "version": "1.33"
          },
          "sensitive_attributes": [],
          "private": "eyJlMmJmYjczMC1lY2FhLTExZTYtOGY4OC0zNDM2M2JjN2M0YzAiOnsiY3JlYXRlIjozNjAwMDAwMDAwMDAwLCJkZWxldGUiOjM2MDAwMDAwMDAwMDAsInVwZGF0ZSI6MzYwMDAwMDAwMDAwMH19",
          "dependencies": [
            "aws_eks_cluster.desafio-cluster-eks",
            "aws_iam_role.desafio-role-eks-cluster",
            "aws_iam_role.desafio-role-nodes-eks-cluster",
            "aws_iam_role_policy_attachment.desafio-attach-eks-cluster-policy",
            "aws_iam_role_policy_attachment.desafio-attach-eks-service-policy",
            "aws_iam_role_policy_attachment.desafio-attach-nodes-EC2-container-registry-readonly-policy",
            "aws_iam_role_policy_attachment.desafio-attach-nodes-EKS-CNI-policy",
            "aws_iam_role_policy_attachment.desafio-attach-nodes-cluster-policy",
            "aws_iam_role_policy_attachment.desafio-attach-nodes-worknode-policy",
            "aws_security_group.desafio-sg-cluster-eks",
            "aws_subnet.desafio-public-subnet-1",
            "aws_subnet.desafio-public-subnet-2",
            "aws_vpc.desafio-vpc"
          ]
        }
      ]
    },
    {
      "mode": "managed",
      "type": "aws_eks_node_group",
      "name": "desafio-eks-nodes-spot",
      "provider": "provider[\"registry.terraform.io/hashicorp/aws\"]",
      "instances": [
        {
          "schema_version": 0,
          "attributes": {
            "ami_type": "AL2023_x86_64_STANDARD",
            "arn": "arn:aws:eks:us-east-2:118102577698:nodegroup/Desafio-cluster-eks-LucasMenezes/desafio-eks-nodes-spot/dccc8647-d19e-d1b1-3480-bcd959f3b61c",
            "capacity_type": "SPOT",
            "cluster_name": "Desafio-cluster-eks-LucasMenezes",
            "disk_size": 20,
            "force_update_version": null,
            "id": "Desafio-cluster-eks-LucasMenezes:desafio-eks-nodes-spot",
            "instance_types": [
              "t3a.medium"
            ],
            "labels": {},
            "launch_template": [],
            "node_group_name": "desafio-eks-nodes-spot",
            "node_group_name_prefix": "",
            "node_repair_config": [],
            "node_role_arn": "arn:aws:iam::118102577698:role/Desafio-role-nodes-cluster-LucasMenezes",
            "release_version": "1.33.3-20250829",
            "remote_access": [],
            "resources": [
              {
                "autoscaling_groups": [
                  {
                    "name": "eks-desafio-eks-nodes-spot-dccc8647-d19e-d1b1-3480-bcd959f3b61c"
                  }
                ],
                "remote_access_security_group_id": ""
              }
            ],
            "scaling_config": [
              {
                "desired_size": 1,
                "max_size": 2,
                "min_size": 1
              }
            ],
            "status": "ACTIVE",
            "subnet_ids": [
              "subnet-07c0f9cef37f0b6e2",
              "subnet-0b97bbac52aa1b924"
            ],
            "tags": {
              "Name": "Desafio-EKS-nodes-spot-LucasMenezes"
            },
            "tags_all": {
              "Name": "Desafio-EKS-nodes-spot-LucasMenezes"
            },
            "taint": [],
            "timeouts": null,
            "update_config": [
              {
                "max_unavailable": 1,
                "max_unavailable_percentage": 0
              }
            ],
            "version": "1.33"
          },
          "sensitive_attributes": [],
          "private": "eyJlMmJmYjczMC1lY2FhLTExZTYtOGY4OC0zNDM2M2JjN2M0YzAiOnsiY3JlYXRlIjozNjAwMDAwMDAwMDAwLCJkZWxldGUiOjM2MDAwMDAwMDAwMDAsInVwZGF0ZSI6MzYwMDAwMDAwMDAwMH19",
          "dependencies": [
            "aws_eks_cluster.desafio-cluster-eks",
            "aws_iam_role.desafio-role-eks-cluster",
            "aws_iam_role.desafio-role-nodes-eks-cluster",
            "aws_iam_role_policy_attachment.desafio-attach-eks-cluster-policy",
            "aws_iam_role_policy_attachment.desafio-attach-eks-service-policy",
            "aws_iam_role_policy_attachment.desafio-attach-nodes-EC2-container-registry-readonly-policy",
            "aws_iam_role_policy_attachment.desafio-attach-nodes-EKS-CNI-policy",
            "aws_iam_role_policy_attachment.desafio-attach-nodes-cluster-policy",
            "aws_iam_role_policy_attachment.desafio-attach-nodes-worknode-policy",
            "aws_security_group.desafio-sg-cluster-eks",
            "aws_subnet.desafio-public-subnet-1",
            "aws_subnet.desafio-public-subnet-2",
            "aws_vpc.desafio-vpc"
          ]
        }
      ]
    },
    {
      "mode": "managed",
      "type": "aws_eks_node_group",
      "name": "desafio-eks-nodes-spot-2",
      "provider": "provider[\"registry.terraform.io/hashicorp/aws\"]",
      "instances": [
        {
          "schema_version": 0,
          "attributes": {
            "ami_type": "AL2023_x86_64_STANDARD",
            "arn": "arn:aws:eks:us-east-2:118102577698:nodegroup/Desafio-cluster-eks-LucasMenezes/desafio-eks-nodes-spot-2/06cc8647-d1a4-602f-818b-f1484277d9df",
            "capacity_type": "SPOT",
            "cluster_name": "Desafio-cluster-eks-LucasMenezes",
            "disk_size": 20,
            "force_update_version": null,
            "id": "Desafio-cluster-eks-LucasMenezes:desafio-eks-nodes-spot-2",
            "instance_types": [
              "t3a.medium"
            ],
            "labels": {},
            "launch_template": [],
            "node_group_name": "desafio-eks-nodes-spot-2",
            "node_group_name_prefix": "",
            "node_repair_config": [],
            "node_role_arn": "arn:aws:iam::118102577698:role/Desafio-role-nodes-cluster-LucasMenezes",
            "release_version": "1.33.3-20250829",
            "remote_access": [],
            "resources": [
              {
                "autoscaling_groups": [
                  {
                    "name": "eks-desafio-eks-nodes-spot-2-06cc8647-d1a4-602f-818b-f1484277d9df"
                  }
                ],
                "remote_access_security_group_id": ""
              }
            ],
            "scaling_config": [
              {
                "desired_size": 1,
                "max_size": 2,
                "min_size": 1
              }
            ],
            "status": "ACTIVE",
            "subnet_ids": [
              "subnet-07c0f9cef37f0b6e2",
              "subnet-0b97bbac52aa1b924"
            ],
            "tags": {
              "Name": "Desafio-EKS-nodes-spot2-LucasMenezes"
            },
            "tags_all": {
              "Name": "Desafio-EKS-nodes-spot2-LucasMenezes"
            },
            "taint": [],
            "timeouts": null,
            "update_config": [
              {
                "max_unavailable": 1,
                "max_unavailable_percentage": 0
              }
            ],
            "version": "1.33"
          },
          "sensitive_attributes": [],
          "private": "eyJlMmJmYjczMC1lY2FhLTExZTYtOGY4OC0zNDM2M2JjN2M0YzAiOnsiY3JlYXRlIjozNjAwMDAwMDAwMDAwLCJkZWxldGUiOjM2MDAwMDAwMDAwMDAsInVwZGF0ZSI6MzYwMDAwMDAwMDAwMH19",
          "dependencies": [
            "aws_eks_cluster.desafio-cluster-eks",
            "aws_iam_role.desafio-role-eks-cluster",
            "aws_iam_role.desafio-role-nodes-eks-cluster",
            "aws_iam_role_policy_attachment.desafio-attach-eks-cluster-policy",
            "aws_iam_role_policy_attachment.desafio-attach-eks-service-policy",
            "aws_iam_role_policy_attachment.desafio-attach-nodes-EC2-container-registry-readonly-policy",
            "aws_iam_role_policy_attachment.desafio-attach-nodes-EKS-CNI-policy",
            "aws_iam_role_policy_attachment.desafio-attach-nodes-cluster-policy",
            "aws_iam_role_policy_attachment.desafio-attach-nodes-worknode-policy",
            "aws_security_group.desafio-sg-cluster-eks",
            "aws_subnet.desafio-public-subnet-1",
            "aws_subnet.desafio-public-subnet-2",
            "aws_vpc.desafio-vpc"
          ]
        }
      ]
    },
    {
      "mode": "managed",
      "type": "aws_iam_openid_connect_provider",
      "name": "cluster",
      "provider": "provider[\"registry.terraform.io/hashicorp/aws\"]",
      "instances": [
        {
          "schema_version": 0,
          "attributes": {
            "arn": "arn:aws:iam::118102577698:oidc-provider/oidc.eks.us-east-2.amazonaws.com/id/12F777FBA733B8C57A02BE79C28F1F04",
            "client_id_list": [
              "sts.amazonaws.com"
            ],
            "id": "arn:aws:iam::118102577698:oidc-provider/oidc.eks.us-east-2.amazonaws.com/id/12F777FBA733B8C57A02BE79C28F1F04",
            "tags": {},
            "tags_all": {},
            "thumbprint_list": [
              "06b25927c42a721631c1efd9431e648fa62e1e39"
            ],
            "url": "oidc.eks.us-east-2.amazonaws.com/id/12F777FBA733B8C57A02BE79C28F1F04"
          },
          "sensitive_attributes": [],
          "private": "bnVsbA==",
          "dependencies": [
            "aws_eks_cluster.desafio-cluster-eks",
            "aws_iam_role.desafio-role-eks-cluster",
            "aws_iam_role.desafio-role-nodes-eks-cluster",
            "aws_iam_role_policy_attachment.desafio-attach-eks-cluster-policy",
            "aws_iam_role_policy_attachment.desafio-attach-eks-service-policy",
            "aws_iam_role_policy_attachment.desafio-attach-nodes-EC2-container-registry-readonly-policy",
            "aws_iam_role_policy_attachment.desafio-attach-nodes-EKS-CNI-policy",
            "aws_iam_role_policy_attachment.desafio-attach-nodes-cluster-policy",
            "aws_iam_role_policy_attachment.desafio-attach-nodes-worknode-policy",
            "aws_security_group.desafio-sg-cluster-eks",
            "aws_subnet.desafio-public-subnet-1",
            "aws_subnet.desafio-public-subnet-2",
            "aws_vpc.desafio-vpc",
            "data.tls_certificate.cluster"
          ]
        }
      ]
    },
    {
      "mode": "managed",
      "type": "aws_iam_policy",
      "name": "aws_load_balancer_controller",
      "provider": "provider[\"registry.terraform.io/hashicorp/aws\"]",
      "instances": [
        {
          "schema_version": 0,
          "attributes": {
            "arn": "arn:aws:iam::118102577698:policy/Desafio-cluster-eks-LucasMenezes-AWSLoadBalancerControllerIAMPolicy",
            "attachment_count": 1,
            "description": "",
            "id": "arn:aws:iam::118102577698:policy/Desafio-cluster-eks-LucasMenezes-AWSLoadBalancerControllerIAMPolicy",
            "name": "Desafio-cluster-eks-LucasMenezes-AWSLoadBalancerControllerIAMPolicy",
            "name_prefix": "",
            "path": "/",
            "policy": "{\"Statement\":[{\"Action\":[\"iam:CreateServiceLinkedRole\",\"ec2:DescribeAccountAttributes\",\"ec2:DescribeAddresses\",\"ec2:DescribeAvailabilityZones\",\"ec2:DescribeInternetGateways\",\"ec2:DescribeVpcs\",\"ec2:DescribeSubnets\",\"ec2:DescribeSecurityGroups\",\"ec2:DescribeInstances\",\"ec2:DescribeNetworkInterfaces\",\"ec2:DescribeTags\",\"ec2:GetCoipPoolUsage\",\"ec2:DescribeCoipPools\",\"elasticloadbalancing:DescribeLoadBalancers\",\"elasticloadbalancing:DescribeLoadBalancerAttributes\",\"elasticloadbalancing:DescribeListeners\",\"elasticloadbalancing:DescribeListenerCertificates\",\"elasticloadbalancing:DescribeSSLPolicies\",\"elasticloadbalancing:DescribeRules\",\"elasticloadbalancing:DescribeTargetGroups\",\"elasticloadbalancing:DescribeTargetGroupAttributes\",\"elasticloadbalancing:DescribeTargetHealth\",\"elasticloadbalancing:DescribeTags\"],\"Effect\":\"Allow\",\"Resource\":\"*\"},{\"Action\":[\"cognito-idp:DescribeUserPoolClient\",\"acm:ListCertificates\",\"acm:DescribeCertificate\",\"iam:ListServerCertificates\",\"iam:GetServerCertificate\",\"waf-regional:GetWebACL\",\"waf-regional:GetWebACLForResource\",\"waf-regional:AssociateWebACL\",\"waf-regional:DisassociateWebACL\",\"wafv2:GetWebACL\",\"wafv2:GetWebACLForResource\",\"wafv2:AssociateWebACL\",\"wafv2:DisassociateWebACL\",\"shield:DescribeProtection\",\"shield:DescribeSubscription\",\"shield:CreateProtection\",\"shield:DeleteProtection\"],\"Effect\":\"Allow\",\"Resource\":\"*\"},{\"Action\":[\"ec2:AuthorizeSecurityGroupIngress\",\"ec2:RevokeSecurityGroupIngress\"],\"Effect\":\"Allow\",\"Resource\":\"*\"},{\"Action\":[\"ec2:CreateSecurityGroup\"],\"Effect\":\"Allow\",\"Resource\":\"*\"},{\"Action\":[\"ec2:CreateTags\"],\"Condition\":{\"Null\":{\"aws:RequestedRegion\":\"false\"},\"StringEquals\":{\"ec2:CreateAction\":\"CreateSecurityGroup\"}},\"Effect\":\"Allow\",\"Resource\":\"arn:aws:ec2:*:*:security-group/*\"},{\"Action\":[\"elasticloadbalancing:CreateLoadBalancer\",\"elasticloadbalancing:CreateTargetGroup\"],\"Condition\":{\"Null\":{\"aws:RequestedRegion\":\"false\"}},\"Effect\":\"Allow\",\"Resource\":\"*\"},{\"Action\":[\"elasticloadbalancing:CreateListener\",\"elasticloadbalancing:DeleteListener\",\"elasticloadbalancing:CreateRule\",\"elasticloadbalancing:DeleteRule\"],\"Effect\":\"Allow\",\"Resource\":\"*\"},{\"Action\":[\"elasticloadbalancing:AddTags\",\"elasticloadbalancing:RemoveTags\"],\"Condition\":{\"Null\":{\"aws:RequestedRegion\":\"false\",\"aws:ResourceTag/elbv2.k8s.aws/cluster\":\"false\"}},\"Effect\":\"Allow\",\"Resource\":[\"arn:aws:elasticloadbalancing:*:*:targetgroup/*/*\",\"arn:aws:elasticloadbalancing:*:*:loadbalancer/net/*/*\",\"arn:aws:elasticloadbalancing:*:*:loadbalancer/app/*/*\"]},{\"Action\":[\"elasticloadbalancing:ModifyLoadBalancerAttributes\",\"elasticloadbalancing:SetIpAddressType\",\"elasticloadbalancing:SetSecurityGroups\",\"elasticloadbalancing:SetSubnets\",\"elasticloadbalancing:DeleteLoadBalancer\",\"elasticloadbalancing:ModifyTargetGroup\",\"elasticloadbalancing:ModifyTargetGroupAttributes\",\"elasticloadbalancing:DeleteTargetGroup\"],\"Condition\":{\"Null\":{\"aws:ResourceTag/elbv2.k8s.aws/cluster\":\"false\"}},\"Effect\":\"Allow\",\"Resource\":\"*\"},{\"Action\":[\"elasticloadbalancing:RegisterTargets\",\"elasticloadbalancing:DeregisterTargets\"],\"Effect\":\"Allow\",\"Resource\":\"arn:aws:elasticloadbalancing:*:*:targetgroup/*/*\"},{\"Action\":[\"elasticloadbalancing:SetWebAcl\",\"elasticloadbalancing:ModifyListener\",\"elasticloadbalancing:AddListenerCertificates\",\"elasticloadbalancing:RemoveListenerCertificates\",\"elasticloadbalancing:ModifyRule\"],\"Effect\":\"Allow\",\"Resource\":\"*\"}],\"Version\":\"2012-10-17\"}",
            "policy_id": "ANPARW73WKIRI6TRYJN5V",
            "tags": {},
            "tags_all": {}
          },
          "sensitive_attributes": [],
          "private": "bnVsbA=="
        }
      ]
    },
    {
      "mode": "managed",
      "type": "aws_iam_role",
      "name": "aws_load_balancer_controller",
      "provider": "provider[\"registry.terraform.io/hashicorp/aws\"]",
      "instances": [
        {
          "schema_version": 0,
          "attributes": {
            "arn": "arn:aws:iam::118102577698:role/Desafio-cluster-eks-LucasMenezes-aws-load-balancer-controller",
            "assume_role_policy": "{\"Statement\":[{\"Action\":\"sts:AssumeRoleWithWebIdentity\",\"Condition\":{\"StringEquals\":{\"oidc.eks.us-east-2.amazonaws.com/id/12F777FBA733B8C57A02BE79C28F1F04:sub\":\"system:serviceaccount:kube-system:aws-load-balancer-controller\"}},\"Effect\":\"Allow\",\"Principal\":{\"Federated\":\"arn:aws:iam::118102577698:oidc-provider/oidc.eks.us-east-2.amazonaws.com/id/12F777FBA733B8C57A02BE79C28F1F04\"}}],\"Version\":\"2012-10-17\"}",
            "create_date": "2025-09-02T22:40:33Z",
            "description": "",
            "force_detach_policies": false,
            "id": "Desafio-cluster-eks-LucasMenezes-aws-load-balancer-controller",
            "inline_policy": [],
            "managed_policy_arns": [
              "arn:aws:iam::118102577698:policy/Desafio-cluster-eks-LucasMenezes-AWSLoadBalancerControllerIAMPolicy"
            ],
            "max_session_duration": 3600,
            "name": "Desafio-cluster-eks-LucasMenezes-aws-load-balancer-controller",
            "name_prefix": "",
            "path": "/",
            "permissions_boundary": "",
            "tags": {},
            "tags_all": {},
            "unique_id": "AROARW73WKIRGC3LFXERA"
          },
          "sensitive_attributes": [],
          "private": "bnVsbA==",
          "dependencies": [
            "aws_eks_cluster.desafio-cluster-eks",
            "aws_iam_role.desafio-role-eks-cluster",
            "aws_iam_role.desafio-role-nodes-eks-cluster",
            "aws_iam_role_policy_attachment.desafio-attach-eks-cluster-policy",
            "aws_iam_role_policy_attachment.desafio-attach-eks-service-policy",
            "aws_iam_role_policy_attachment.desafio-attach-nodes-EC2-container-registry-readonly-policy",
            "aws_iam_role_policy_attachment.desafio-attach-nodes-EKS-CNI-policy",
            "aws_iam_role_policy_attachment.desafio-attach-nodes-cluster-policy",
            "aws_iam_role_policy_attachment.desafio-attach-nodes-worknode-policy",
            "aws_security_group.desafio-sg-cluster-eks",
            "aws_subnet.desafio-public-subnet-1",
            "aws_subnet.desafio-public-subnet-2",
            "aws_vpc.desafio-vpc",
            "data.aws_eks_cluster.Desafio-cluster-eks-LucasMenezes",
            "data.aws_iam_openid_connect_provider.eks",
            "data.aws_iam_policy_document.aws_load_balancer_controller_assume_role_policy"
          ]
        }
      ]
    },
    {
      "mode": "managed",
      "type": "aws_iam_role",
      "name": "desafio-role-eks-cluster",
      "provider": "provider[\"registry.terraform.io/hashicorp/aws\"]",
      "instances": [
        {
          "schema_version": 0,
          "attributes": {
            "arn": "arn:aws:iam::118102577698:role/Desafio-role-eks-cluster-LucasMenezes",
            "assume_role_policy": "{\"Statement\":[{\"Action\":\"sts:AssumeRole\",\"Effect\":\"Allow\",\"Principal\":{\"Service\":\"eks.amazonaws.com\"}}],\"Version\":\"2012-10-17\"}",
            "create_date": "2025-09-02T22:25:25Z",
            "description": "",
            "force_detach_policies": false,
            "id": "Desafio-role-eks-cluster-LucasMenezes",
            "inline_policy": [],
            "managed_policy_arns": [
              "arn:aws:iam::aws:policy/AmazonEKSClusterPolicy",
              "arn:aws:iam::aws:policy/AmazonEKSServicePolicy"
            ],
            "max_session_duration": 3600,
            "name": "Desafio-role-eks-cluster-LucasMenezes",
            "name_prefix": "",
            "path": "/",
            "permissions_boundary": "",
            "tags": {},
            "tags_all": {},
            "unique_id": "AROARW73WKIRH4L22DZJ4"
          },
          "sensitive_attributes": [],
          "private": "bnVsbA=="
        }
      ]
    },
    {
      "mode": "managed",
      "type": "aws_iam_role",
      "name": "desafio-role-nodes-eks-cluster",
      "provider": "provider[\"registry.terraform.io/hashicorp/aws\"]",
      "instances": [
        {
          "schema_version": 0,
          "attributes": {
            "arn": "arn:aws:iam::118102577698:role/Desafio-role-nodes-cluster-LucasMenezes",
            "assume_role_policy": "{\"Statement\":[{\"Action\":\"sts:AssumeRole\",\"Effect\":\"Allow\",\"Principal\":{\"Service\":\"ec2.amazonaws.com\"}}],\"Version\":\"2012-10-17\"}",
            "create_date": "2025-09-02T22:25:25Z",
            "description": "",
            "force_detach_policies": false,
            "id": "Desafio-role-nodes-cluster-LucasMenezes",
            "inline_policy": [],
            "managed_policy_arns": [
              "arn:aws:iam::aws:policy/AmazonEC2ContainerRegistryReadOnly",
              "arn:aws:iam::aws:policy/AmazonEKSClusterPolicy",
              "arn:aws:iam::aws:policy/AmazonEKSWorkerNodePolicy",
              "arn:aws:iam::aws:policy/AmazonEKS_CNI_Policy"
            ],
            "max_session_duration": 3600,
            "name": "Desafio-role-nodes-cluster-LucasMenezes",
            "name_prefix": "",
            "path": "/",
            "permissions_boundary": "",
            "tags": {},
            "tags_all": {},
            "unique_id": "AROARW73WKIRI4GXQ6WLW"
          },
          "sensitive_attributes": [],
          "private": "bnVsbA=="
        }
      ]
    },
    {
      "mode": "managed",
      "type": "aws_iam_role_policy_attachment",
      "name": "aws_load_balancer_controller_attach",
      "provider": "provider[\"registry.terraform.io/hashicorp/aws\"]",
      "instances": [
        {
          "schema_version": 0,
          "attributes": {
            "id": "Desafio-cluster-eks-LucasMenezes-aws-load-balancer-controller-20250902224034885700000001",
            "policy_arn": "arn:aws:iam::118102577698:policy/Desafio-cluster-eks-LucasMenezes-AWSLoadBalancerControllerIAMPolicy",
            "role": "Desafio-cluster-eks-LucasMenezes-aws-load-balancer-controller"
          },
          "sensitive_attributes": [],
          "private": "bnVsbA==",
          "dependencies": [
            "aws_eks_cluster.desafio-cluster-eks",
            "aws_iam_policy.aws_load_balancer_controller",
            "aws_iam_role.aws_load_balancer_controller",
            "aws_iam_role.desafio-role-eks-cluster",
            "aws_iam_role.desafio-role-nodes-eks-cluster",
            "aws_iam_role_policy_attachment.desafio-attach-eks-cluster-policy",
            "aws_iam_role_policy_attachment.desafio-attach-eks-service-policy",
            "aws_iam_role_policy_attachment.desafio-attach-nodes-EC2-container-registry-readonly-policy",
            "aws_iam_role_policy_attachment.desafio-attach-nodes-EKS-CNI-policy",
            "aws_iam_role_policy_attachment.desafio-attach-nodes-cluster-policy",
            "aws_iam_role_policy_attachment.desafio-attach-nodes-worknode-policy",
            "aws_security_group.desafio-sg-cluster-eks",
            "aws_subnet.desafio-public-subnet-1",
            "aws_subnet.desafio-public-subnet-2",
            "aws_vpc.desafio-vpc",
            "data.aws_eks_cluster.Desafio-cluster-eks-LucasMenezes",
            "data.aws_iam_openid_connect_provider.eks",
            "data.aws_iam_policy_document.aws_load_balancer_controller_assume_role_policy"
          ]
        }
      ]
    },
    {
      "mode": "managed",
      "type": "aws_iam_role_policy_attachment",
      "name": "desafio-attach-eks-cluster-policy",
      "provider": "provider[\"registry.terraform.io/hashicorp/aws\"]",
      "instances": [
        {
          "schema_version": 0,
          "attributes": {
            "id": "Desafio-role-eks-cluster-LucasMenezes-20250902222527062100000006",
            "policy_arn": "arn:aws:iam::aws:policy/AmazonEKSClusterPolicy",
            "role": "Desafio-role-eks-cluster-LucasMenezes"
          },
          "sensitive_attributes": [],
          "private": "bnVsbA==",
          "dependencies": [
            "aws_iam_role.desafio-role-eks-cluster"
          ]
        }
      ]
    },
    {
      "mode": "managed",
      "type": "aws_iam_role_policy_attachment",
      "name": "desafio-attach-eks-service-policy",
      "provider": "provider[\"registry.terraform.io/hashicorp/aws\"]",
      "instances": [
        {
          "schema_version": 0,
          "attributes": {
            "id": "Desafio-role-eks-cluster-LucasMenezes-20250902222527055700000005",
            "policy_arn": "arn:aws:iam::aws:policy/AmazonEKSServicePolicy",
            "role": "Desafio-role-eks-cluster-LucasMenezes"
          },
          "sensitive_attributes": [],
          "private": "bnVsbA==",
          "dependencies": [
            "aws_iam_role.desafio-role-eks-cluster"
          ]
        }
      ]
    },
    {
      "mode": "managed",
      "type": "aws_iam_role_policy_attachment",
      "name": "desafio-attach-nodes-EC2-container-registry-readonly-policy",
      "provider": "provider[\"registry.terraform.io/hashicorp/aws\"]",
      "instances": [
        {
          "schema_version": 0,
          "attributes": {
            "id": "Desafio-role-nodes-cluster-LucasMenezes-20250902222526820700000001",
            "policy_arn": "arn:aws:iam::aws:policy/AmazonEC2ContainerRegistryReadOnly",
            "role": "Desafio-role-nodes-cluster-LucasMenezes"
          },
          "sensitive_attributes": [],
          "private": "bnVsbA==",
          "dependencies": [
            "aws_iam_role.desafio-role-nodes-eks-cluster"
          ]
        }
      ]
    },
    {
      "mode": "managed",
      "type": "aws_iam_role_policy_attachment",
      "name": "desafio-attach-nodes-EKS-CNI-policy",
      "provider": "provider[\"registry.terraform.io/hashicorp/aws\"]",
      "instances": [
        {
          "schema_version": 0,
          "attributes": {
            "id": "Desafio-role-nodes-cluster-LucasMenezes-20250902222527046700000004",
            "policy_arn": "arn:aws:iam::aws:policy/AmazonEKS_CNI_Policy",
            "role": "Desafio-role-nodes-cluster-LucasMenezes"
          },
          "sensitive_attributes": [],
          "private": "bnVsbA==",
          "dependencies": [
            "aws_iam_role.desafio-role-nodes-eks-cluster"
          ]
        }
      ]
    },
    {
      "mode": "managed",
      "type": "aws_iam_role_policy_attachment",
      "name": "desafio-attach-nodes-cluster-policy",
      "provider": "provider[\"registry.terraform.io/hashicorp/aws\"]",
      "instances": [
        {
          "schema_version": 0,
          "attributes": {
            "id": "Desafio-role-nodes-cluster-LucasMenezes-20250902222526825000000002",
            "policy_arn": "arn:aws:iam::aws:policy/AmazonEKSClusterPolicy",
            "role": "Desafio-role-nodes-cluster-LucasMenezes"
          },
          "sensitive_attributes": [],
          "private": "bnVsbA==",
          "dependencies": [
            "aws_iam_role.desafio-role-nodes-eks-cluster"
          ]
        }
      ]
    },
    {
      "mode": "managed",
      "type": "aws_iam_role_policy_attachment",
      "name": "desafio-attach-nodes-worknode-policy",
      "provider": "provider[\"registry.terraform.io/hashicorp/aws\"]",
      "instances": [
        {
          "schema_version": 0,
          "attributes": {
            "id": "Desafio-role-nodes-cluster-LucasMenezes-20250902222526840200000003",
            "policy_arn": "arn:aws:iam::aws:policy/AmazonEKSWorkerNodePolicy",
            "role": "Desafio-role-nodes-cluster-LucasMenezes"
          },
          "sensitive_attributes": [],
          "private": "bnVsbA==",
          "dependencies": [
            "aws_iam_role.desafio-role-nodes-eks-cluster"
          ]
        }
      ]
    },
    {
      "mode": "managed",
      "type": "aws_internet_gateway",
      "name": "desafio-igw",
      "provider": "provider[\"registry.terraform.io/hashicorp/aws\"]",
      "instances": [
        {
          "schema_version": 0,
          "attributes": {
            "arn": "arn:aws:ec2:us-east-2:118102577698:internet-gateway/igw-0f2b9901faa1bbc24",
            "id": "igw-0f2b9901faa1bbc24",
            "owner_id": "118102577698",
            "tags": {
              "Name": "Desafio-Internet-Gateway-LucasMenezes"
            },
            "tags_all": {
              "Name": "Desafio-Internet-Gateway-LucasMenezes"
            },
            "timeouts": null,
            "vpc_id": "vpc-086bc0961c2992e85"
          },
          "sensitive_attributes": [],
          "private": "eyJlMmJmYjczMC1lY2FhLTExZTYtOGY4OC0zNDM2M2JjN2M0YzAiOnsiY3JlYXRlIjoxMjAwMDAwMDAwMDAwLCJkZWxldGUiOjEyMDAwMDAwMDAwMDAsInVwZGF0ZSI6MTIwMDAwMDAwMDAwMH19",
          "dependencies": [
            "aws_vpc.desafio-vpc"
          ]
        }
      ]
    },
    {
      "mode": "managed",
      "type": "aws_route_table",
      "name": "desafio-private-rt",
      "provider": "provider[\"registry.terraform.io/hashicorp/aws\"]",
      "instances": [
        {
          "schema_version": 0,
          "attributes": {
            "arn": "arn:aws:ec2:us-east-2:118102577698:route-table/rtb-0827806afbd5d8593",
            "id": "rtb-0827806afbd5d8593",
            "owner_id": "118102577698",
            "propagating_vgws": [],
            "route": [],
            "tags": {
              "Name": "Desafio-Private-rt-LucasMenezes"
            },
            "tags_all": {
              "Name": "Desafio-Private-rt-LucasMenezes"
            },
            "timeouts": null,
            "vpc_id": "vpc-086bc0961c2992e85"
          },
          "sensitive_attributes": [],
          "private": "eyJlMmJmYjczMC1lY2FhLTExZTYtOGY4OC0zNDM2M2JjN2M0YzAiOnsiY3JlYXRlIjozMDAwMDAwMDAwMDAsImRlbGV0ZSI6MzAwMDAwMDAwMDAwLCJ1cGRhdGUiOjEyMDAwMDAwMDAwMH19",
          "dependencies": [
            "aws_vpc.desafio-vpc"
          ]
        }
      ]
    },
    {
      "mode": "managed",
      "type": "aws_route_table",
      "name": "desafio-public-rt",
      "provider": "provider[\"registry.terraform.io/hashicorp/aws\"]",
      "instances": [
        {
          "schema_version": 0,
          "attributes": {
            "arn": "arn:aws:ec2:us-east-2:118102577698:route-table/rtb-0fc636ffa66b4ad6c",
            "id": "rtb-0fc636ffa66b4ad6c",
            "owner_id": "118102577698",
            "propagating_vgws": [],
            "route": [
              {
                "carrier_gateway_id": "",
                "cidr_block": "0.0.0.0/0",
                "core_network_arn": "",
                "destination_prefix_list_id": "",
                "egress_only_gateway_id": "",
                "gateway_id": "igw-0f2b9901faa1bbc24",
                "ipv6_cidr_block": "",
                "local_gateway_id": "",
                "nat_gateway_id": "",
                "network_interface_id": "",
                "transit_gateway_id": "",
                "vpc_endpoint_id": "",
                "vpc_peering_connection_id": ""
              }
            ],
            "tags": {
              "Name": "Desafio-Public-rt-LucasMenezes"
            },
            "tags_all": {
              "Name": "Desafio-Public-rt-LucasMenezes"
            },
            "timeouts": null,
            "vpc_id": "vpc-086bc0961c2992e85"
          },
          "sensitive_attributes": [],
          "private": "eyJlMmJmYjczMC1lY2FhLTExZTYtOGY4OC0zNDM2M2JjN2M0YzAiOnsiY3JlYXRlIjozMDAwMDAwMDAwMDAsImRlbGV0ZSI6MzAwMDAwMDAwMDAwLCJ1cGRhdGUiOjEyMDAwMDAwMDAwMH19",
          "dependencies": [
            "aws_internet_gateway.desafio-igw",
            "aws_vpc.desafio-vpc"
          ]
        }
      ]
    },
    {
      "mode": "managed",
      "type": "aws_route_table_association",
      "name": "desafio-private-rt-assoc-1",
      "provider": "provider[\"registry.terraform.io/hashicorp/aws\"]",
      "instances": [
        {
          "schema_version": 0,
          "attributes": {
            "gateway_id": "",
            "id": "rtbassoc-0010480ddf11b7758",
            "route_table_id": "rtb-0827806afbd5d8593",
            "subnet_id": "subnet-02f115ed9bed5bddc",
            "timeouts": null
          },
          "sensitive_attributes": [],
          "private": "eyJlMmJmYjczMC1lY2FhLTExZTYtOGY4OC0zNDM2M2JjN2M0YzAiOnsiY3JlYXRlIjozMDAwMDAwMDAwMDAsImRlbGV0ZSI6MzAwMDAwMDAwMDAwLCJ1cGRhdGUiOjEyMDAwMDAwMDAwMH19",
          "dependencies": [
            "aws_route_table.desafio-private-rt",
            "aws_subnet.desafio-private-subnet-1",
            "aws_vpc.desafio-vpc"
          ]
        }
      ]
    },
    {
      "mode": "managed",
      "type": "aws_route_table_association",
      "name": "desafio-private-rt-assoc-2",
      "provider": "provider[\"registry.terraform.io/hashicorp/aws\"]",
      "instances": [
        {
          "schema_version": 0,
          "attributes": {
            "gateway_id": "",
            "id": "rtbassoc-04773d8603d68de45",
            "route_table_id": "rtb-0827806afbd5d8593",
            "subnet_id": "subnet-05963f9f9005b122b",
            "timeouts": null
          },
          "sensitive_attributes": [],
          "private": "eyJlMmJmYjczMC1lY2FhLTExZTYtOGY4OC0zNDM2M2JjN2M0YzAiOnsiY3JlYXRlIjozMDAwMDAwMDAwMDAsImRlbGV0ZSI6MzAwMDAwMDAwMDAwLCJ1cGRhdGUiOjEyMDAwMDAwMDAwMH19",
          "dependencies": [
            "aws_route_table.desafio-private-rt",
            "aws_subnet.desafio-private-subnet-2",
            "aws_vpc.desafio-vpc"
          ]
        }
      ]
    },
    {
      "mode": "managed",
      "type": "aws_route_table_association",
      "name": "desafio-public-rt-assoc-1",
      "provider": "provider[\"registry.terraform.io/hashicorp/aws\"]",
      "instances": [
        {
          "schema_version": 0,
          "attributes": {
            "gateway_id": "",
            "id": "rtbassoc-043d45cf9709a1e9c",
            "route_table_id": "rtb-0fc636ffa66b4ad6c",
            "subnet_id": "subnet-07c0f9cef37f0b6e2",
            "timeouts": null
          },
          "sensitive_attributes": [],
          "private": "eyJlMmJmYjczMC1lY2FhLTExZTYtOGY4OC0zNDM2M2JjN2M0YzAiOnsiY3JlYXRlIjozMDAwMDAwMDAwMDAsImRlbGV0ZSI6MzAwMDAwMDAwMDAwLCJ1cGRhdGUiOjEyMDAwMDAwMDAwMH19",
          "dependencies": [
            "aws_internet_gateway.desafio-igw",
            "aws_route_table.desafio-public-rt",
            "aws_subnet.desafio-public-subnet-1",
            "aws_vpc.desafio-vpc"
          ]
        }
      ]
    },
    {
      "mode": "managed",
      "type": "aws_route_table_association",
      "name": "desafio-public-rt-assoc-2",
      "provider": "provider[\"registry.terraform.io/hashicorp/aws\"]",
      "instances": [
        {
          "schema_version": 0,
          "attributes": {
            "gateway_id": "",
            "id": "rtbassoc-0c66f83160cefc72b",
            "route_table_id": "rtb-0fc636ffa66b4ad6c",
            "subnet_id": "subnet-0b97bbac52aa1b924",
            "timeouts": null
          },
          "sensitive_attributes": [],
          "private": "eyJlMmJmYjczMC1lY2FhLTExZTYtOGY4OC0zNDM2M2JjN2M0YzAiOnsiY3JlYXRlIjozMDAwMDAwMDAwMDAsImRlbGV0ZSI6MzAwMDAwMDAwMDAwLCJ1cGRhdGUiOjEyMDAwMDAwMDAwMH19",
          "dependencies": [
            "aws_internet_gateway.desafio-igw",
            "aws_route_table.desafio-public-rt",
            "aws_subnet.desafio-public-subnet-2",
            "aws_vpc.desafio-vpc"
          ]
        }
      ]
    },
    {
      "mode": "managed",
      "type": "aws_security_group",
      "name": "desafio-sg-cluster-eks",
      "provider": "provider[\"registry.terraform.io/hashicorp/aws\"]",
      "instances": [
        {
          "schema_version": 1,
          "attributes": {
            "arn": "arn:aws:ec2:us-east-2:118102577698:security-group/sg-09bb2f5cb266d5258",
            "description": "AWS sg for terraform",
            "egress": [
              {
                "cidr_blocks": [
                  "0.0.0.0/0"
                ],
                "description": "",
                "from_port": 0,
                "ipv6_cidr_blocks": [],
                "prefix_list_ids": [],
                "protocol": "-1",
                "security_groups": [],
                "self": false,
                "to_port": 0
              }
            ],
            "id": "sg-09bb2f5cb266d5258",
            "ingress": [
              {
                "cidr_blocks": [
                  "128.0.1.0/24",
                  "128.0.2.0/24",
                  "128.0.0.0/16"
                ],
                "description": "",
                "from_port": 1,
                "ipv6_cidr_blocks": [],
                "prefix_list_ids": [],
                "protocol": "tcp",
                "security_groups": [],
                "self": false,
                "to_port": 65365
              }
            ],
            "name": "desafio-sg-cluster-LucasMenezes",
            "name_prefix": "",
            "owner_id": "118102577698",
            "revoke_rules_on_delete": false,
            "tags": {},
            "tags_all": {},
            "timeouts": null,
            "vpc_id": "vpc-086bc0961c2992e85"
          },
          "sensitive_attributes": [],
          "private": "eyJlMmJmYjczMC1lY2FhLTExZTYtOGY4OC0zNDM2M2JjN2M0YzAiOnsiY3JlYXRlIjo2MDAwMDAwMDAwMDAsImRlbGV0ZSI6OTAwMDAwMDAwMDAwfSwic2NoZW1hX3ZlcnNpb24iOiIxIn0=",
          "dependencies": [
            "aws_subnet.desafio-public-subnet-1",
            "aws_subnet.desafio-public-subnet-2",
            "aws_vpc.desafio-vpc"
          ]
        }
      ]
    },
    {
      "mode": "managed",
      "type": "aws_subnet",
      "name": "desafio-private-subnet-1",
      "provider": "provider[\"registry.terraform.io/hashicorp/aws\"]",
      "instances": [
        {
          "schema_version": 1,
          "attributes": {
            "arn": "arn:aws:ec2:us-east-2:118102577698:subnet/subnet-02f115ed9bed5bddc",
            "assign_ipv6_address_on_creation": false,
            "availability_zone": "us-east-2a",
            "availability_zone_id": "use2-az1",
            "cidr_block": "128.0.3.0/24",
            "customer_owned_ipv4_pool": "",
            "enable_dns64": false,
            "enable_lni_at_device_index": 0,
            "enable_resource_name_dns_a_record_on_launch": false,
            "enable_resource_name_dns_aaaa_record_on_launch": false,
            "id": "subnet-02f115ed9bed5bddc",
            "ipv6_cidr_block": "",
            "ipv6_cidr_block_association_id": "",
            "ipv6_native": false,
            "map_customer_owned_ip_on_launch": false,
            "map_public_ip_on_launch": false,
            "outpost_arn": "",
            "owner_id": "118102577698",
            "private_dns_hostname_type_on_launch": "ip-name",
            "tags": {
              "Name": "Desafio-Private-Subnet-1-LucasMenezes"
            },
            "tags_all": {
              "Name": "Desafio-Private-Subnet-1-LucasMenezes"
            },
            "timeouts": null,
            "vpc_id": "vpc-086bc0961c2992e85"
          },
          "sensitive_attributes": [],
          "private": "eyJlMmJmYjczMC1lY2FhLTExZTYtOGY4OC0zNDM2M2JjN2M0YzAiOnsiY3JlYXRlIjo2MDAwMDAwMDAwMDAsImRlbGV0ZSI6MTIwMDAwMDAwMDAwMH0sInNjaGVtYV92ZXJzaW9uIjoiMSJ9",
          "dependencies": [
            "aws_vpc.desafio-vpc"
          ]
        }
      ]
    },
    {
      "mode": "managed",
      "type": "aws_subnet",
      "name": "desafio-private-subnet-2",
      "provider": "provider[\"registry.terraform.io/hashicorp/aws\"]",
      "instances": [
        {
          "schema_version": 1,
          "attributes": {
            "arn": "arn:aws:ec2:us-east-2:118102577698:subnet/subnet-05963f9f9005b122b",
            "assign_ipv6_address_on_creation": false,
            "availability_zone": "us-east-2b",
            "availability_zone_id": "use2-az2",
            "cidr_block": "128.0.4.0/24",
            "customer_owned_ipv4_pool": "",
            "enable_dns64": false,
            "enable_lni_at_device_index": 0,
            "enable_resource_name_dns_a_record_on_launch": false,
            "enable_resource_name_dns_aaaa_record_on_launch": false,
            "id": "subnet-05963f9f9005b122b",
            "ipv6_cidr_block": "",
            "ipv6_cidr_block_association_id": "",
            "ipv6_native": false,
            "map_customer_owned_ip_on_launch": false,
            "map_public_ip_on_launch": false,
            "outpost_arn": "",
            "owner_id": "118102577698",
            "private_dns_hostname_type_on_launch": "ip-name",
            "tags": {
              "Name": "Desafio-Private-Subnet-2-LucasMenezes"
            },
            "tags_all": {
              "Name": "Desafio-Private-Subnet-2-LucasMenezes"
            },
            "timeouts": null,
            "vpc_id": "vpc-086bc0961c2992e85"
          },
          "sensitive_attributes": [],
          "private": "eyJlMmJmYjczMC1lY2FhLTExZTYtOGY4OC0zNDM2M2JjN2M0YzAiOnsiY3JlYXRlIjo2MDAwMDAwMDAwMDAsImRlbGV0ZSI6MTIwMDAwMDAwMDAwMH0sInNjaGVtYV92ZXJzaW9uIjoiMSJ9",
          "dependencies": [
            "aws_vpc.desafio-vpc"
          ]
        }
      ]
    },
    {
      "mode": "managed",
      "type": "aws_subnet",
      "name": "desafio-public-subnet-1",
      "provider": "provider[\"registry.terraform.io/hashicorp/aws\"]",
      "instances": [
        {
          "schema_version": 1,
          "attributes": {
            "arn": "arn:aws:ec2:us-east-2:118102577698:subnet/subnet-07c0f9cef37f0b6e2",
            "assign_ipv6_address_on_creation": false,
            "availability_zone": "us-east-2a",
            "availability_zone_id": "use2-az1",
            "cidr_block": "128.0.1.0/24",
            "customer_owned_ipv4_pool": "",
            "enable_dns64": false,
            "enable_lni_at_device_index": 0,
            "enable_resource_name_dns_a_record_on_launch": false,
            "enable_resource_name_dns_aaaa_record_on_launch": false,
            "id": "subnet-07c0f9cef37f0b6e2",
            "ipv6_cidr_block": "",
            "ipv6_cidr_block_association_id": "",
            "ipv6_native": false,
            "map_customer_owned_ip_on_launch": false,
            "map_public_ip_on_launch": true,
            "outpost_arn": "",
            "owner_id": "118102577698",
            "private_dns_hostname_type_on_launch": "ip-name",
            "tags": {
              "Name": "Desafio-Public-Subnet-1-LucasMenezes"
            },
            "tags_all": {
              "Name": "Desafio-Public-Subnet-1-LucasMenezes"
            },
            "timeouts": null,
            "vpc_id": "vpc-086bc0961c2992e85"
          },
          "sensitive_attributes": [],
          "private": "eyJlMmJmYjczMC1lY2FhLTExZTYtOGY4OC0zNDM2M2JjN2M0YzAiOnsiY3JlYXRlIjo2MDAwMDAwMDAwMDAsImRlbGV0ZSI6MTIwMDAwMDAwMDAwMH0sInNjaGVtYV92ZXJzaW9uIjoiMSJ9",
          "dependencies": [
            "aws_vpc.desafio-vpc"
          ]
        }
      ]
    },
    {
      "mode": "managed",
      "type": "aws_subnet",
      "name": "desafio-public-subnet-2",
      "provider": "provider[\"registry.terraform.io/hashicorp/aws\"]",
      "instances": [
        {
          "schema_version": 1,
          "attributes": {
            "arn": "arn:aws:ec2:us-east-2:118102577698:subnet/subnet-0b97bbac52aa1b924",
            "assign_ipv6_address_on_creation": false,
            "availability_zone": "us-east-2b",
            "availability_zone_id": "use2-az2",
            "cidr_block": "128.0.2.0/24",
            "customer_owned_ipv4_pool": "",
            "enable_dns64": false,
            "enable_lni_at_device_index": 0,
            "enable_resource_name_dns_a_record_on_launch": false,
            "enable_resource_name_dns_aaaa_record_on_launch": false,
            "id": "subnet-0b97bbac52aa1b924",
            "ipv6_cidr_block": "",
            "ipv6_cidr_block_association_id": "",
            "ipv6_native": false,
            "map_customer_owned_ip_on_launch": false,
            "map_public_ip_on_launch": true,
            "outpost_arn": "",
            "owner_id": "118102577698",
            "private_dns_hostname_type_on_launch": "ip-name",
            "tags": {
              "Name": "Desafio-Public-Subnet-2-LucasMenezes"
            },
            "tags_all": {
              "Name": "Desafio-Public-Subnet-2-LucasMenezes"
            },
            "timeouts": null,
            "vpc_id": "vpc-086bc0961c2992e85"
          },
          "sensitive_attributes": [],
          "private": "eyJlMmJmYjczMC1lY2FhLTExZTYtOGY4OC0zNDM2M2JjN2M0YzAiOnsiY3JlYXRlIjo2MDAwMDAwMDAwMDAsImRlbGV0ZSI6MTIwMDAwMDAwMDAwMH0sInNjaGVtYV92ZXJzaW9uIjoiMSJ9",
          "dependencies": [
            "aws_vpc.desafio-vpc"
          ]
        }
      ]
    },
    {
      "mode": "managed",
      "type": "aws_vpc",
      "name": "desafio-vpc",
      "provider": "provider[\"registry.terraform.io/hashicorp/aws\"]",
      "instances": [
        {
          "schema_version": 1,
          "attributes": {
            "arn": "arn:aws:ec2:us-east-2:118102577698:vpc/vpc-086bc0961c2992e85",
            "assign_generated_ipv6_cidr_block": false,
            "cidr_block": "128.0.0.0/16",
            "default_network_acl_id": "acl-005e63998e575e06e",
            "default_route_table_id": "rtb-00fd974cfc6d89cf0",
            "default_security_group_id": "sg-031968cafe38a5604",
            "dhcp_options_id": "dopt-f89d0e91",
            "enable_dns_hostnames": false,
            "enable_dns_support": true,
            "enable_network_address_usage_metrics": false,
            "id": "vpc-086bc0961c2992e85",
            "instance_tenancy": "default",
            "ipv4_ipam_pool_id": null,
            "ipv4_netmask_length": null,
            "ipv6_association_id": "",
            "ipv6_cidr_block": "",
            "ipv6_cidr_block_network_border_group": "",
            "ipv6_ipam_pool_id": "",
            "ipv6_netmask_length": 0,
            "main_route_table_id": "rtb-00fd974cfc6d89cf0",
            "owner_id": "118102577698",
            "tags": {
              "Name": "Desafio-VPC-LucaMenezes"
            },
            "tags_all": {
              "Name": "Desafio-VPC-LucaMenezes"
            }
          },
          "sensitive_attributes": [],
          "private": "eyJzY2hlbWFfdmVyc2lvbiI6IjEifQ=="
        }
      ]
    },
    {
      "mode": "managed",
      "type": "helm_release",
      "name": "nginx_ingress",
      "provider": "provider[\"registry.terraform.io/hashicorp/helm\"]",
      "instances": [
        {
          "schema_version": 1,
          "attributes": {
            "atomic": false,
            "chart": "ingress-nginx",
            "cleanup_on_fail": false,
            "create_namespace": false,
            "dependency_update": false,
            "description": null,
            "devel": null,
            "disable_crd_hooks": false,
            "disable_openapi_validation": false,
            "disable_webhooks": false,
            "force_update": false,
            "id": "ingress-nginx",
            "keyring": null,
            "lint": false,
            "manifest": null,
            "max_history": 0,
            "metadata": [
              {
                "app_version": "1.9.4",
                "chart": "ingress-nginx",
                "first_deployed": 1756852374,
                "last_deployed": 1756852374,
                "name": "ingress-nginx",
                "namespace": "default",
                "notes": "The ingress-nginx controller has been installed.\nIt may take a few minutes for the LoadBalancer IP to be available.\nYou can watch the status by running 'kubectl --namespace default get services -o wide -w ingress-nginx-controller'\n\nAn example Ingress that makes use of the controller:\n  apiVersion: networking.k8s.io/v1\n  kind: Ingress\n  metadata:\n    name: example\n    namespace: foo\n  spec:\n    ingressClassName: nginx\n    rules:\n      - host: www.example.com\n        http:\n          paths:\n            - pathType: Prefix\n              backend:\n                service:\n                  name: exampleService\n                  port:\n                    number: 80\n              path: /\n    # This section is only required if TLS is to be enabled for the Ingress\n    tls:\n      - hosts:\n        - www.example.com\n        secretName: example-tls\n\nIf TLS is enabled for the Ingress, a Secret containing the certificate and key must also be provided:\n\n  apiVersion: v1\n  kind: Secret\n  metadata:\n    name: example-tls\n    namespace: foo\n  data:\n    tls.crt: \u003cbase64 encoded cert\u003e\n    tls.key: \u003cbase64 encoded key\u003e\n  type: kubernetes.io/tls\n",
                "revision": 1,
                "values": "{\"controller\":{\"affinity\":{\"podAntiAffinity\":{\"requiredDuringSchedulingIgnoredDuringExecution\":[{\"labelSelector\":{\"matchLabels\":{\"app.kubernetes.io/component\":\"controller\",\"app.kubernetes.io/instance\":\"ingress-nginx\",\"app.kubernetes.io/name\":\"ingress-nginx\"}},\"topologyKey\":\"kubernetes.io/hostname\"}]}},\"autoscaling\":{\"enabled\":true,\"maxReplicas\":10,\"minReplicas\":2,\"targetCPUUtilizationPercentage\":70,\"targetMemoryUtilizationPercentage\":70},\"config\":{\"enable-real-ip\":\"true\",\"keep-alive\":\"75\",\"keep-alive-requests\":\"1000\",\"log-format-escape-json\":\"true\",\"log-format-upstream\":\"{\\\"bytes_sent\\\":\\\"$bytes_sent\\\",\\\"duration\\\":\\\"$request_time\\\",\\\"http_referrer\\\":\\\"$http_referer\\\",\\\"http_user_agent\\\":\\\"$http_user_agent\\\",\\\"method\\\":\\\"$request_method\\\",\\\"path\\\":\\\"$uri\\\",\\\"remote_addr\\\":\\\"$remote_addr\\\",\\\"remote_user\\\":\\\"$remote_user\\\",\\\"request_id\\\":\\\"$req_id\\\",\\\"request_length\\\":\\\"$request_length\\\",\\\"request_proto\\\":\\\"$server_protocol\\\",\\\"request_query\\\":\\\"$args\\\",\\\"request_time\\\":\\\"$request_time\\\",\\\"status\\\":\\\"$status\\\",\\\"time\\\":\\\"$time_iso8601\\\",\\\"upstream_addr\\\":\\\"$upstream_addr\\\",\\\"upstream_response_time\\\":\\\"$upstream_response_time\\\",\\\"upstream_status\\\":\\\"$upstream_status\\\",\\\"vhost\\\":\\\"$host\\\",\\\"x_forwarded_for\\\":\\\"$proxy_add_x_forwarded_for\\\"}\",\"max-worker-connections\":\"65536\",\"proxy-real-ip-cidr\":\"0.0.0.0/0\",\"upstream-keepalive-connections\":\"50\",\"upstream-keepalive-requests\":\"1000\",\"upstream-keepalive-timeout\":\"60\",\"use-forwarded-headers\":\"true\",\"worker-processes\":\"auto\"},\"metrics\":{\"enabled\":true,\"serviceMonitor\":{\"enabled\":false}},\"replicaCount\":2,\"resources\":{\"limits\":{\"cpu\":\"200m\",\"memory\":\"256Mi\"},\"requests\":{\"cpu\":\"100m\",\"memory\":\"128Mi\"}},\"service\":{\"annotations\":{\"service.beta.kubernetes.io/aws-load-balancer-backend-protocol\":\"tcp\",\"service.beta.kubernetes.io/aws-load-balancer-cross-zone-load-balancing-enabled\":\"true\",\"service.beta.kubernetes.io/aws-load-balancer-scheme\":\"internet-facing\",\"service.beta.kubernetes.io/aws-load-balancer-type\":\"nlb\"},\"ports\":{\"http\":80,\"https\":443},\"targetPorts\":{\"http\":\"http\",\"https\":\"https\"},\"type\":\"LoadBalancer\"}},\"defaultBackend\":{\"enabled\":true,\"image\":{\"repository\":\"registry.k8s.io/defaultbackend-amd64\",\"tag\":\"1.5\"},\"resources\":{\"limits\":{\"cpu\":\"10m\",\"memory\":\"20Mi\"},\"requests\":{\"cpu\":\"10m\",\"memory\":\"20Mi\"}}}}",
                "version": "4.8.3"
              }
            ],
            "name": "ingress-nginx",
            "namespace": "default",
            "pass_credentials": false,
            "postrender": [],
            "recreate_pods": false,
            "render_subchart_notes": true,
            "replace": false,
            "repository": "https://kubernetes.github.io/ingress-nginx",
            "repository_ca_file": null,
            "repository_cert_file": null,
            "repository_key_file": null,
            "repository_password": null,
            "repository_username": null,
            "reset_values": false,
            "reuse_values": false,
            "set": [],
            "set_list": [],
            "set_sensitive": [],
            "skip_crds": false,
            "status": "deployed",
            "timeout": 300,
            "upgrade_install": null,
            "values": [
              "\"controller\":\n  \"affinity\":\n    \"podAntiAffinity\":\n      \"requiredDuringSchedulingIgnoredDuringExecution\":\n      - \"labelSelector\":\n          \"matchLabels\":\n            \"app.kubernetes.io/component\": \"controller\"\n            \"app.kubernetes.io/instance\": \"ingress-nginx\"\n            \"app.kubernetes.io/name\": \"ingress-nginx\"\n        \"topologyKey\": \"kubernetes.io/hostname\"\n  \"autoscaling\":\n    \"enabled\": true\n    \"maxReplicas\": 10\n    \"minReplicas\": 2\n    \"targetCPUUtilizationPercentage\": 70\n    \"targetMemoryUtilizationPercentage\": 70\n  \"config\":\n    \"enable-real-ip\": \"true\"\n    \"keep-alive\": \"75\"\n    \"keep-alive-requests\": \"1000\"\n    \"log-format-escape-json\": \"true\"\n    \"log-format-upstream\": \"{\\\"bytes_sent\\\":\\\"$bytes_sent\\\",\\\"duration\\\":\\\"$request_time\\\",\\\"http_referrer\\\":\\\"$http_referer\\\",\\\"http_user_agent\\\":\\\"$http_user_agent\\\",\\\"method\\\":\\\"$request_method\\\",\\\"path\\\":\\\"$uri\\\",\\\"remote_addr\\\":\\\"$remote_addr\\\",\\\"remote_user\\\":\\\"$remote_user\\\",\\\"request_id\\\":\\\"$req_id\\\",\\\"request_length\\\":\\\"$request_length\\\",\\\"request_proto\\\":\\\"$server_protocol\\\",\\\"request_query\\\":\\\"$args\\\",\\\"request_time\\\":\\\"$request_time\\\",\\\"status\\\":\\\"$status\\\",\\\"time\\\":\\\"$time_iso8601\\\",\\\"upstream_addr\\\":\\\"$upstream_addr\\\",\\\"upstream_response_time\\\":\\\"$upstream_response_time\\\",\\\"upstream_status\\\":\\\"$upstream_status\\\",\\\"vhost\\\":\\\"$host\\\",\\\"x_forwarded_for\\\":\\\"$proxy_add_x_forwarded_for\\\"}\"\n    \"max-worker-connections\": \"65536\"\n    \"proxy-real-ip-cidr\": \"0.0.0.0/0\"\n    \"upstream-keepalive-connections\": \"50\"\n    \"upstream-keepalive-requests\": \"1000\"\n    \"upstream-keepalive-timeout\": \"60\"\n    \"use-forwarded-headers\": \"true\"\n    \"worker-processes\": \"auto\"\n  \"metrics\":\n    \"enabled\": true\n    \"serviceMonitor\":\n      \"enabled\": false\n  \"replicaCount\": 2\n  \"resources\":\n    \"limits\":\n      \"cpu\": \"200m\"\n      \"memory\": \"256Mi\"\n    \"requests\":\n      \"cpu\": \"100m\"\n      \"memory\": \"128Mi\"\n  \"service\":\n    \"annotations\":\n      \"service.beta.kubernetes.io/aws-load-balancer-backend-protocol\": \"tcp\"\n      \"service.beta.kubernetes.io/aws-load-balancer-cross-zone-load-balancing-enabled\": \"true\"\n      \"service.beta.kubernetes.io/aws-load-balancer-scheme\": \"internet-facing\"\n      \"service.beta.kubernetes.io/aws-load-balancer-type\": \"nlb\"\n    \"ports\":\n      \"http\": 80\n      \"https\": 443\n    \"targetPorts\":\n      \"http\": \"http\"\n      \"https\": \"https\"\n    \"type\": \"LoadBalancer\"\n\"defaultBackend\":\n  \"enabled\": true\n  \"image\":\n    \"repository\": \"registry.k8s.io/defaultbackend-amd64\"\n    \"tag\": \"1.5\"\n  \"resources\":\n    \"limits\":\n      \"cpu\": \"10m\"\n      \"memory\": \"20Mi\"\n    \"requests\":\n      \"cpu\": \"10m\"\n      \"memory\": \"20Mi\"\n"
            ],
            "verify": false,
            "version": "4.8.3",
            "wait": true,
            "wait_for_jobs": false
          },
          "sensitive_attributes": [
            [
              {
                "type": "get_attr",
                "value": "repository_password"
              }
            ]
          ],
          "private": "eyJzY2hlbWFfdmVyc2lvbiI6IjEifQ==",
          "dependencies": [
            "aws_eks_cluster.desafio-cluster-eks",
            "aws_iam_role.desafio-role-eks-cluster",
            "aws_iam_role.desafio-role-nodes-eks-cluster",
            "aws_iam_role_policy_attachment.desafio-attach-eks-cluster-policy",
            "aws_iam_role_policy_attachment.desafio-attach-eks-service-policy",
            "aws_iam_role_policy_attachment.desafio-attach-nodes-EC2-container-registry-readonly-policy",
            "aws_iam_role_policy_attachment.desafio-attach-nodes-EKS-CNI-policy",
            "aws_iam_role_policy_attachment.desafio-attach-nodes-cluster-policy",
            "aws_iam_role_policy_attachment.desafio-attach-nodes-worknode-policy",
            "aws_security_group.desafio-sg-cluster-eks",
            "aws_subnet.desafio-public-subnet-1",
            "aws_subnet.desafio-public-subnet-2",
            "aws_vpc.desafio-vpc",
            "data.aws_eks_cluster.Desafio-cluster-eks-LucasMenezes",
            "data.aws_eks_cluster_auth.Desafio-cluster-eks-LucasMenezes-auth"
          ]
        }
      ]
    }
  ],
  "check_results": null
}
